// !$*UTF8*$!
{
	archiveVersion = 1;
	classes = {
	};
	objectVersion = 74;
	objects = {

/* Begin PBXBuildFile section */
		722E2E852B65F86B00E4832E /* Mixpanel in Frameworks */ = {isa = PBXBuildFile; productRef = 722E2E842B65F86B00E4832E /* Mixpanel */; };
		722E2E8C2B65FDFC00E4832E /* Mixpanel in Frameworks */ = {isa = PBXBuildFile; productRef = 722E2E8B2B65FDFC00E4832E /* Mixpanel */; };
		722E2E8E2B65FE0400E4832E /* Mixpanel in Frameworks */ = {isa = PBXBuildFile; productRef = 722E2E8D2B65FE0400E4832E /* Mixpanel */; };
		724BD92A2AB4063A008C1DB2 /* Cache in Frameworks */ = {isa = PBXBuildFile; productRef = 724BD9292AB4063A008C1DB2 /* Cache */; };
		725FE1EF251D3983004B2907 /* WidgetKit.framework in Frameworks */ = {isa = PBXBuildFile; fileRef = 725FE1EE251D3983004B2907 /* WidgetKit.framework */; platformFilter = ios; };
		725FE1F1251D3983004B2907 /* SwiftUI.framework in Frameworks */ = {isa = PBXBuildFile; fileRef = 725FE1F0251D3983004B2907 /* SwiftUI.framework */; };
		725FE1FD251D3988004B2907 /* SubscriberCountExtension.appex in Embed Foundation Extensions */ = {isa = PBXBuildFile; fileRef = 725FE1EC251D3983004B2907 /* SubscriberCountExtension.appex */; settings = {ATTRIBUTES = (RemoveHeadersOnCopy, ); }; };
		728683C225DA44AE00568034 /* Intents.framework in Frameworks */ = {isa = PBXBuildFile; fileRef = 728683C125DA44AE00568034 /* Intents.framework */; };
		728683DA25DA44AE00568034 /* SubWidgetIntents.appex in Embed Foundation Extensions */ = {isa = PBXBuildFile; fileRef = 728683C025DA44AE00568034 /* SubWidgetIntents.appex */; settings = {ATTRIBUTES = (RemoveHeadersOnCopy, ); }; };
		72B936F82AB40BC500997D20 /* Cache in Frameworks */ = {isa = PBXBuildFile; productRef = 72B936F72AB40BC500997D20 /* Cache */; };
		72B936FA2AB40BC900997D20 /* Cache in Frameworks */ = {isa = PBXBuildFile; productRef = 72B936F92AB40BC900997D20 /* Cache */; };
		72F2EE222B2D6128002AFCEA /* WishKit in Frameworks */ = {isa = PBXBuildFile; productRef = 72F2EE212B2D6128002AFCEA /* WishKit */; };
/* End PBXBuildFile section */

/* Begin PBXContainerItemProxy section */
		725FE1FB251D3988004B2907 /* PBXContainerItemProxy */ = {
			isa = PBXContainerItemProxy;
			containerPortal = 7292FFFA251D1F3D0050194B /* Project object */;
			proxyType = 1;
			remoteGlobalIDString = 725FE1EB251D3983004B2907;
			remoteInfo = SubscriberCountExtension;
		};
		728683D825DA44AE00568034 /* PBXContainerItemProxy */ = {
			isa = PBXContainerItemProxy;
			containerPortal = 7292FFFA251D1F3D0050194B /* Project object */;
			proxyType = 1;
			remoteGlobalIDString = 728683BF25DA44AE00568034;
			remoteInfo = SubWidgetIntents;
		};
/* End PBXContainerItemProxy section */

/* Begin PBXCopyFilesBuildPhase section */
		725FE1FE251D3988004B2907 /* Embed Foundation Extensions */ = {
			isa = PBXCopyFilesBuildPhase;
			buildActionMask = 2147483647;
			dstPath = "";
			dstSubfolderSpec = 13;
			files = (
				725FE1FD251D3988004B2907 /* SubscriberCountExtension.appex in Embed Foundation Extensions */,
				728683DA25DA44AE00568034 /* SubWidgetIntents.appex in Embed Foundation Extensions */,
			);
			name = "Embed Foundation Extensions";
			runOnlyForDeploymentPostprocessing = 0;
		};
/* End PBXCopyFilesBuildPhase section */

/* Begin PBXFileReference section */
		725FE1EC251D3983004B2907 /* SubscriberCountExtension.appex */ = {isa = PBXFileReference; explicitFileType = "wrapper.app-extension"; includeInIndex = 0; path = SubscriberCountExtension.appex; sourceTree = BUILT_PRODUCTS_DIR; };
		725FE1EE251D3983004B2907 /* WidgetKit.framework */ = {isa = PBXFileReference; lastKnownFileType = wrapper.framework; name = WidgetKit.framework; path = System/Library/Frameworks/WidgetKit.framework; sourceTree = SDKROOT; };
		725FE1F0251D3983004B2907 /* SwiftUI.framework */ = {isa = PBXFileReference; lastKnownFileType = wrapper.framework; name = SwiftUI.framework; path = System/Library/Frameworks/SwiftUI.framework; sourceTree = SDKROOT; };
		728683C025DA44AE00568034 /* SubWidgetIntents.appex */ = {isa = PBXFileReference; explicitFileType = "wrapper.app-extension"; includeInIndex = 0; path = SubWidgetIntents.appex; sourceTree = BUILT_PRODUCTS_DIR; };
		728683C125DA44AE00568034 /* Intents.framework */ = {isa = PBXFileReference; lastKnownFileType = wrapper.framework; name = Intents.framework; path = System/Library/Frameworks/Intents.framework; sourceTree = SDKROOT; };
		728683CC25DA44AE00568034 /* IntentsUI.framework */ = {isa = PBXFileReference; lastKnownFileType = wrapper.framework; name = IntentsUI.framework; path = System/Library/Frameworks/IntentsUI.framework; sourceTree = SDKROOT; };
		72920002251D1F3D0050194B /* SubWidget.app */ = {isa = PBXFileReference; explicitFileType = wrapper.application; includeInIndex = 0; path = SubWidget.app; sourceTree = BUILT_PRODUCTS_DIR; };
		72EFF4AF25201CAB007E1FA6 /* SubscriberCountExtension.entitlements */ = {isa = PBXFileReference; lastKnownFileType = text.plist.entitlements; path = SubscriberCountExtension.entitlements; sourceTree = "<group>"; };
/* End PBXFileReference section */

/* Begin PBXFileSystemSynchronizedBuildFileExceptionSet section */
		72AFB3532F2FF1C400C4774A /* PBXFileSystemSynchronizedBuildFileExceptionSet */ = {
			isa = PBXFileSystemSynchronizedBuildFileExceptionSet;
			membershipExceptions = (
				/Localized/WidgetIntents.intentdefinition,
				Info.plist,
			);
			target = 72920001251D1F3D0050194B /* SubscriberWidget */;
		};
		72AFB3552F2FF1C400C4774A /* PBXFileSystemSynchronizedBuildFileExceptionSet */ = {
			isa = PBXFileSystemSynchronizedBuildFileExceptionSet;
			membershipExceptions = (
				Constants.swift,
				Model/Channel.swift,
				Model/ChannelID.swift,
				Model/Extensions.swift,
				Model/FAQItem.swift,
				Model/RefreshFrequencies.swift,
				Model/Response.swift,
				Model/Subscribers.swift,
				Model/SubWidgetError.swift,
				Model/YouTubeChannel.swift,
				Services/AnalyticsService.swift,
				Services/ChannelStorageService.swift,
				Services/ChannelStorageServiceProtocol.swift,
				Services/SubscriptionService.swift,
				Services/SubscriptionServiceProtocol.swift,
				Services/YouTubeService.swift,
				Services/YouTubeServiceProtocol.swift,
				ViewModel/ViewModel.swift,
			);
			target = 728683BF25DA44AE00568034 /* SubWidgetIntents */;
		};
		72AFB3572F2FF1C400C4774A /* PBXFileSystemSynchronizedBuildFileExceptionSet */ = {
			isa = PBXFileSystemSynchronizedBuildFileExceptionSet;
			membershipExceptions = (
				Constants.swift,
				Model/Channel.swift,
				Model/ChannelID.swift,
				Model/Extensions.swift,
				Model/FAQItem.swift,
				Model/RefreshFrequencies.swift,
				Model/Response.swift,
				Model/Subscribers.swift,
				Model/SubWidgetError.swift,
				Model/YouTubeChannel.swift,
				Services/AnalyticsService.swift,
				Services/ChannelStorageService.swift,
				Services/ChannelStorageServiceProtocol.swift,
				Services/SubscriptionService.swift,
				Services/SubscriptionServiceProtocol.swift,
				Services/YouTubeService.swift,
				Services/YouTubeServiceProtocol.swift,
				View/CustomizeWidgetView/AsyncImageView.swift,
				ViewModel/ViewModel.swift,
			);
			target = 725FE1EB251D3983004B2907 /* SubscriberCountExtension */;
		};
		72AFB3A02F2FF1C900C4774A /* PBXFileSystemSynchronizedBuildFileExceptionSet */ = {
			isa = PBXFileSystemSynchronizedBuildFileExceptionSet;
			membershipExceptions = (
				/Localized/InfoPlist.strings,
				/Localized/SubscriberCount.intentdefinition,
				Assets.xcassets,
				Info.plist,
				Localizable.xcstrings,
				SubscriberCountWidget.swift,
				ViewCountWidget.swift,
				WidgetBundle.swift,
			);
			target = 72920001251D1F3D0050194B /* SubscriberWidget */;
		};
		72AFB3A22F2FF1C900C4774A /* PBXFileSystemSynchronizedBuildFileExceptionSet */ = {
			isa = PBXFileSystemSynchronizedBuildFileExceptionSet;
			membershipExceptions = (
				Utils.swift,
			);
			target = 728683BF25DA44AE00568034 /* SubWidgetIntents */;
		};
		72AFB3A32F2FF1C900C4774A /* PBXFileSystemSynchronizedBuildFileExceptionSet */ = {
			isa = PBXFileSystemSynchronizedBuildFileExceptionSet;
			membershipExceptions = (
				/Localized/SubscriberCount.intentdefinition,
				Info.plist,
			);
			target = 725FE1EB251D3983004B2907 /* SubscriberCountExtension */;
		};
		72AFB3BC2F2FF1CD00C4774A /* PBXFileSystemSynchronizedBuildFileExceptionSet */ = {
			isa = PBXFileSystemSynchronizedBuildFileExceptionSet;
			membershipExceptions = (
				Info.plist,
			);
			target = 728683BF25DA44AE00568034 /* SubWidgetIntents */;
		};
/* End PBXFileSystemSynchronizedBuildFileExceptionSet section */

/* Begin PBXFileSystemSynchronizedGroupBuildPhaseMembershipExceptionSet section */
		72AFB3542F2FF1C400C4774A /* PBXFileSystemSynchronizedGroupBuildPhaseMembershipExceptionSet */ = {
			isa = PBXFileSystemSynchronizedGroupBuildPhaseMembershipExceptionSet;
			buildPhase = 7292FFFE251D1F3D0050194B /* Sources */;
			membershipExceptions = (
				/Localized/WidgetIntents.intentdefinition,
			);
		};
		72AFB3562F2FF1C400C4774A /* PBXFileSystemSynchronizedGroupBuildPhaseMembershipExceptionSet */ = {
			isa = PBXFileSystemSynchronizedGroupBuildPhaseMembershipExceptionSet;
			buildPhase = 728683BC25DA44AE00568034 /* Sources */;
			membershipExceptions = (
				/Localized/WidgetIntents.intentdefinition,
			);
		};
		72AFB3582F2FF1C400C4774A /* PBXFileSystemSynchronizedGroupBuildPhaseMembershipExceptionSet */ = {
			isa = PBXFileSystemSynchronizedGroupBuildPhaseMembershipExceptionSet;
			buildPhase = 725FE1E8251D3983004B2907 /* Sources */;
			membershipExceptions = (
				/Localized/WidgetIntents.intentdefinition,
			);
		};
		72AFB3A12F2FF1C900C4774A /* PBXFileSystemSynchronizedGroupBuildPhaseMembershipExceptionSet */ = {
			isa = PBXFileSystemSynchronizedGroupBuildPhaseMembershipExceptionSet;
			buildPhase = 7292FFFE251D1F3D0050194B /* Sources */;
			membershipExceptions = (
				/Localized/SubscriberCount.intentdefinition,
			);
		};
		72AFB3A42F2FF1C900C4774A /* PBXFileSystemSynchronizedGroupBuildPhaseMembershipExceptionSet */ = {
			isa = PBXFileSystemSynchronizedGroupBuildPhaseMembershipExceptionSet;
			buildPhase = 725FE1E8251D3983004B2907 /* Sources */;
			membershipExceptions = (
				/Localized/SubscriberCount.intentdefinition,
			);
		};
/* End PBXFileSystemSynchronizedGroupBuildPhaseMembershipExceptionSet section */

/* Begin PBXFileSystemSynchronizedRootGroup section */
		72AFB2F22F2FF1C400C4774A /* SubscriberWidget */ = {isa = PBXFileSystemSynchronizedRootGroup; exceptions = (72AFB3532F2FF1C400C4774A /* PBXFileSystemSynchronizedBuildFileExceptionSet */, 72AFB3542F2FF1C400C4774A /* PBXFileSystemSynchronizedGroupBuildPhaseMembershipExceptionSet */, 72AFB3552F2FF1C400C4774A /* PBXFileSystemSynchronizedBuildFileExceptionSet */, 72AFB3562F2FF1C400C4774A /* PBXFileSystemSynchronizedGroupBuildPhaseMembershipExceptionSet */, 72AFB3572F2FF1C400C4774A /* PBXFileSystemSynchronizedBuildFileExceptionSet */, 72AFB3582F2FF1C400C4774A /* PBXFileSystemSynchronizedGroupBuildPhaseMembershipExceptionSet */, ); explicitFileTypes = {}; explicitFolders = (); path = SubscriberWidget; sourceTree = "<group>"; };
		72AFB37A2F2FF1C800C4774A /* SubscriberCount */ = {isa = PBXFileSystemSynchronizedRootGroup; exceptions = (72AFB3A02F2FF1C900C4774A /* PBXFileSystemSynchronizedBuildFileExceptionSet */, 72AFB3A12F2FF1C900C4774A /* PBXFileSystemSynchronizedGroupBuildPhaseMembershipExceptionSet */, 72AFB3A22F2FF1C900C4774A /* PBXFileSystemSynchronizedBuildFileExceptionSet */, 72AFB3A32F2FF1C900C4774A /* PBXFileSystemSynchronizedBuildFileExceptionSet */, 72AFB3A42F2FF1C900C4774A /* PBXFileSystemSynchronizedGroupBuildPhaseMembershipExceptionSet */, ); explicitFileTypes = {}; explicitFolders = (); path = SubscriberCount; sourceTree = "<group>"; };
		72AFB3B72F2FF1CD00C4774A /* SubWidgetIntents */ = {isa = PBXFileSystemSynchronizedRootGroup; exceptions = (72AFB3BC2F2FF1CD00C4774A /* PBXFileSystemSynchronizedBuildFileExceptionSet */, ); explicitFileTypes = {}; explicitFolders = (); path = SubWidgetIntents; sourceTree = "<group>"; };
/* End PBXFileSystemSynchronizedRootGroup section */

/* Begin PBXFrameworksBuildPhase section */
		725FE1E9251D3983004B2907 /* Frameworks */ = {
			isa = PBXFrameworksBuildPhase;
			buildActionMask = 2147483647;
			files = (
				72B936FA2AB40BC900997D20 /* Cache in Frameworks */,
				725FE1F1251D3983004B2907 /* SwiftUI.framework in Frameworks */,
				722E2E8C2B65FDFC00E4832E /* Mixpanel in Frameworks */,
				725FE1EF251D3983004B2907 /* WidgetKit.framework in Frameworks */,
			);
			runOnlyForDeploymentPostprocessing = 0;
		};
		728683BD25DA44AE00568034 /* Frameworks */ = {
			isa = PBXFrameworksBuildPhase;
			buildActionMask = 2147483647;
			files = (
				722E2E8E2B65FE0400E4832E /* Mixpanel in Frameworks */,
				728683C225DA44AE00568034 /* Intents.framework in Frameworks */,
				72B936F82AB40BC500997D20 /* Cache in Frameworks */,
			);
			runOnlyForDeploymentPostprocessing = 0;
		};
		7292FFFF251D1F3D0050194B /* Frameworks */ = {
			isa = PBXFrameworksBuildPhase;
			buildActionMask = 2147483647;
			files = (
				722E2E852B65F86B00E4832E /* Mixpanel in Frameworks */,
				72F2EE222B2D6128002AFCEA /* WishKit in Frameworks */,
				724BD92A2AB4063A008C1DB2 /* Cache in Frameworks */,
			);
			runOnlyForDeploymentPostprocessing = 0;
		};
/* End PBXFrameworksBuildPhase section */

/* Begin PBXGroup section */
		725FE1ED251D3983004B2907 /* Frameworks */ = {
			isa = PBXGroup;
			children = (
				725FE1EE251D3983004B2907 /* WidgetKit.framework */,
				725FE1F0251D3983004B2907 /* SwiftUI.framework */,
				728683C125DA44AE00568034 /* Intents.framework */,
				728683CC25DA44AE00568034 /* IntentsUI.framework */,
			);
			name = Frameworks;
			sourceTree = "<group>";
		};
		72920003251D1F3D0050194B /* Products */ = {
			isa = PBXGroup;
			children = (
				72920002251D1F3D0050194B /* SubWidget.app */,
				725FE1EC251D3983004B2907 /* SubscriberCountExtension.appex */,
				728683C025DA44AE00568034 /* SubWidgetIntents.appex */,
			);
			name = Products;
			sourceTree = "<group>";
		};
		7292FFF9251D1F3D0050194B = {
			isa = PBXGroup;
			children = (
				72EFF4AF25201CAB007E1FA6 /* SubscriberCountExtension.entitlements */,
				72AFB2F22F2FF1C400C4774A /* SubscriberWidget */,
				72AFB37A2F2FF1C800C4774A /* SubscriberCount */,
				72AFB3B72F2FF1CD00C4774A /* SubWidgetIntents */,
				725FE1ED251D3983004B2907 /* Frameworks */,
				72920003251D1F3D0050194B /* Products */,
			);
			sourceTree = "<group>";
		};
/* End PBXGroup section */

/* Begin PBXNativeTarget section */
		725FE1EB251D3983004B2907 /* SubscriberCountExtension */ = {
			isa = PBXNativeTarget;
			buildConfigurationList = 725FE201251D3988004B2907 /* Build configuration list for PBXNativeTarget "SubscriberCountExtension" */;
			buildPhases = (
				725FE1E8251D3983004B2907 /* Sources */,
				725FE1E9251D3983004B2907 /* Frameworks */,
				725FE1EA251D3983004B2907 /* Resources */,
			);
			buildRules = (
			);
			dependencies = (
			);
			fileSystemSynchronizedGroups = (
				72AFB37A2F2FF1C800C4774A /* SubscriberCount */,
			);
			name = SubscriberCountExtension;
			packageProductDependencies = (
				72B936F92AB40BC900997D20 /* Cache */,
				722E2E8B2B65FDFC00E4832E /* Mixpanel */,
			);
			productName = SubscriberCountExtension;
			productReference = 725FE1EC251D3983004B2907 /* SubscriberCountExtension.appex */;
			productType = "com.apple.product-type.app-extension";
		};
		728683BF25DA44AE00568034 /* SubWidgetIntents */ = {
			isa = PBXNativeTarget;
			buildConfigurationList = 728683DE25DA44AE00568034 /* Build configuration list for PBXNativeTarget "SubWidgetIntents" */;
			buildPhases = (
				728683BC25DA44AE00568034 /* Sources */,
				728683BD25DA44AE00568034 /* Frameworks */,
				728683BE25DA44AE00568034 /* Resources */,
			);
			buildRules = (
			);
			dependencies = (
			);
			fileSystemSynchronizedGroups = (
				72AFB3B72F2FF1CD00C4774A /* SubWidgetIntents */,
			);
			name = SubWidgetIntents;
			packageProductDependencies = (
				72B936F72AB40BC500997D20 /* Cache */,
				722E2E8D2B65FE0400E4832E /* Mixpanel */,
			);
			productName = SubWidgetIntents;
			productReference = 728683C025DA44AE00568034 /* SubWidgetIntents.appex */;
			productType = "com.apple.product-type.app-extension";
		};
		72920001251D1F3D0050194B /* SubscriberWidget */ = {
			isa = PBXNativeTarget;
			buildConfigurationList = 72920016251D1F420050194B /* Build configuration list for PBXNativeTarget "SubscriberWidget" */;
			buildPhases = (
				7292FFFE251D1F3D0050194B /* Sources */,
				7292FFFF251D1F3D0050194B /* Frameworks */,
				72920000251D1F3D0050194B /* Resources */,
				725FE1FE251D3988004B2907 /* Embed Foundation Extensions */,
				72C006492B6727950084B47B /* ShellScript */,
			);
			buildRules = (
			);
			dependencies = (
				725FE1FC251D3988004B2907 /* PBXTargetDependency */,
				728683D925DA44AE00568034 /* PBXTargetDependency */,
			);
			fileSystemSynchronizedGroups = (
				72AFB2F22F2FF1C400C4774A /* SubscriberWidget */,
				72AFB37A2F2FF1C800C4774A /* SubscriberCount */,
			);
			name = SubscriberWidget;
			packageProductDependencies = (
				724BD9292AB4063A008C1DB2 /* Cache */,
				72F2EE212B2D6128002AFCEA /* WishKit */,
				722E2E842B65F86B00E4832E /* Mixpanel */,
			);
			productName = SubscriberWidget;
			productReference = 72920002251D1F3D0050194B /* SubWidget.app */;
			productType = "com.apple.product-type.application";
		};
/* End PBXNativeTarget section */

/* Begin PBXProject section */
		7292FFFA251D1F3D0050194B /* Project object */ = {
			isa = PBXProject;
			attributes = {
				BuildIndependentTargetsInParallel = YES;
				LastSwiftUpdateCheck = 1240;
				LastUpgradeCheck = 1600;
				ORGANIZATIONNAME = "Arjun Dureja";
				TargetAttributes = {
					725FE1EB251D3983004B2907 = {
						CreatedOnToolsVersion = 12.0;
					};
					728683BF25DA44AE00568034 = {
						CreatedOnToolsVersion = 12.4;
					};
					72920001251D1F3D0050194B = {
						CreatedOnToolsVersion = 11.7;
					};
				};
			};
			buildConfigurationList = 7292FFFD251D1F3D0050194B /* Build configuration list for PBXProject "SubscriberWidget" */;
			developmentRegion = en;
			hasScannedForEncodings = 0;
			knownRegions = (
				en,
				Base,
				fr,
				es,
				"pt-BR",
				hi,
				de,
				ar,
				ta,
			);
			mainGroup = 7292FFF9251D1F3D0050194B;
			packageReferences = (
				724BD9282AB4063A008C1DB2 /* XCRemoteSwiftPackageReference "Cache" */,
				72F2EE202B2D605A002AFCEA /* XCRemoteSwiftPackageReference "wishkit-ios" */,
				722E2E832B65F86B00E4832E /* XCRemoteSwiftPackageReference "mixpanel-swift" */,
			);
			preferredProjectObjectVersion = 50;
			productRefGroup = 72920003251D1F3D0050194B /* Products */;
			projectDirPath = "";
			projectRoot = "";
			targets = (
				72920001251D1F3D0050194B /* SubscriberWidget */,
				728683BF25DA44AE00568034 /* SubWidgetIntents */,
				725FE1EB251D3983004B2907 /* SubscriberCountExtension */,
			);
		};
/* End PBXProject section */

/* Begin PBXResourcesBuildPhase section */
		725FE1EA251D3983004B2907 /* Resources */ = {
			isa = PBXResourcesBuildPhase;
			buildActionMask = 2147483647;
			files = (
			);
			runOnlyForDeploymentPostprocessing = 0;
		};
		728683BE25DA44AE00568034 /* Resources */ = {
			isa = PBXResourcesBuildPhase;
			buildActionMask = 2147483647;
			files = (
			);
			runOnlyForDeploymentPostprocessing = 0;
		};
		72920000251D1F3D0050194B /* Resources */ = {
			isa = PBXResourcesBuildPhase;
			buildActionMask = 2147483647;
			files = (
			);
			runOnlyForDeploymentPostprocessing = 0;
		};
/* End PBXResourcesBuildPhase section */

/* Begin PBXShellScriptBuildPhase section */
		72C006492B6727950084B47B /* ShellScript */ = {
			isa = PBXShellScriptBuildPhase;
			alwaysOutOfDate = 1;
			buildActionMask = 2147483647;
			files = (
			);
			inputFileListPaths = (
			);
			inputPaths = (
			);
			outputFileListPaths = (
			);
			outputPaths = (
			);
			runOnlyForDeploymentPostprocessing = 0;
			shellPath = /bin/sh;
			shellScript = "if [[ \"$(uname -m)\" == arm64 ]]; then\n    export PATH=\"/opt/homebrew/bin:$PATH\"\nfi\n\nif which swiftlint > /dev/null; then\n  swiftlint\nelse\n  echo \"warning: SwiftLint not installed, download from https://github.com/realm/SwiftLint\"\nfi\n";
		};
/* End PBXShellScriptBuildPhase section */

/* Begin PBXSourcesBuildPhase section */
		725FE1E8251D3983004B2907 /* Sources */ = {
			isa = PBXSourcesBuildPhase;
			buildActionMask = 2147483647;
			files = (
			);
			runOnlyForDeploymentPostprocessing = 0;
		};
		728683BC25DA44AE00568034 /* Sources */ = {
			isa = PBXSourcesBuildPhase;
			buildActionMask = 2147483647;
			files = (
			);
			runOnlyForDeploymentPostprocessing = 0;
		};
		7292FFFE251D1F3D0050194B /* Sources */ = {
			isa = PBXSourcesBuildPhase;
			buildActionMask = 2147483647;
			files = (
			);
			runOnlyForDeploymentPostprocessing = 0;
		};
/* End PBXSourcesBuildPhase section */

/* Begin PBXTargetDependency section */
		725FE1FC251D3988004B2907 /* PBXTargetDependency */ = {
			isa = PBXTargetDependency;
			target = 725FE1EB251D3983004B2907 /* SubscriberCountExtension */;
			targetProxy = 725FE1FB251D3988004B2907 /* PBXContainerItemProxy */;
		};
		728683D925DA44AE00568034 /* PBXTargetDependency */ = {
			isa = PBXTargetDependency;
			target = 728683BF25DA44AE00568034 /* SubWidgetIntents */;
			targetProxy = 728683D825DA44AE00568034 /* PBXContainerItemProxy */;
		};
/* End PBXTargetDependency section */

/* Begin XCBuildConfiguration section */
		725FE1FF251D3988004B2907 /* Debug */ = {
			isa = XCBuildConfiguration;
			buildSettings = {
				ASSETCATALOG_COMPILER_GLOBAL_ACCENT_COLOR_NAME = AccentColor;
				ASSETCATALOG_COMPILER_WIDGET_BACKGROUND_COLOR_NAME = WidgetBackground;
				CLANG_WARN_QUOTED_INCLUDE_IN_FRAMEWORK_HEADER = YES;
				CODE_SIGN_ENTITLEMENTS = SubscriberCountExtension.entitlements;
				CODE_SIGN_STYLE = Automatic;
				CURRENT_PROJECT_VERSION = 30;
				DEVELOPMENT_TEAM = 3KFKTY5JX3;
				INFOPLIST_FILE = SubscriberCount/Info.plist;
				IPHONEOS_DEPLOYMENT_TARGET = 18.0;
				LD_RUNPATH_SEARCH_PATHS = (
					"$(inherited)",
					"@executable_path/Frameworks",
					"@executable_path/../../Frameworks",
				);
				MARKETING_VERSION = 9.8.3;
				PRODUCT_BUNDLE_IDENTIFIER = com.arjundureja.SubscriberWidget.SubscriberCount;
				PRODUCT_NAME = "$(TARGET_NAME)";
				SKIP_INSTALL = YES;
				SUPPORTS_MACCATALYST = YES;
				SWIFT_EMIT_LOC_STRINGS = YES;
				SWIFT_VERSION = 5.0;
				TARGETED_DEVICE_FAMILY = "1,2";
			};
			name = Debug;
		};
		725FE200251D3988004B2907 /* Release */ = {
			isa = XCBuildConfiguration;
			buildSettings = {
				ASSETCATALOG_COMPILER_GLOBAL_ACCENT_COLOR_NAME = AccentColor;
				ASSETCATALOG_COMPILER_WIDGET_BACKGROUND_COLOR_NAME = WidgetBackground;
				CLANG_WARN_QUOTED_INCLUDE_IN_FRAMEWORK_HEADER = YES;
				CODE_SIGN_ENTITLEMENTS = SubscriberCountExtension.entitlements;
				CODE_SIGN_STYLE = Automatic;
				CURRENT_PROJECT_VERSION = 30;
				DEVELOPMENT_TEAM = 3KFKTY5JX3;
				INFOPLIST_FILE = SubscriberCount/Info.plist;
				IPHONEOS_DEPLOYMENT_TARGET = 18.0;
				LD_RUNPATH_SEARCH_PATHS = (
					"$(inherited)",
					"@executable_path/Frameworks",
					"@executable_path/../../Frameworks",
				);
				MARKETING_VERSION = 9.8.3;
				PRODUCT_BUNDLE_IDENTIFIER = com.arjundureja.SubscriberWidget.SubscriberCount;
				PRODUCT_NAME = "$(TARGET_NAME)";
				SKIP_INSTALL = YES;
				SUPPORTS_MACCATALYST = YES;
				SWIFT_EMIT_LOC_STRINGS = YES;
				SWIFT_VERSION = 5.0;
				TARGETED_DEVICE_FAMILY = "1,2";
			};
			name = Release;
		};
		728683DF25DA44AE00568034 /* Debug */ = {
			isa = XCBuildConfiguration;
			buildSettings = {
				CODE_SIGN_ENTITLEMENTS = SubWidgetIntents/SubWidgetIntents.entitlements;
				CODE_SIGN_STYLE = Automatic;
				CURRENT_PROJECT_VERSION = 30;
				DEVELOPMENT_TEAM = 3KFKTY5JX3;
				INFOPLIST_FILE = SubWidgetIntents/Info.plist;
				IPHONEOS_DEPLOYMENT_TARGET = 18.0;
				LD_RUNPATH_SEARCH_PATHS = (
					"$(inherited)",
					"@executable_path/Frameworks",
					"@executable_path/../../Frameworks",
				);
				MARKETING_VERSION = 9.8.3;
				PRODUCT_BUNDLE_IDENTIFIER = com.arjundureja.SubscriberWidget.SubWidgetIntents;
				PRODUCT_NAME = "$(TARGET_NAME)";
				SKIP_INSTALL = YES;
				SUPPORTS_MACCATALYST = YES;
				SWIFT_EMIT_LOC_STRINGS = YES;
				SWIFT_VERSION = 5.0;
				TARGETED_DEVICE_FAMILY = "1,2";
			};
			name = Debug;
		};
		728683E025DA44AE00568034 /* Release */ = {
			isa = XCBuildConfiguration;
			buildSettings = {
				CODE_SIGN_ENTITLEMENTS = SubWidgetIntents/SubWidgetIntents.entitlements;
				CODE_SIGN_STYLE = Automatic;
				CURRENT_PROJECT_VERSION = 30;
				DEVELOPMENT_TEAM = 3KFKTY5JX3;
				INFOPLIST_FILE = SubWidgetIntents/Info.plist;
				IPHONEOS_DEPLOYMENT_TARGET = 18.0;
				LD_RUNPATH_SEARCH_PATHS = (
					"$(inherited)",
					"@executable_path/Frameworks",
					"@executable_path/../../Frameworks",
				);
				MARKETING_VERSION = 9.8.3;
				PRODUCT_BUNDLE_IDENTIFIER = com.arjundureja.SubscriberWidget.SubWidgetIntents;
				PRODUCT_NAME = "$(TARGET_NAME)";
				SKIP_INSTALL = YES;
				SUPPORTS_MACCATALYST = YES;
				SWIFT_EMIT_LOC_STRINGS = YES;
				SWIFT_VERSION = 5.0;
				TARGETED_DEVICE_FAMILY = "1,2";
			};
			name = Release;
		};
		72920014251D1F420050194B /* Debug */ = {
			isa = XCBuildConfiguration;
			buildSettings = {
				ALWAYS_SEARCH_USER_PATHS = NO;
				CLANG_ANALYZER_LOCALIZABILITY_NONLOCALIZED = YES;
				CLANG_ANALYZER_NONNULL = YES;
				CLANG_ANALYZER_NUMBER_OBJECT_CONVERSION = YES_AGGRESSIVE;
				CLANG_CXX_LANGUAGE_STANDARD = "gnu++14";
				CLANG_CXX_LIBRARY = "libc++";
				CLANG_ENABLE_MODULES = YES;
				CLANG_ENABLE_OBJC_ARC = YES;
				CLANG_ENABLE_OBJC_WEAK = YES;
				CLANG_WARN_BLOCK_CAPTURE_AUTORELEASING = YES;
				CLANG_WARN_BOOL_CONVERSION = YES;
				CLANG_WARN_COMMA = YES;
				CLANG_WARN_CONSTANT_CONVERSION = YES;
				CLANG_WARN_DEPRECATED_OBJC_IMPLEMENTATIONS = YES;
				CLANG_WARN_DIRECT_OBJC_ISA_USAGE = YES_ERROR;
				CLANG_WARN_DOCUMENTATION_COMMENTS = YES;
				CLANG_WARN_EMPTY_BODY = YES;
				CLANG_WARN_ENUM_CONVERSION = YES;
				CLANG_WARN_INFINITE_RECURSION = YES;
				CLANG_WARN_INT_CONVERSION = YES;
				CLANG_WARN_NON_LITERAL_NULL_CONVERSION = YES;
				CLANG_WARN_OBJC_IMPLICIT_RETAIN_SELF = YES;
				CLANG_WARN_OBJC_LITERAL_CONVERSION = YES;
				CLANG_WARN_OBJC_ROOT_CLASS = YES_ERROR;
				CLANG_WARN_QUOTED_INCLUDE_IN_FRAMEWORK_HEADER = YES;
				CLANG_WARN_RANGE_LOOP_ANALYSIS = YES;
				CLANG_WARN_STRICT_PROTOTYPES = YES;
				CLANG_WARN_SUSPICIOUS_MOVE = YES;
				CLANG_WARN_UNGUARDED_AVAILABILITY = YES_AGGRESSIVE;
				CLANG_WARN_UNREACHABLE_CODE = YES;
				CLANG_WARN__DUPLICATE_METHOD_MATCH = YES;
				COPY_PHASE_STRIP = NO;
				DEBUG_INFORMATION_FORMAT = dwarf;
				ENABLE_STRICT_OBJC_MSGSEND = YES;
				ENABLE_TESTABILITY = YES;
				ENABLE_USER_SCRIPT_SANDBOXING = YES;
				GCC_C_LANGUAGE_STANDARD = gnu11;
				GCC_DYNAMIC_NO_PIC = NO;
				GCC_NO_COMMON_BLOCKS = YES;
				GCC_OPTIMIZATION_LEVEL = 0;
				GCC_PREPROCESSOR_DEFINITIONS = (
					"DEBUG=1",
					"$(inherited)",
				);
				GCC_WARN_64_TO_32_BIT_CONVERSION = YES;
				GCC_WARN_ABOUT_RETURN_TYPE = YES_ERROR;
				GCC_WARN_UNDECLARED_SELECTOR = YES;
				GCC_WARN_UNINITIALIZED_AUTOS = YES_AGGRESSIVE;
				GCC_WARN_UNUSED_FUNCTION = YES;
				GCC_WARN_UNUSED_VARIABLE = YES;
				IPHONEOS_DEPLOYMENT_TARGET = 18.6;
				MTL_ENABLE_DEBUG_INFO = INCLUDE_SOURCE;
				MTL_FAST_MATH = YES;
				ONLY_ACTIVE_ARCH = YES;
				SDKROOT = iphoneos;
				SWIFT_ACTIVE_COMPILATION_CONDITIONS = DEBUG;
				SWIFT_OPTIMIZATION_LEVEL = "-Onone";
			};
			name = Debug;
		};
		72920015251D1F420050194B /* Release */ = {
			isa = XCBuildConfiguration;
			buildSettings = {
				ALWAYS_SEARCH_USER_PATHS = NO;
				CLANG_ANALYZER_LOCALIZABILITY_NONLOCALIZED = YES;
				CLANG_ANALYZER_NONNULL = YES;
				CLANG_ANALYZER_NUMBER_OBJECT_CONVERSION = YES_AGGRESSIVE;
				CLANG_CXX_LANGUAGE_STANDARD = "gnu++14";
				CLANG_CXX_LIBRARY = "libc++";
				CLANG_ENABLE_MODULES = YES;
				CLANG_ENABLE_OBJC_ARC = YES;
				CLANG_ENABLE_OBJC_WEAK = YES;
				CLANG_WARN_BLOCK_CAPTURE_AUTORELEASING = YES;
				CLANG_WARN_BOOL_CONVERSION = YES;
				CLANG_WARN_COMMA = YES;
				CLANG_WARN_CONSTANT_CONVERSION = YES;
				CLANG_WARN_DEPRECATED_OBJC_IMPLEMENTATIONS = YES;
				CLANG_WARN_DIRECT_OBJC_ISA_USAGE = YES_ERROR;
				CLANG_WARN_DOCUMENTATION_COMMENTS = YES;
				CLANG_WARN_EMPTY_BODY = YES;
				CLANG_WARN_ENUM_CONVERSION = YES;
				CLANG_WARN_INFINITE_RECURSION = YES;
				CLANG_WARN_INT_CONVERSION = YES;
				CLANG_WARN_NON_LITERAL_NULL_CONVERSION = YES;
				CLANG_WARN_OBJC_IMPLICIT_RETAIN_SELF = YES;
				CLANG_WARN_OBJC_LITERAL_CONVERSION = YES;
				CLANG_WARN_OBJC_ROOT_CLASS = YES_ERROR;
				CLANG_WARN_QUOTED_INCLUDE_IN_FRAMEWORK_HEADER = YES;
				CLANG_WARN_RANGE_LOOP_ANALYSIS = YES;
				CLANG_WARN_STRICT_PROTOTYPES = YES;
				CLANG_WARN_SUSPICIOUS_MOVE = YES;
				CLANG_WARN_UNGUARDED_AVAILABILITY = YES_AGGRESSIVE;
				CLANG_WARN_UNREACHABLE_CODE = YES;
				CLANG_WARN__DUPLICATE_METHOD_MATCH = YES;
				COPY_PHASE_STRIP = NO;
				DEBUG_INFORMATION_FORMAT = "dwarf-with-dsym";
				ENABLE_NS_ASSERTIONS = NO;
				ENABLE_STRICT_OBJC_MSGSEND = YES;
				ENABLE_USER_SCRIPT_SANDBOXING = YES;
				GCC_C_LANGUAGE_STANDARD = gnu11;
				GCC_NO_COMMON_BLOCKS = YES;
				GCC_WARN_64_TO_32_BIT_CONVERSION = YES;
				GCC_WARN_ABOUT_RETURN_TYPE = YES_ERROR;
				GCC_WARN_UNDECLARED_SELECTOR = YES;
				GCC_WARN_UNINITIALIZED_AUTOS = YES_AGGRESSIVE;
				GCC_WARN_UNUSED_FUNCTION = YES;
				GCC_WARN_UNUSED_VARIABLE = YES;
				IPHONEOS_DEPLOYMENT_TARGET = 18.6;
				MTL_ENABLE_DEBUG_INFO = NO;
				MTL_FAST_MATH = YES;
				SDKROOT = iphoneos;
				SWIFT_COMPILATION_MODE = wholemodule;
				SWIFT_OPTIMIZATION_LEVEL = "-O";
				VALIDATE_PRODUCT = YES;
			};
			name = Release;
		};
		72920017251D1F420050194B /* Debug */ = {
			isa = XCBuildConfiguration;
			buildSettings = {
				ASSETCATALOG_COMPILER_APPICON_NAME = AppIcon;
				CODE_SIGN_ENTITLEMENTS = SubscriberWidget/SubscriberWidget.entitlements;
				CODE_SIGN_STYLE = Automatic;
				CURRENT_PROJECT_VERSION = 30;
				DEVELOPMENT_ASSET_PATHS = "\"SubscriberWidget/Preview Content\"";
				DEVELOPMENT_TEAM = 3KFKTY5JX3;
				ENABLE_PREVIEWS = YES;
				ENABLE_USER_SCRIPT_SANDBOXING = NO;
				INFOPLIST_FILE = SubscriberWidget/Info.plist;
				INFOPLIST_KEY_CFBundleDisplayName = SubWidget;
				INFOPLIST_KEY_LSApplicationCategoryType = "public.app-category.social-networking";
				IPHONEOS_DEPLOYMENT_TARGET = 18.0;
				LD_RUNPATH_SEARCH_PATHS = (
					"$(inherited)",
					"@executable_path/Frameworks",
				);
				MARKETING_VERSION = 9.8.3;
				PRODUCT_BUNDLE_IDENTIFIER = com.arjundureja.SubscriberWidget;
				PRODUCT_NAME = SubWidget;
				SUPPORTED_PLATFORMS = "iphoneos iphonesimulator";
				SUPPORTS_MACCATALYST = YES;
				SUPPORTS_MAC_DESIGNED_FOR_IPHONE_IPAD = NO;
				SUPPORTS_XR_DESIGNED_FOR_IPHONE_IPAD = NO;
				SWIFT_EMIT_LOC_STRINGS = YES;
				SWIFT_VERSION = 5.0;
				TARGETED_DEVICE_FAMILY = "1,2";
			};
			name = Debug;
		};
		72920018251D1F420050194B /* Release */ = {
			isa = XCBuildConfiguration;
			buildSettings = {
				ASSETCATALOG_COMPILER_APPICON_NAME = AppIcon;
				CODE_SIGN_ENTITLEMENTS = SubscriberWidget/SubscriberWidget.entitlements;
				CODE_SIGN_STYLE = Automatic;
				CURRENT_PROJECT_VERSION = 30;
				DEVELOPMENT_ASSET_PATHS = "\"SubscriberWidget/Preview Content\"";
				DEVELOPMENT_TEAM = 3KFKTY5JX3;
				ENABLE_PREVIEWS = YES;
				ENABLE_USER_SCRIPT_SANDBOXING = NO;
				INFOPLIST_FILE = SubscriberWidget/Info.plist;
				INFOPLIST_KEY_CFBundleDisplayName = SubWidget;
				INFOPLIST_KEY_LSApplicationCategoryType = "public.app-category.social-networking";
				IPHONEOS_DEPLOYMENT_TARGET = 18.0;
				LD_RUNPATH_SEARCH_PATHS = (
					"$(inherited)",
					"@executable_path/Frameworks",
				);
				MARKETING_VERSION = 9.8.3;
				PRODUCT_BUNDLE_IDENTIFIER = com.arjundureja.SubscriberWidget;
				PRODUCT_NAME = SubWidget;
				SUPPORTED_PLATFORMS = "iphoneos iphonesimulator";
				SUPPORTS_MACCATALYST = YES;
				SUPPORTS_MAC_DESIGNED_FOR_IPHONE_IPAD = NO;
				SUPPORTS_XR_DESIGNED_FOR_IPHONE_IPAD = NO;
				SWIFT_EMIT_LOC_STRINGS = YES;
				SWIFT_VERSION = 5.0;
				TARGETED_DEVICE_FAMILY = "1,2";
			};
			name = Release;
		};
/* End XCBuildConfiguration section */

/* Begin XCConfigurationList section */
		725FE201251D3988004B2907 /* Build configuration list for PBXNativeTarget "SubscriberCountExtension" */ = {
			isa = XCConfigurationList;
			buildConfigurations = (
				725FE1FF251D3988004B2907 /* Debug */,
				725FE200251D3988004B2907 /* Release */,
			);
			defaultConfigurationIsVisible = 0;
			defaultConfigurationName = Release;
		};
		728683DE25DA44AE00568034 /* Build configuration list for PBXNativeTarget "SubWidgetIntents" */ = {
			isa = XCConfigurationList;
			buildConfigurations = (
				728683DF25DA44AE00568034 /* Debug */,
				728683E025DA44AE00568034 /* Release */,
			);
			defaultConfigurationIsVisible = 0;
			defaultConfigurationName = Release;
		};
		72920016251D1F420050194B /* Build configuration list for PBXNativeTarget "SubscriberWidget" */ = {
			isa = XCConfigurationList;
			buildConfigurations = (
				72920017251D1F420050194B /* Debug */,
				72920018251D1F420050194B /* Release */,
			);
			defaultConfigurationIsVisible = 0;
			defaultConfigurationName = Release;
		};
		7292FFFD251D1F3D0050194B /* Build configuration list for PBXProject "SubscriberWidget" */ = {
			isa = XCConfigurationList;
			buildConfigurations = (
				72920014251D1F420050194B /* Debug */,
				72920015251D1F420050194B /* Release */,
			);
			defaultConfigurationIsVisible = 0;
			defaultConfigurationName = Release;
		};
/* End XCConfigurationList section */

/* Begin XCRemoteSwiftPackageReference section */
		722E2E832B65F86B00E4832E /* XCRemoteSwiftPackageReference "mixpanel-swift" */ = {
			isa = XCRemoteSwiftPackageReference;
			repositoryURL = "https://github.com/mixpanel/mixpanel-swift";
			requirement = {
				branch = master;
				kind = branch;
			};
		};
		724BD9282AB4063A008C1DB2 /* XCRemoteSwiftPackageReference "Cache" */ = {
			isa = XCRemoteSwiftPackageReference;
			repositoryURL = "https://github.com/hyperoslo/Cache";
			requirement = {
				kind = revision;
				revision = d048bf404a5c8362c6cf840c2096d5777975cd27;
			};
		};
		72F2EE202B2D605A002AFCEA /* XCRemoteSwiftPackageReference "wishkit-ios" */ = {
			isa = XCRemoteSwiftPackageReference;
			repositoryURL = "https://github.com/wishkit/wishkit-ios.git";
			requirement = {
				kind = upToNextMajorVersion;
				minimumVersion = 4.0.5;
			};
		};
/* End XCRemoteSwiftPackageReference section */

/* Begin XCSwiftPackageProductDependency section */
		722E2E842B65F86B00E4832E /* Mixpanel */ = {
			isa = XCSwiftPackageProductDependency;
			package = 722E2E832B65F86B00E4832E /* XCRemoteSwiftPackageReference "mixpanel-swift" */;
			productName = Mixpanel;
		};
		722E2E8B2B65FDFC00E4832E /* Mixpanel */ = {
			isa = XCSwiftPackageProductDependency;
			package = 722E2E832B65F86B00E4832E /* XCRemoteSwiftPackageReference "mixpanel-swift" */;
			productName = Mixpanel;
		};
		722E2E8D2B65FE0400E4832E /* Mixpanel */ = {
			isa = XCSwiftPackageProductDependency;
			package = 722E2E832B65F86B00E4832E /* XCRemoteSwiftPackageReference "mixpanel-swift" */;
			productName = Mixpanel;
		};
		724BD9292AB4063A008C1DB2 /* Cache */ = {
			isa = XCSwiftPackageProductDependency;
			package = 724BD9282AB4063A008C1DB2 /* XCRemoteSwiftPackageReference "Cache" */;
			productName = Cache;
		};
		72B936F72AB40BC500997D20 /* Cache */ = {
			isa = XCSwiftPackageProductDependency;
			package = 724BD9282AB4063A008C1DB2 /* XCRemoteSwiftPackageReference "Cache" */;
			productName = Cache;
		};
		72B936F92AB40BC900997D20 /* Cache */ = {
			isa = XCSwiftPackageProductDependency;
			package = 724BD9282AB4063A008C1DB2 /* XCRemoteSwiftPackageReference "Cache" */;
			productName = Cache;
		};
		72F2EE212B2D6128002AFCEA /* WishKit */ = {
			isa = XCSwiftPackageProductDependency;
			package = 72F2EE202B2D605A002AFCEA /* XCRemoteSwiftPackageReference "wishkit-ios" */;
			productName = WishKit;
		};
/* End XCSwiftPackageProductDependency section */
	};
	rootObject = 7292FFFA251D1F3D0050194B /* Project object */;
}
