// !$*UTF8*$!
{
	archiveVersion = 1;
	classes = {
	};
	objectVersion = 52;
	objects = {

/* Begin PBXBuildFile section */
		7207540825D732D7003411CE /* ChannelTextField.swift in Sources */ = {isa = PBXBuildFile; fileRef = 7207540725D732D7003411CE /* ChannelTextField.swift */; };
		7207540C25D73504003411CE /* SubmitButton.swift in Sources */ = {isa = PBXBuildFile; fileRef = 7207540B25D73504003411CE /* SubmitButton.swift */; };
		7207541025D739CC003411CE /* HelpButton.swift in Sources */ = {isa = PBXBuildFile; fileRef = 7207540F25D739CC003411CE /* HelpButton.swift */; };
		7207541425D73B4D003411CE /* WidgetColorPicker.swift in Sources */ = {isa = PBXBuildFile; fileRef = 7207541325D73B4D003411CE /* WidgetColorPicker.swift */; };
		7207541825D73C8F003411CE /* Extensions.swift in Sources */ = {isa = PBXBuildFile; fileRef = 7207541725D73C8F003411CE /* Extensions.swift */; };
		7207541D25D73CD7003411CE /* Extensions.swift in Sources */ = {isa = PBXBuildFile; fileRef = 7207541725D73C8F003411CE /* Extensions.swift */; };
		725FE1EF251D3983004B2907 /* WidgetKit.framework in Frameworks */ = {isa = PBXBuildFile; fileRef = 725FE1EE251D3983004B2907 /* WidgetKit.framework */; platformFilter = ios; };
		725FE1F1251D3983004B2907 /* SwiftUI.framework in Frameworks */ = {isa = PBXBuildFile; fileRef = 725FE1F0251D3983004B2907 /* SwiftUI.framework */; };
		725FE1F4251D3983004B2907 /* SubscriberCount.swift in Sources */ = {isa = PBXBuildFile; fileRef = 725FE1F3251D3983004B2907 /* SubscriberCount.swift */; };
		725FE1F7251D3988004B2907 /* Assets.xcassets in Resources */ = {isa = PBXBuildFile; fileRef = 725FE1F6251D3988004B2907 /* Assets.xcassets */; };
		725FE1F9251D3988004B2907 /* SubscriberCount.intentdefinition in Sources */ = {isa = PBXBuildFile; fileRef = 725FE1F5251D3983004B2907 /* SubscriberCount.intentdefinition */; };
		725FE1FA251D3988004B2907 /* SubscriberCount.intentdefinition in Sources */ = {isa = PBXBuildFile; fileRef = 725FE1F5251D3983004B2907 /* SubscriberCount.intentdefinition */; };
		725FE1FD251D3988004B2907 /* SubscriberCountExtension.appex in Embed App Extensions */ = {isa = PBXBuildFile; fileRef = 725FE1EC251D3983004B2907 /* SubscriberCountExtension.appex */; settings = {ATTRIBUTES = (RemoveHeadersOnCopy, ); }; };
		725FE205251D3E75004B2907 /* ViewModel.swift in Sources */ = {isa = PBXBuildFile; fileRef = 725FE204251D3E75004B2907 /* ViewModel.swift */; };
		725FE209251D44B1004B2907 /* Subscribers.swift in Sources */ = {isa = PBXBuildFile; fileRef = 725FE208251D44B1004B2907 /* Subscribers.swift */; };
		725FE20D251D4607004B2907 /* Response.swift in Sources */ = {isa = PBXBuildFile; fileRef = 725FE20C251D4607004B2907 /* Response.swift */; };
		725FE213251D4905004B2907 /* Channel.swift in Sources */ = {isa = PBXBuildFile; fileRef = 725FE212251D4905004B2907 /* Channel.swift */; };
		7277197B2555E05000358EEB /* ChannelID.swift in Sources */ = {isa = PBXBuildFile; fileRef = 7277197A2555E05000358EEB /* ChannelID.swift */; };
		7277197E2555E07A00358EEB /* ChannelID.swift in Sources */ = {isa = PBXBuildFile; fileRef = 7277197A2555E05000358EEB /* ChannelID.swift */; };
		72920006251D1F3D0050194B /* AppDelegate.swift in Sources */ = {isa = PBXBuildFile; fileRef = 72920005251D1F3D0050194B /* AppDelegate.swift */; };
		72920008251D1F3D0050194B /* SceneDelegate.swift in Sources */ = {isa = PBXBuildFile; fileRef = 72920007251D1F3D0050194B /* SceneDelegate.swift */; };
		7292000A251D1F3D0050194B /* ContentView.swift in Sources */ = {isa = PBXBuildFile; fileRef = 72920009251D1F3D0050194B /* ContentView.swift */; };
		7292000C251D1F420050194B /* Assets.xcassets in Resources */ = {isa = PBXBuildFile; fileRef = 7292000B251D1F420050194B /* Assets.xcassets */; };
		7292000F251D1F420050194B /* Preview Assets.xcassets in Resources */ = {isa = PBXBuildFile; fileRef = 7292000E251D1F420050194B /* Preview Assets.xcassets */; };
		72920012251D1F420050194B /* LaunchScreen.storyboard in Resources */ = {isa = PBXBuildFile; fileRef = 72920010251D1F420050194B /* LaunchScreen.storyboard */; };
		7295DAB12528FF3C005FA093 /* NetworkImage.swift in Sources */ = {isa = PBXBuildFile; fileRef = 7295DAB02528FF3C005FA093 /* NetworkImage.swift */; };
		7295DAB22528FF3C005FA093 /* NetworkImage.swift in Sources */ = {isa = PBXBuildFile; fileRef = 7295DAB02528FF3C005FA093 /* NetworkImage.swift */; };
		7295DABF252909BC005FA093 /* Constants.swift in Sources */ = {isa = PBXBuildFile; fileRef = 7295DABE252909BC005FA093 /* Constants.swift */; };
		7295DACE25294C50005FA093 /* SmallWidget.swift in Sources */ = {isa = PBXBuildFile; fileRef = 7295DACD25294C50005FA093 /* SmallWidget.swift */; };
		7295DACF25294C50005FA093 /* SmallWidget.swift in Sources */ = {isa = PBXBuildFile; fileRef = 7295DACD25294C50005FA093 /* SmallWidget.swift */; };
		7295DAD325294CB6005FA093 /* MediumWidget.swift in Sources */ = {isa = PBXBuildFile; fileRef = 7295DAD225294CB6005FA093 /* MediumWidget.swift */; };
		7295DAD425294CB6005FA093 /* MediumWidget.swift in Sources */ = {isa = PBXBuildFile; fileRef = 7295DAD225294CB6005FA093 /* MediumWidget.swift */; };
		72A3B46F252E2CB300891D69 /* Subscribers.swift in Sources */ = {isa = PBXBuildFile; fileRef = 725FE208251D44B1004B2907 /* Subscribers.swift */; };
		72A3B472252E2CC300891D69 /* Constants.swift in Sources */ = {isa = PBXBuildFile; fileRef = 7295DABE252909BC005FA093 /* Constants.swift */; };
		72D820A125D74613008240B2 /* ResetButton.swift in Sources */ = {isa = PBXBuildFile; fileRef = 72D820A025D74613008240B2 /* ResetButton.swift */; };
		72D820A525D74DBE008240B2 /* WidgetSizePicker.swift in Sources */ = {isa = PBXBuildFile; fileRef = 72D820A425D74DBE008240B2 /* WidgetSizePicker.swift */; };
		72D820AB25D75440008240B2 /* WidgetPreview.swift in Sources */ = {isa = PBXBuildFile; fileRef = 72D820AA25D75440008240B2 /* WidgetPreview.swift */; };
		72EFF49B252015D1007E1FA6 /* Channel.swift in Sources */ = {isa = PBXBuildFile; fileRef = 725FE212251D4905004B2907 /* Channel.swift */; };
		72EFF4A1252016FF007E1FA6 /* ViewModel.swift in Sources */ = {isa = PBXBuildFile; fileRef = 725FE204251D3E75004B2907 /* ViewModel.swift */; };
		72EFF4A425201712007E1FA6 /* Response.swift in Sources */ = {isa = PBXBuildFile; fileRef = 725FE20C251D4607004B2907 /* Response.swift */; };
		72EFF4AB25201B3B007E1FA6 /* YouTubeChannel.swift in Sources */ = {isa = PBXBuildFile; fileRef = 72EFF4AA25201B3B007E1FA6 /* YouTubeChannel.swift */; };
		72EFF4AC25201B3B007E1FA6 /* YouTubeChannel.swift in Sources */ = {isa = PBXBuildFile; fileRef = 72EFF4AA25201B3B007E1FA6 /* YouTubeChannel.swift */; };
/* End PBXBuildFile section */

/* Begin PBXContainerItemProxy section */
		725FE1FB251D3988004B2907 /* PBXContainerItemProxy */ = {
			isa = PBXContainerItemProxy;
			containerPortal = 7292FFFA251D1F3D0050194B /* Project object */;
			proxyType = 1;
			remoteGlobalIDString = 725FE1EB251D3983004B2907;
			remoteInfo = SubscriberCountExtension;
		};
/* End PBXContainerItemProxy section */

/* Begin PBXCopyFilesBuildPhase section */
		725FE1FE251D3988004B2907 /* Embed App Extensions */ = {
			isa = PBXCopyFilesBuildPhase;
			buildActionMask = 2147483647;
			dstPath = "";
			dstSubfolderSpec = 13;
			files = (
				725FE1FD251D3988004B2907 /* SubscriberCountExtension.appex in Embed App Extensions */,
			);
			name = "Embed App Extensions";
			runOnlyForDeploymentPostprocessing = 0;
		};
/* End PBXCopyFilesBuildPhase section */

/* Begin PBXFileReference section */
		7207540725D732D7003411CE /* ChannelTextField.swift */ = {isa = PBXFileReference; lastKnownFileType = sourcecode.swift; path = ChannelTextField.swift; sourceTree = "<group>"; };
		7207540B25D73504003411CE /* SubmitButton.swift */ = {isa = PBXFileReference; lastKnownFileType = sourcecode.swift; path = SubmitButton.swift; sourceTree = "<group>"; };
		7207540F25D739CC003411CE /* HelpButton.swift */ = {isa = PBXFileReference; lastKnownFileType = sourcecode.swift; path = HelpButton.swift; sourceTree = "<group>"; };
		7207541325D73B4D003411CE /* WidgetColorPicker.swift */ = {isa = PBXFileReference; lastKnownFileType = sourcecode.swift; path = WidgetColorPicker.swift; sourceTree = "<group>"; };
		7207541725D73C8F003411CE /* Extensions.swift */ = {isa = PBXFileReference; lastKnownFileType = sourcecode.swift; path = Extensions.swift; sourceTree = "<group>"; };
		725FE1EC251D3983004B2907 /* SubscriberCountExtension.appex */ = {isa = PBXFileReference; explicitFileType = "wrapper.app-extension"; includeInIndex = 0; path = SubscriberCountExtension.appex; sourceTree = BUILT_PRODUCTS_DIR; };
		725FE1EE251D3983004B2907 /* WidgetKit.framework */ = {isa = PBXFileReference; lastKnownFileType = wrapper.framework; name = WidgetKit.framework; path = System/Library/Frameworks/WidgetKit.framework; sourceTree = SDKROOT; };
		725FE1F0251D3983004B2907 /* SwiftUI.framework */ = {isa = PBXFileReference; lastKnownFileType = wrapper.framework; name = SwiftUI.framework; path = System/Library/Frameworks/SwiftUI.framework; sourceTree = SDKROOT; };
		725FE1F3251D3983004B2907 /* SubscriberCount.swift */ = {isa = PBXFileReference; lastKnownFileType = sourcecode.swift; path = SubscriberCount.swift; sourceTree = "<group>"; };
		725FE1F5251D3983004B2907 /* SubscriberCount.intentdefinition */ = {isa = PBXFileReference; lastKnownFileType = file.intentdefinition; path = SubscriberCount.intentdefinition; sourceTree = "<group>"; };
		725FE1F6251D3988004B2907 /* Assets.xcassets */ = {isa = PBXFileReference; lastKnownFileType = folder.assetcatalog; path = Assets.xcassets; sourceTree = "<group>"; };
		725FE1F8251D3988004B2907 /* Info.plist */ = {isa = PBXFileReference; lastKnownFileType = text.plist.xml; path = Info.plist; sourceTree = "<group>"; };
		725FE204251D3E75004B2907 /* ViewModel.swift */ = {isa = PBXFileReference; lastKnownFileType = sourcecode.swift; path = ViewModel.swift; sourceTree = "<group>"; };
		725FE208251D44B1004B2907 /* Subscribers.swift */ = {isa = PBXFileReference; lastKnownFileType = sourcecode.swift; path = Subscribers.swift; sourceTree = "<group>"; };
		725FE20C251D4607004B2907 /* Response.swift */ = {isa = PBXFileReference; lastKnownFileType = sourcecode.swift; path = Response.swift; sourceTree = "<group>"; };
		725FE212251D4905004B2907 /* Channel.swift */ = {isa = PBXFileReference; lastKnownFileType = sourcecode.swift; path = Channel.swift; sourceTree = "<group>"; };
		7277197A2555E05000358EEB /* ChannelID.swift */ = {isa = PBXFileReference; lastKnownFileType = sourcecode.swift; path = ChannelID.swift; sourceTree = "<group>"; };
		72920002251D1F3D0050194B /* SubWidget.app */ = {isa = PBXFileReference; explicitFileType = wrapper.application; includeInIndex = 0; path = SubWidget.app; sourceTree = BUILT_PRODUCTS_DIR; };
		72920005251D1F3D0050194B /* AppDelegate.swift */ = {isa = PBXFileReference; lastKnownFileType = sourcecode.swift; path = AppDelegate.swift; sourceTree = "<group>"; };
		72920007251D1F3D0050194B /* SceneDelegate.swift */ = {isa = PBXFileReference; lastKnownFileType = sourcecode.swift; path = SceneDelegate.swift; sourceTree = "<group>"; };
		72920009251D1F3D0050194B /* ContentView.swift */ = {isa = PBXFileReference; lastKnownFileType = sourcecode.swift; path = ContentView.swift; sourceTree = "<group>"; };
		7292000B251D1F420050194B /* Assets.xcassets */ = {isa = PBXFileReference; lastKnownFileType = folder.assetcatalog; path = Assets.xcassets; sourceTree = "<group>"; };
		7292000E251D1F420050194B /* Preview Assets.xcassets */ = {isa = PBXFileReference; lastKnownFileType = folder.assetcatalog; path = "Preview Assets.xcassets"; sourceTree = "<group>"; };
		72920011251D1F420050194B /* Base */ = {isa = PBXFileReference; lastKnownFileType = file.storyboard; name = Base; path = Base.lproj/LaunchScreen.storyboard; sourceTree = "<group>"; };
		72920013251D1F420050194B /* Info.plist */ = {isa = PBXFileReference; lastKnownFileType = text.plist.xml; path = Info.plist; sourceTree = "<group>"; };
		7295DAB02528FF3C005FA093 /* NetworkImage.swift */ = {isa = PBXFileReference; lastKnownFileType = sourcecode.swift; path = NetworkImage.swift; sourceTree = "<group>"; };
		7295DABE252909BC005FA093 /* Constants.swift */ = {isa = PBXFileReference; lastKnownFileType = sourcecode.swift; path = Constants.swift; sourceTree = "<group>"; };
		7295DACD25294C50005FA093 /* SmallWidget.swift */ = {isa = PBXFileReference; lastKnownFileType = sourcecode.swift; path = SmallWidget.swift; sourceTree = "<group>"; };
		7295DAD225294CB6005FA093 /* MediumWidget.swift */ = {isa = PBXFileReference; lastKnownFileType = sourcecode.swift; path = MediumWidget.swift; sourceTree = "<group>"; };
		72D820A025D74613008240B2 /* ResetButton.swift */ = {isa = PBXFileReference; lastKnownFileType = sourcecode.swift; path = ResetButton.swift; sourceTree = "<group>"; };
		72D820A425D74DBE008240B2 /* WidgetSizePicker.swift */ = {isa = PBXFileReference; lastKnownFileType = sourcecode.swift; path = WidgetSizePicker.swift; sourceTree = "<group>"; };
		72D820AA25D75440008240B2 /* WidgetPreview.swift */ = {isa = PBXFileReference; lastKnownFileType = sourcecode.swift; path = WidgetPreview.swift; sourceTree = "<group>"; };
		72EFF4A725201AAD007E1FA6 /* SubscriberWidget.entitlements */ = {isa = PBXFileReference; lastKnownFileType = text.plist.entitlements; path = SubscriberWidget.entitlements; sourceTree = "<group>"; };
		72EFF4AA25201B3B007E1FA6 /* YouTubeChannel.swift */ = {isa = PBXFileReference; lastKnownFileType = sourcecode.swift; path = YouTubeChannel.swift; sourceTree = "<group>"; };
		72EFF4AF25201CAB007E1FA6 /* SubscriberCountExtension.entitlements */ = {isa = PBXFileReference; lastKnownFileType = text.plist.entitlements; path = SubscriberCountExtension.entitlements; sourceTree = "<group>"; };
/* End PBXFileReference section */

/* Begin PBXFrameworksBuildPhase section */
		725FE1E9251D3983004B2907 /* Frameworks */ = {
			isa = PBXFrameworksBuildPhase;
			buildActionMask = 2147483647;
			files = (
				725FE1F1251D3983004B2907 /* SwiftUI.framework in Frameworks */,
				725FE1EF251D3983004B2907 /* WidgetKit.framework in Frameworks */,
			);
			runOnlyForDeploymentPostprocessing = 0;
		};
		7292FFFF251D1F3D0050194B /* Frameworks */ = {
			isa = PBXFrameworksBuildPhase;
			buildActionMask = 2147483647;
			files = (
			);
			runOnlyForDeploymentPostprocessing = 0;
		};
/* End PBXFrameworksBuildPhase section */

/* Begin PBXGroup section */
		725FE1ED251D3983004B2907 /* Frameworks */ = {
			isa = PBXGroup;
			children = (
				725FE1EE251D3983004B2907 /* WidgetKit.framework */,
				725FE1F0251D3983004B2907 /* SwiftUI.framework */,
			);
			name = Frameworks;
			sourceTree = "<group>";
		};
		725FE1F2251D3983004B2907 /* SubscriberCount */ = {
			isa = PBXGroup;
			children = (
				725FE1F3251D3983004B2907 /* SubscriberCount.swift */,
				725FE1F5251D3983004B2907 /* SubscriberCount.intentdefinition */,
				725FE1F6251D3988004B2907 /* Assets.xcassets */,
				725FE1F8251D3988004B2907 /* Info.plist */,
				7295DACD25294C50005FA093 /* SmallWidget.swift */,
				7295DAD225294CB6005FA093 /* MediumWidget.swift */,
			);
			path = SubscriberCount;
			sourceTree = "<group>";
		};
		72920003251D1F3D0050194B /* Products */ = {
			isa = PBXGroup;
			children = (
				72920002251D1F3D0050194B /* SubWidget.app */,
				725FE1EC251D3983004B2907 /* SubscriberCountExtension.appex */,
			);
			name = Products;
			sourceTree = "<group>";
		};
		72920004251D1F3D0050194B /* SubscriberWidget */ = {
			isa = PBXGroup;
			children = (
				72A3B467252E292000891D69 /* Model */,
				72A3B462252E290C00891D69 /* View */,
				72A3B461252E28FF00891D69 /* View Model */,
				72EFF4A725201AAD007E1FA6 /* SubscriberWidget.entitlements */,
				7295DABE252909BC005FA093 /* Constants.swift */,
				72920005251D1F3D0050194B /* AppDelegate.swift */,
				72920007251D1F3D0050194B /* SceneDelegate.swift */,
				7292000B251D1F420050194B /* Assets.xcassets */,
				72920010251D1F420050194B /* LaunchScreen.storyboard */,
				72920013251D1F420050194B /* Info.plist */,
				7292000D251D1F420050194B /* Preview Content */,
			);
			path = SubscriberWidget;
			sourceTree = "<group>";
		};
		7292000D251D1F420050194B /* Preview Content */ = {
			isa = PBXGroup;
			children = (
				7292000E251D1F420050194B /* Preview Assets.xcassets */,
			);
			path = "Preview Content";
			sourceTree = "<group>";
		};
		7292FFF9251D1F3D0050194B = {
			isa = PBXGroup;
			children = (
				72EFF4AF25201CAB007E1FA6 /* SubscriberCountExtension.entitlements */,
				72920004251D1F3D0050194B /* SubscriberWidget */,
				725FE1F2251D3983004B2907 /* SubscriberCount */,
				725FE1ED251D3983004B2907 /* Frameworks */,
				72920003251D1F3D0050194B /* Products */,
			);
			sourceTree = "<group>";
		};
		72A3B461252E28FF00891D69 /* View Model */ = {
			isa = PBXGroup;
			children = (
				725FE204251D3E75004B2907 /* ViewModel.swift */,
			);
			path = "View Model";
			sourceTree = "<group>";
		};
		72A3B462252E290C00891D69 /* View */ = {
			isa = PBXGroup;
			children = (
				72920009251D1F3D0050194B /* ContentView.swift */,
				7207541325D73B4D003411CE /* WidgetColorPicker.swift */,
				7295DAB02528FF3C005FA093 /* NetworkImage.swift */,
				7207540725D732D7003411CE /* ChannelTextField.swift */,
				7207540B25D73504003411CE /* SubmitButton.swift */,
				7207540F25D739CC003411CE /* HelpButton.swift */,
				72D820A025D74613008240B2 /* ResetButton.swift */,
				72D820A425D74DBE008240B2 /* WidgetSizePicker.swift */,
				72D820AA25D75440008240B2 /* WidgetPreview.swift */,
			);
			path = View;
			sourceTree = "<group>";
		};
		72A3B467252E292000891D69 /* Model */ = {
			isa = PBXGroup;
			children = (
				725FE20C251D4607004B2907 /* Response.swift */,
				72EFF4AA25201B3B007E1FA6 /* YouTubeChannel.swift */,
				725FE208251D44B1004B2907 /* Subscribers.swift */,
				725FE212251D4905004B2907 /* Channel.swift */,
				7277197A2555E05000358EEB /* ChannelID.swift */,
				7207541725D73C8F003411CE /* Extensions.swift */,
			);
			path = Model;
			sourceTree = "<group>";
		};
/* End PBXGroup section */

/* Begin PBXNativeTarget section */
		725FE1EB251D3983004B2907 /* SubscriberCountExtension */ = {
			isa = PBXNativeTarget;
			buildConfigurationList = 725FE201251D3988004B2907 /* Build configuration list for PBXNativeTarget "SubscriberCountExtension" */;
			buildPhases = (
				725FE1E8251D3983004B2907 /* Sources */,
				725FE1E9251D3983004B2907 /* Frameworks */,
				725FE1EA251D3983004B2907 /* Resources */,
			);
			buildRules = (
			);
			dependencies = (
			);
			name = SubscriberCountExtension;
			packageProductDependencies = (
			);
			productName = SubscriberCountExtension;
			productReference = 725FE1EC251D3983004B2907 /* SubscriberCountExtension.appex */;
			productType = "com.apple.product-type.app-extension";
		};
		72920001251D1F3D0050194B /* SubscriberWidget */ = {
			isa = PBXNativeTarget;
			buildConfigurationList = 72920016251D1F420050194B /* Build configuration list for PBXNativeTarget "SubscriberWidget" */;
			buildPhases = (
				7292FFFE251D1F3D0050194B /* Sources */,
				7292FFFF251D1F3D0050194B /* Frameworks */,
				72920000251D1F3D0050194B /* Resources */,
				725FE1FE251D3988004B2907 /* Embed App Extensions */,
			);
			buildRules = (
			);
			dependencies = (
				725FE1FC251D3988004B2907 /* PBXTargetDependency */,
			);
			name = SubscriberWidget;
			packageProductDependencies = (
			);
			productName = SubscriberWidget;
			productReference = 72920002251D1F3D0050194B /* SubWidget.app */;
			productType = "com.apple.product-type.application";
		};
/* End PBXNativeTarget section */

/* Begin PBXProject section */
		7292FFFA251D1F3D0050194B /* Project object */ = {
			isa = PBXProject;
			attributes = {
				LastSwiftUpdateCheck = 1200;
				LastUpgradeCheck = 1200;
				ORGANIZATIONNAME = "Arjun Dureja";
				TargetAttributes = {
					725FE1EB251D3983004B2907 = {
						CreatedOnToolsVersion = 12.0;
					};
					72920001251D1F3D0050194B = {
						CreatedOnToolsVersion = 11.7;
					};
				};
			};
			buildConfigurationList = 7292FFFD251D1F3D0050194B /* Build configuration list for PBXProject "SubscriberWidget" */;
			compatibilityVersion = "Xcode 9.3";
			developmentRegion = en;
			hasScannedForEncodings = 0;
			knownRegions = (
				en,
				Base,
			);
			mainGroup = 7292FFF9251D1F3D0050194B;
			packageReferences = (
			);
			productRefGroup = 72920003251D1F3D0050194B /* Products */;
			projectDirPath = "";
			projectRoot = "";
			targets = (
				72920001251D1F3D0050194B /* SubscriberWidget */,
				725FE1EB251D3983004B2907 /* SubscriberCountExtension */,
			);
		};
/* End PBXProject section */

/* Begin PBXResourcesBuildPhase section */
		725FE1EA251D3983004B2907 /* Resources */ = {
			isa = PBXResourcesBuildPhase;
			buildActionMask = 2147483647;
			files = (
				725FE1F7251D3988004B2907 /* Assets.xcassets in Resources */,
			);
			runOnlyForDeploymentPostprocessing = 0;
		};
		72920000251D1F3D0050194B /* Resources */ = {
			isa = PBXResourcesBuildPhase;
			buildActionMask = 2147483647;
			files = (
				72920012251D1F420050194B /* LaunchScreen.storyboard in Resources */,
				7292000F251D1F420050194B /* Preview Assets.xcassets in Resources */,
				7292000C251D1F420050194B /* Assets.xcassets in Resources */,
			);
			runOnlyForDeploymentPostprocessing = 0;
		};
/* End PBXResourcesBuildPhase section */

/* Begin PBXSourcesBuildPhase section */
		725FE1E8251D3983004B2907 /* Sources */ = {
			isa = PBXSourcesBuildPhase;
			buildActionMask = 2147483647;
			files = (
				725FE1F9251D3988004B2907 /* SubscriberCount.intentdefinition in Sources */,
				72EFF49B252015D1007E1FA6 /* Channel.swift in Sources */,
				7295DACF25294C50005FA093 /* SmallWidget.swift in Sources */,
				72EFF4A1252016FF007E1FA6 /* ViewModel.swift in Sources */,
				72EFF4AC25201B3B007E1FA6 /* YouTubeChannel.swift in Sources */,
				72A3B472252E2CC300891D69 /* Constants.swift in Sources */,
				72A3B46F252E2CB300891D69 /* Subscribers.swift in Sources */,
				725FE1F4251D3983004B2907 /* SubscriberCount.swift in Sources */,
				7207541D25D73CD7003411CE /* Extensions.swift in Sources */,
				7277197E2555E07A00358EEB /* ChannelID.swift in Sources */,
				7295DAB22528FF3C005FA093 /* NetworkImage.swift in Sources */,
				7295DAD425294CB6005FA093 /* MediumWidget.swift in Sources */,
				72EFF4A425201712007E1FA6 /* Response.swift in Sources */,
			);
			runOnlyForDeploymentPostprocessing = 0;
		};
		7292FFFE251D1F3D0050194B /* Sources */ = {
			isa = PBXSourcesBuildPhase;
			buildActionMask = 2147483647;
			files = (
				725FE1FA251D3988004B2907 /* SubscriberCount.intentdefinition in Sources */,
				72D820A525D74DBE008240B2 /* WidgetSizePicker.swift in Sources */,
				7295DABF252909BC005FA093 /* Constants.swift in Sources */,
				7207540825D732D7003411CE /* ChannelTextField.swift in Sources */,
				72D820AB25D75440008240B2 /* WidgetPreview.swift in Sources */,
				7207541025D739CC003411CE /* HelpButton.swift in Sources */,
				7295DACE25294C50005FA093 /* SmallWidget.swift in Sources */,
				7295DAD325294CB6005FA093 /* MediumWidget.swift in Sources */,
				72EFF4AB25201B3B007E1FA6 /* YouTubeChannel.swift in Sources */,
				7207541425D73B4D003411CE /* WidgetColorPicker.swift in Sources */,
				7277197B2555E05000358EEB /* ChannelID.swift in Sources */,
				725FE213251D4905004B2907 /* Channel.swift in Sources */,
				725FE209251D44B1004B2907 /* Subscribers.swift in Sources */,
				72D820A125D74613008240B2 /* ResetButton.swift in Sources */,
				7207540C25D73504003411CE /* SubmitButton.swift in Sources */,
				72920006251D1F3D0050194B /* AppDelegate.swift in Sources */,
				725FE205251D3E75004B2907 /* ViewModel.swift in Sources */,
				7207541825D73C8F003411CE /* Extensions.swift in Sources */,
				7295DAB12528FF3C005FA093 /* NetworkImage.swift in Sources */,
				72920008251D1F3D0050194B /* SceneDelegate.swift in Sources */,
				7292000A251D1F3D0050194B /* ContentView.swift in Sources */,
				725FE20D251D4607004B2907 /* Response.swift in Sources */,
			);
			runOnlyForDeploymentPostprocessing = 0;
		};
/* End PBXSourcesBuildPhase section */

/* Begin PBXTargetDependency section */
		725FE1FC251D3988004B2907 /* PBXTargetDependency */ = {
			isa = PBXTargetDependency;
			target = 725FE1EB251D3983004B2907 /* SubscriberCountExtension */;
			targetProxy = 725FE1FB251D3988004B2907 /* PBXContainerItemProxy */;
		};
/* End PBXTargetDependency section */

/* Begin PBXVariantGroup section */
		72920010251D1F420050194B /* LaunchScreen.storyboard */ = {
			isa = PBXVariantGroup;
			children = (
				72920011251D1F420050194B /* Base */,
			);
			name = LaunchScreen.storyboard;
			sourceTree = "<group>";
		};
/* End PBXVariantGroup section */

/* Begin XCBuildConfiguration section */
		725FE1FF251D3988004B2907 /* Debug */ = {
			isa = XCBuildConfiguration;
			buildSettings = {
				ASSETCATALOG_COMPILER_GLOBAL_ACCENT_COLOR_NAME = AccentColor;
				ASSETCATALOG_COMPILER_WIDGET_BACKGROUND_COLOR_NAME = WidgetBackground;
				CLANG_WARN_QUOTED_INCLUDE_IN_FRAMEWORK_HEADER = YES;
				CODE_SIGN_ENTITLEMENTS = SubscriberCountExtension.entitlements;
				CODE_SIGN_STYLE = Automatic;
				CURRENT_PROJECT_VERSION = 2;
				DEVELOPMENT_TEAM = 3KFKTY5JX3;
				INFOPLIST_FILE = SubscriberCount/Info.plist;
				IPHONEOS_DEPLOYMENT_TARGET = 14.0;
				LD_RUNPATH_SEARCH_PATHS = (
					"$(inherited)",
					"@executable_path/Frameworks",
					"@executable_path/../../Frameworks",
				);
				MARKETING_VERSION = 1.1;
				PRODUCT_BUNDLE_IDENTIFIER = com.arjundureja.SubscriberWidget.SubscriberCount;
				PRODUCT_NAME = "$(TARGET_NAME)";
				SKIP_INSTALL = YES;
				SUPPORTS_MACCATALYST = NO;
				SWIFT_VERSION = 5.0;
				TARGETED_DEVICE_FAMILY = "1,2";
			};
			name = Debug;
		};
		725FE200251D3988004B2907 /* Release */ = {
			isa = XCBuildConfiguration;
			buildSettings = {
				ASSETCATALOG_COMPILER_GLOBAL_ACCENT_COLOR_NAME = AccentColor;
				ASSETCATALOG_COMPILER_WIDGET_BACKGROUND_COLOR_NAME = WidgetBackground;
				CLANG_WARN_QUOTED_INCLUDE_IN_FRAMEWORK_HEADER = YES;
				CODE_SIGN_ENTITLEMENTS = SubscriberCountExtension.entitlements;
				CODE_SIGN_STYLE = Automatic;
				CURRENT_PROJECT_VERSION = 2;
				DEVELOPMENT_TEAM = 3KFKTY5JX3;
				INFOPLIST_FILE = SubscriberCount/Info.plist;
				IPHONEOS_DEPLOYMENT_TARGET = 14.0;
				LD_RUNPATH_SEARCH_PATHS = (
					"$(inherited)",
					"@executable_path/Frameworks",
					"@executable_path/../../Frameworks",
				);
				MARKETING_VERSION = 1.1;
				PRODUCT_BUNDLE_IDENTIFIER = com.arjundureja.SubscriberWidget.SubscriberCount;
				PRODUCT_NAME = "$(TARGET_NAME)";
				SKIP_INSTALL = YES;
				SUPPORTS_MACCATALYST = NO;
				SWIFT_VERSION = 5.0;
				TARGETED_DEVICE_FAMILY = "1,2";
			};
			name = Release;
		};
		72920014251D1F420050194B /* Debug */ = {
			isa = XCBuildConfiguration;
			buildSettings = {
				ALWAYS_SEARCH_USER_PATHS = NO;
				CLANG_ANALYZER_NONNULL = YES;
				CLANG_ANALYZER_NUMBER_OBJECT_CONVERSION = YES_AGGRESSIVE;
				CLANG_CXX_LANGUAGE_STANDARD = "gnu++14";
				CLANG_CXX_LIBRARY = "libc++";
				CLANG_ENABLE_MODULES = YES;
				CLANG_ENABLE_OBJC_ARC = YES;
				CLANG_ENABLE_OBJC_WEAK = YES;
				CLANG_WARN_BLOCK_CAPTURE_AUTORELEASING = YES;
				CLANG_WARN_BOOL_CONVERSION = YES;
				CLANG_WARN_COMMA = YES;
				CLANG_WARN_CONSTANT_CONVERSION = YES;
				CLANG_WARN_DEPRECATED_OBJC_IMPLEMENTATIONS = YES;
				CLANG_WARN_DIRECT_OBJC_ISA_USAGE = YES_ERROR;
				CLANG_WARN_DOCUMENTATION_COMMENTS = YES;
				CLANG_WARN_EMPTY_BODY = YES;
				CLANG_WARN_ENUM_CONVERSION = YES;
				CLANG_WARN_INFINITE_RECURSION = YES;
				CLANG_WARN_INT_CONVERSION = YES;
				CLANG_WARN_NON_LITERAL_NULL_CONVERSION = YES;
				CLANG_WARN_OBJC_IMPLICIT_RETAIN_SELF = YES;
				CLANG_WARN_OBJC_LITERAL_CONVERSION = YES;
				CLANG_WARN_OBJC_ROOT_CLASS = YES_ERROR;
				CLANG_WARN_QUOTED_INCLUDE_IN_FRAMEWORK_HEADER = YES;
				CLANG_WARN_RANGE_LOOP_ANALYSIS = YES;
				CLANG_WARN_STRICT_PROTOTYPES = YES;
				CLANG_WARN_SUSPICIOUS_MOVE = YES;
				CLANG_WARN_UNGUARDED_AVAILABILITY = YES_AGGRESSIVE;
				CLANG_WARN_UNREACHABLE_CODE = YES;
				CLANG_WARN__DUPLICATE_METHOD_MATCH = YES;
				COPY_PHASE_STRIP = NO;
				DEBUG_INFORMATION_FORMAT = dwarf;
				ENABLE_STRICT_OBJC_MSGSEND = YES;
				ENABLE_TESTABILITY = YES;
				GCC_C_LANGUAGE_STANDARD = gnu11;
				GCC_DYNAMIC_NO_PIC = NO;
				GCC_NO_COMMON_BLOCKS = YES;
				GCC_OPTIMIZATION_LEVEL = 0;
				GCC_PREPROCESSOR_DEFINITIONS = (
					"DEBUG=1",
					"$(inherited)",
				);
				GCC_WARN_64_TO_32_BIT_CONVERSION = YES;
				GCC_WARN_ABOUT_RETURN_TYPE = YES_ERROR;
				GCC_WARN_UNDECLARED_SELECTOR = YES;
				GCC_WARN_UNINITIALIZED_AUTOS = YES_AGGRESSIVE;
				GCC_WARN_UNUSED_FUNCTION = YES;
				GCC_WARN_UNUSED_VARIABLE = YES;
				IPHONEOS_DEPLOYMENT_TARGET = 14.0;
				MTL_ENABLE_DEBUG_INFO = INCLUDE_SOURCE;
				MTL_FAST_MATH = YES;
				ONLY_ACTIVE_ARCH = YES;
				SDKROOT = iphoneos;
				SWIFT_ACTIVE_COMPILATION_CONDITIONS = DEBUG;
				SWIFT_OPTIMIZATION_LEVEL = "-Onone";
			};
			name = Debug;
		};
		72920015251D1F420050194B /* Release */ = {
			isa = XCBuildConfiguration;
			buildSettings = {
				ALWAYS_SEARCH_USER_PATHS = NO;
				CLANG_ANALYZER_NONNULL = YES;
				CLANG_ANALYZER_NUMBER_OBJECT_CONVERSION = YES_AGGRESSIVE;
				CLANG_CXX_LANGUAGE_STANDARD = "gnu++14";
				CLANG_CXX_LIBRARY = "libc++";
				CLANG_ENABLE_MODULES = YES;
				CLANG_ENABLE_OBJC_ARC = YES;
				CLANG_ENABLE_OBJC_WEAK = YES;
				CLANG_WARN_BLOCK_CAPTURE_AUTORELEASING = YES;
				CLANG_WARN_BOOL_CONVERSION = YES;
				CLANG_WARN_COMMA = YES;
				CLANG_WARN_CONSTANT_CONVERSION = YES;
				CLANG_WARN_DEPRECATED_OBJC_IMPLEMENTATIONS = YES;
				CLANG_WARN_DIRECT_OBJC_ISA_USAGE = YES_ERROR;
				CLANG_WARN_DOCUMENTATION_COMMENTS = YES;
				CLANG_WARN_EMPTY_BODY = YES;
				CLANG_WARN_ENUM_CONVERSION = YES;
				CLANG_WARN_INFINITE_RECURSION = YES;
				CLANG_WARN_INT_CONVERSION = YES;
				CLANG_WARN_NON_LITERAL_NULL_CONVERSION = YES;
				CLANG_WARN_OBJC_IMPLICIT_RETAIN_SELF = YES;
				CLANG_WARN_OBJC_LITERAL_CONVERSION = YES;
				CLANG_WARN_OBJC_ROOT_CLASS = YES_ERROR;
				CLANG_WARN_QUOTED_INCLUDE_IN_FRAMEWORK_HEADER = YES;
				CLANG_WARN_RANGE_LOOP_ANALYSIS = YES;
				CLANG_WARN_STRICT_PROTOTYPES = YES;
				CLANG_WARN_SUSPICIOUS_MOVE = YES;
				CLANG_WARN_UNGUARDED_AVAILABILITY = YES_AGGRESSIVE;
				CLANG_WARN_UNREACHABLE_CODE = YES;
				CLANG_WARN__DUPLICATE_METHOD_MATCH = YES;
				COPY_PHASE_STRIP = NO;
				DEBUG_INFORMATION_FORMAT = "dwarf-with-dsym";
				ENABLE_NS_ASSERTIONS = NO;
				ENABLE_STRICT_OBJC_MSGSEND = YES;
				GCC_C_LANGUAGE_STANDARD = gnu11;
				GCC_NO_COMMON_BLOCKS = YES;
				GCC_WARN_64_TO_32_BIT_CONVERSION = YES;
				GCC_WARN_ABOUT_RETURN_TYPE = YES_ERROR;
				GCC_WARN_UNDECLARED_SELECTOR = YES;
				GCC_WARN_UNINITIALIZED_AUTOS = YES_AGGRESSIVE;
				GCC_WARN_UNUSED_FUNCTION = YES;
				GCC_WARN_UNUSED_VARIABLE = YES;
				IPHONEOS_DEPLOYMENT_TARGET = 14.0;
				MTL_ENABLE_DEBUG_INFO = NO;
				MTL_FAST_MATH = YES;
				SDKROOT = iphoneos;
				SWIFT_COMPILATION_MODE = wholemodule;
				SWIFT_OPTIMIZATION_LEVEL = "-O";
				VALIDATE_PRODUCT = YES;
			};
			name = Release;
		};
		72920017251D1F420050194B /* Debug */ = {
			isa = XCBuildConfiguration;
			buildSettings = {
				ALWAYS_EMBED_SWIFT_STANDARD_LIBRARIES = YES;
				ASSETCATALOG_COMPILER_APPICON_NAME = AppIcon;
				CODE_SIGN_ENTITLEMENTS = SubscriberWidget/SubscriberWidget.entitlements;
				CODE_SIGN_STYLE = Automatic;
				CURRENT_PROJECT_VERSION = 2;
				DEVELOPMENT_ASSET_PATHS = "\"SubscriberWidget/Preview Content\"";
				DEVELOPMENT_TEAM = 3KFKTY5JX3;
				ENABLE_PREVIEWS = YES;
				INFOPLIST_FILE = SubscriberWidget/Info.plist;
				IPHONEOS_DEPLOYMENT_TARGET = 14.0;
				LD_RUNPATH_SEARCH_PATHS = (
					"$(inherited)",
					"@executable_path/Frameworks",
				);
				MARKETING_VERSION = 1.1;
				PRODUCT_BUNDLE_IDENTIFIER = com.arjundureja.SubscriberWidget;
				PRODUCT_NAME = SubWidget;
				SUPPORTS_MACCATALYST = NO;
				SWIFT_VERSION = 5.0;
				TARGETED_DEVICE_FAMILY = "1,2";
			};
			name = Debug;
		};
		72920018251D1F420050194B /* Release */ = {
			isa = XCBuildConfiguration;
			buildSettings = {
				ALWAYS_EMBED_SWIFT_STANDARD_LIBRARIES = YES;
				ASSETCATALOG_COMPILER_APPICON_NAME = AppIcon;
				CODE_SIGN_ENTITLEMENTS = SubscriberWidget/SubscriberWidget.entitlements;
				CODE_SIGN_STYLE = Automatic;
				CURRENT_PROJECT_VERSION = 2;
				DEVELOPMENT_ASSET_PATHS = "\"SubscriberWidget/Preview Content\"";
				DEVELOPMENT_TEAM = 3KFKTY5JX3;
				ENABLE_PREVIEWS = YES;
				INFOPLIST_FILE = SubscriberWidget/Info.plist;
				IPHONEOS_DEPLOYMENT_TARGET = 14.0;
				LD_RUNPATH_SEARCH_PATHS = (
					"$(inherited)",
					"@executable_path/Frameworks",
				);
				MARKETING_VERSION = 1.1;
				PRODUCT_BUNDLE_IDENTIFIER = com.arjundureja.SubscriberWidget;
				PRODUCT_NAME = SubWidget;
				SUPPORTS_MACCATALYST = NO;
				SWIFT_VERSION = 5.0;
				TARGETED_DEVICE_FAMILY = "1,2";
			};
			name = Release;
		};
/* End XCBuildConfiguration section */

/* Begin XCConfigurationList section */
		725FE201251D3988004B2907 /* Build configuration list for PBXNativeTarget "SubscriberCountExtension" */ = {
			isa = XCConfigurationList;
			buildConfigurations = (
				725FE1FF251D3988004B2907 /* Debug */,
				725FE200251D3988004B2907 /* Release */,
			);
			defaultConfigurationIsVisible = 0;
			defaultConfigurationName = Release;
		};
		72920016251D1F420050194B /* Build configuration list for PBXNativeTarget "SubscriberWidget" */ = {
			isa = XCConfigurationList;
			buildConfigurations = (
				72920017251D1F420050194B /* Debug */,
				72920018251D1F420050194B /* Release */,
			);
			defaultConfigurationIsVisible = 0;
			defaultConfigurationName = Release;
		};
		7292FFFD251D1F3D0050194B /* Build configuration list for PBXProject "SubscriberWidget" */ = {
			isa = XCConfigurationList;
			buildConfigurations = (
				72920014251D1F420050194B /* Debug */,
				72920015251D1F420050194B /* Release */,
			);
			defaultConfigurationIsVisible = 0;
			defaultConfigurationName = Release;
		};
/* End XCConfigurationList section */
	};
	rootObject = 7292FFFA251D1F3D0050194B /* Project object */;
}
