// !$*UTF8*$!
{
	archiveVersion = 1;
	classes = {
	};
	objectVersion = 54;
	objects = {

/* Begin PBXBuildFile section */
		7207540825D732D7003411CE /* ChannelTextField.swift in Sources */ = {isa = PBXBuildFile; fileRef = 7207540725D732D7003411CE /* ChannelTextField.swift */; };
		7207540C25D73504003411CE /* SubmitButton.swift in Sources */ = {isa = PBXBuildFile; fileRef = 7207540B25D73504003411CE /* SubmitButton.swift */; };
		7207541025D739CC003411CE /* HelpButton.swift in Sources */ = {isa = PBXBuildFile; fileRef = 7207540F25D739CC003411CE /* HelpButton.swift */; };
		7207541425D73B4D003411CE /* WidgetColorPicker.swift in Sources */ = {isa = PBXBuildFile; fileRef = 7207541325D73B4D003411CE /* WidgetColorPicker.swift */; };
		7207541825D73C8F003411CE /* Extensions.swift in Sources */ = {isa = PBXBuildFile; fileRef = 7207541725D73C8F003411CE /* Extensions.swift */; };
		7207541D25D73CD7003411CE /* Extensions.swift in Sources */ = {isa = PBXBuildFile; fileRef = 7207541725D73C8F003411CE /* Extensions.swift */; };
		7211034F2B5A2DB700D4D7B5 /* AddWidgetButton.swift in Sources */ = {isa = PBXBuildFile; fileRef = 7211034E2B5A2DB700D4D7B5 /* AddWidgetButton.swift */; };
		721103512B5A2E4100D4D7B5 /* NetworkError.swift in Sources */ = {isa = PBXBuildFile; fileRef = 721103502B5A2E4100D4D7B5 /* NetworkError.swift */; };
		7211EB68282CB7BD00E3CDA9 /* SubWidgetError.swift in Sources */ = {isa = PBXBuildFile; fileRef = 7211EB67282CB7BD00E3CDA9 /* SubWidgetError.swift */; };
		721AC2C925DA4C3200C6100C /* ChannelID.swift in Sources */ = {isa = PBXBuildFile; fileRef = 7277197A2555E05000358EEB /* ChannelID.swift */; };
		721AC2CA25DA4C3200C6100C /* YouTubeChannel.swift in Sources */ = {isa = PBXBuildFile; fileRef = 72EFF4AA25201B3B007E1FA6 /* YouTubeChannel.swift */; };
		721AC2CB25DA4C3200C6100C /* ViewModel.swift in Sources */ = {isa = PBXBuildFile; fileRef = 725FE204251D3E75004B2907 /* ViewModel.swift */; };
		721AC2CC25DA4C3200C6100C /* Channel.swift in Sources */ = {isa = PBXBuildFile; fileRef = 725FE212251D4905004B2907 /* Channel.swift */; };
		721AC2CD25DA4C3200C6100C /* Subscribers.swift in Sources */ = {isa = PBXBuildFile; fileRef = 725FE208251D44B1004B2907 /* Subscribers.swift */; };
		721AC2CE25DA4C3200C6100C /* Response.swift in Sources */ = {isa = PBXBuildFile; fileRef = 725FE20C251D4607004B2907 /* Response.swift */; };
		721AC2DB25DA4FAF00C6100C /* Constants.swift in Sources */ = {isa = PBXBuildFile; fileRef = 7295DABE252909BC005FA093 /* Constants.swift */; };
		721AC2E225DA4FF200C6100C /* Extensions.swift in Sources */ = {isa = PBXBuildFile; fileRef = 7207541725D73C8F003411CE /* Extensions.swift */; };
		721AC2E825DA505700C6100C /* SubWidgetIntentTimelineProvider.swift in Sources */ = {isa = PBXBuildFile; fileRef = 721AC2E625DA505700C6100C /* SubWidgetIntentTimelineProvider.swift */; };
		722232ED2877592600A55A4D /* WhatsNewListItem.swift in Sources */ = {isa = PBXBuildFile; fileRef = 722232EC2877592600A55A4D /* WhatsNewListItem.swift */; };
		722E2E742B5E280C00E4832E /* YouTubeServiceProtocol.swift in Sources */ = {isa = PBXBuildFile; fileRef = 722E2E732B5E280C00E4832E /* YouTubeServiceProtocol.swift */; };
		722E2E752B5E286D00E4832E /* YouTubeServiceProtocol.swift in Sources */ = {isa = PBXBuildFile; fileRef = 722E2E732B5E280C00E4832E /* YouTubeServiceProtocol.swift */; };
		722E2E762B5E286D00E4832E /* YouTubeServiceProtocol.swift in Sources */ = {isa = PBXBuildFile; fileRef = 722E2E732B5E280C00E4832E /* YouTubeServiceProtocol.swift */; };
		722E2E782B5E2C5600E4832E /* ChannelStorageServiceProtocol.swift in Sources */ = {isa = PBXBuildFile; fileRef = 722E2E772B5E2C5600E4832E /* ChannelStorageServiceProtocol.swift */; };
		722E2E7A2B5E2D2800E4832E /* ChannelStorageService.swift in Sources */ = {isa = PBXBuildFile; fileRef = 722E2E792B5E2D2800E4832E /* ChannelStorageService.swift */; };
		722E2E7B2B5E2DE200E4832E /* ChannelStorageService.swift in Sources */ = {isa = PBXBuildFile; fileRef = 722E2E792B5E2D2800E4832E /* ChannelStorageService.swift */; };
		722E2E7C2B5E2DE200E4832E /* ChannelStorageService.swift in Sources */ = {isa = PBXBuildFile; fileRef = 722E2E792B5E2D2800E4832E /* ChannelStorageService.swift */; };
		722E2E7D2B5E2E1000E4832E /* ChannelStorageServiceProtocol.swift in Sources */ = {isa = PBXBuildFile; fileRef = 722E2E772B5E2C5600E4832E /* ChannelStorageServiceProtocol.swift */; };
		722E2E7E2B5E2E1000E4832E /* ChannelStorageServiceProtocol.swift in Sources */ = {isa = PBXBuildFile; fileRef = 722E2E772B5E2C5600E4832E /* ChannelStorageServiceProtocol.swift */; };
		722E2E802B64D0F500E4832E /* FormattedCount.swift in Sources */ = {isa = PBXBuildFile; fileRef = 722E2E7F2B64D0F400E4832E /* FormattedCount.swift */; };
		722E2E812B64D0F500E4832E /* FormattedCount.swift in Sources */ = {isa = PBXBuildFile; fileRef = 722E2E7F2B64D0F400E4832E /* FormattedCount.swift */; };
		722E2E852B65F86B00E4832E /* Mixpanel in Frameworks */ = {isa = PBXBuildFile; productRef = 722E2E842B65F86B00E4832E /* Mixpanel */; };
		722E2E872B65FAE900E4832E /* AnalyticsService.swift in Sources */ = {isa = PBXBuildFile; fileRef = 722E2E862B65FAE900E4832E /* AnalyticsService.swift */; };
		722E2E892B65FDF200E4832E /* AnalyticsService.swift in Sources */ = {isa = PBXBuildFile; fileRef = 722E2E862B65FAE900E4832E /* AnalyticsService.swift */; };
		722E2E8A2B65FDF300E4832E /* AnalyticsService.swift in Sources */ = {isa = PBXBuildFile; fileRef = 722E2E862B65FAE900E4832E /* AnalyticsService.swift */; };
		722E2E8C2B65FDFC00E4832E /* Mixpanel in Frameworks */ = {isa = PBXBuildFile; productRef = 722E2E8B2B65FDFC00E4832E /* Mixpanel */; };
		722E2E8E2B65FE0400E4832E /* Mixpanel in Frameworks */ = {isa = PBXBuildFile; productRef = 722E2E8D2B65FE0400E4832E /* Mixpanel */; };
		72345923286025B9000C7DA5 /* FAQItem.swift in Sources */ = {isa = PBXBuildFile; fileRef = 72345922286025B8000C7DA5 /* FAQItem.swift */; };
		72345924286025DF000C7DA5 /* FAQItem.swift in Sources */ = {isa = PBXBuildFile; fileRef = 72345922286025B8000C7DA5 /* FAQItem.swift */; };
		72345925286025DF000C7DA5 /* FAQItem.swift in Sources */ = {isa = PBXBuildFile; fileRef = 72345922286025B8000C7DA5 /* FAQItem.swift */; };
		723459272868D8A4000C7DA5 /* RefreshFrequencies.swift in Sources */ = {isa = PBXBuildFile; fileRef = 723459262868D8A4000C7DA5 /* RefreshFrequencies.swift */; };
		723459282868DB35000C7DA5 /* RefreshFrequencies.swift in Sources */ = {isa = PBXBuildFile; fileRef = 723459262868D8A4000C7DA5 /* RefreshFrequencies.swift */; };
		723459292868DB35000C7DA5 /* RefreshFrequencies.swift in Sources */ = {isa = PBXBuildFile; fileRef = 723459262868D8A4000C7DA5 /* RefreshFrequencies.swift */; };
		7234592B2869581B000C7DA5 /* RefreshFrequency.swift in Sources */ = {isa = PBXBuildFile; fileRef = 7234592A2869581B000C7DA5 /* RefreshFrequency.swift */; };
		7234592D28695D96000C7DA5 /* SafariSheet.swift in Sources */ = {isa = PBXBuildFile; fileRef = 7234592C28695D96000C7DA5 /* SafariSheet.swift */; };
		7234592F286960C0000C7DA5 /* FormLabel.swift in Sources */ = {isa = PBXBuildFile; fileRef = 7234592E286960C0000C7DA5 /* FormLabel.swift */; };
		723459312877528D000C7DA5 /* WhatsNewView.swift in Sources */ = {isa = PBXBuildFile; fileRef = 723459302877528D000C7DA5 /* WhatsNewView.swift */; };
		7243E144282CB86B00A0FFF1 /* SubWidgetError.swift in Sources */ = {isa = PBXBuildFile; fileRef = 7211EB67282CB7BD00E3CDA9 /* SubWidgetError.swift */; };
		7243E145282CB86B00A0FFF1 /* SubWidgetError.swift in Sources */ = {isa = PBXBuildFile; fileRef = 7211EB67282CB7BD00E3CDA9 /* SubWidgetError.swift */; };
		724BD92A2AB4063A008C1DB2 /* Cache in Frameworks */ = {isa = PBXBuildFile; productRef = 724BD9292AB4063A008C1DB2 /* Cache */; };
		725059F625D881F20064A451 /* MainView.swift in Sources */ = {isa = PBXBuildFile; fileRef = 725059F525D881F20064A451 /* MainView.swift */; };
		725059FA25D882080064A451 /* SettingsView.swift in Sources */ = {isa = PBXBuildFile; fileRef = 725059F925D882080064A451 /* SettingsView.swift */; };
		72505A0C25DA400B0064A451 /* CustomizeWidgetHeader.swift in Sources */ = {isa = PBXBuildFile; fileRef = 72505A0B25DA400B0064A451 /* CustomizeWidgetHeader.swift */; };
		725F3BDA2B6F11AC00E0B44A /* SubscriberCountWidget.swift in Sources */ = {isa = PBXBuildFile; fileRef = 725F3BD82B6F11AC00E0B44A /* SubscriberCountWidget.swift */; };
		725F3BDE2B6F120B00E0B44A /* ViewCountWidget.swift in Sources */ = {isa = PBXBuildFile; fileRef = 725F3BDC2B6F120B00E0B44A /* ViewCountWidget.swift */; };
		725F3BE12B6F124000E0B44A /* WidgetBundle.swift in Sources */ = {isa = PBXBuildFile; fileRef = 725F3BDF2B6F124000E0B44A /* WidgetBundle.swift */; };
		725F3BE32B6F18B300E0B44A /* SubWidgetIntentTimelineProvider.swift in Sources */ = {isa = PBXBuildFile; fileRef = 721AC2E625DA505700C6100C /* SubWidgetIntentTimelineProvider.swift */; };
		725FE1EF251D3983004B2907 /* WidgetKit.framework in Frameworks */ = {isa = PBXBuildFile; fileRef = 725FE1EE251D3983004B2907 /* WidgetKit.framework */; platformFilter = ios; };
		725FE1F1251D3983004B2907 /* SwiftUI.framework in Frameworks */ = {isa = PBXBuildFile; fileRef = 725FE1F0251D3983004B2907 /* SwiftUI.framework */; };
		725FE1F7251D3988004B2907 /* Assets.xcassets in Resources */ = {isa = PBXBuildFile; fileRef = 725FE1F6251D3988004B2907 /* Assets.xcassets */; };
		725FE1FD251D3988004B2907 /* SubscriberCountExtension.appex in Embed Foundation Extensions */ = {isa = PBXBuildFile; fileRef = 725FE1EC251D3983004B2907 /* SubscriberCountExtension.appex */; settings = {ATTRIBUTES = (RemoveHeadersOnCopy, ); }; };
		725FE205251D3E75004B2907 /* ViewModel.swift in Sources */ = {isa = PBXBuildFile; fileRef = 725FE204251D3E75004B2907 /* ViewModel.swift */; };
		725FE209251D44B1004B2907 /* Subscribers.swift in Sources */ = {isa = PBXBuildFile; fileRef = 725FE208251D44B1004B2907 /* Subscribers.swift */; };
		725FE20D251D4607004B2907 /* Response.swift in Sources */ = {isa = PBXBuildFile; fileRef = 725FE20C251D4607004B2907 /* Response.swift */; };
		725FE213251D4905004B2907 /* Channel.swift in Sources */ = {isa = PBXBuildFile; fileRef = 725FE212251D4905004B2907 /* Channel.swift */; };
		7274F54C2B7050CB000154EA /* FormattedCaption.swift in Sources */ = {isa = PBXBuildFile; fileRef = 7274F54B2B7050CB000154EA /* FormattedCaption.swift */; };
		7274F54D2B7050CB000154EA /* FormattedCaption.swift in Sources */ = {isa = PBXBuildFile; fileRef = 7274F54B2B7050CB000154EA /* FormattedCaption.swift */; };
		7277197B2555E05000358EEB /* ChannelID.swift in Sources */ = {isa = PBXBuildFile; fileRef = 7277197A2555E05000358EEB /* ChannelID.swift */; };
		7277197E2555E07A00358EEB /* ChannelID.swift in Sources */ = {isa = PBXBuildFile; fileRef = 7277197A2555E05000358EEB /* ChannelID.swift */; };
		728683C225DA44AE00568034 /* Intents.framework in Frameworks */ = {isa = PBXBuildFile; fileRef = 728683C125DA44AE00568034 /* Intents.framework */; };
		728683C525DA44AE00568034 /* IntentHandler.swift in Sources */ = {isa = PBXBuildFile; fileRef = 728683C425DA44AE00568034 /* IntentHandler.swift */; };
		728683DA25DA44AE00568034 /* SubWidgetIntents.appex in Embed Foundation Extensions */ = {isa = PBXBuildFile; fileRef = 728683C025DA44AE00568034 /* SubWidgetIntents.appex */; settings = {ATTRIBUTES = (RemoveHeadersOnCopy, ); }; };
		72871554285EB8FC000C68D9 /* FAQ.swift in Sources */ = {isa = PBXBuildFile; fileRef = 72871553285EB8FC000C68D9 /* FAQ.swift */; };
		728E246C25D7757400D4BB6E /* SafariView.swift in Sources */ = {isa = PBXBuildFile; fileRef = 728E246B25D7757400D4BB6E /* SafariView.swift */; };
		728E247825D781E300D4BB6E /* WidgetListView.swift in Sources */ = {isa = PBXBuildFile; fileRef = 728E247725D781E300D4BB6E /* WidgetListView.swift */; };
		728E247C25D7978600D4BB6E /* ChannelListRow.swift in Sources */ = {isa = PBXBuildFile; fileRef = 728E247B25D7978600D4BB6E /* ChannelListRow.swift */; };
		72920006251D1F3D0050194B /* AppDelegate.swift in Sources */ = {isa = PBXBuildFile; fileRef = 72920005251D1F3D0050194B /* AppDelegate.swift */; };
		72920008251D1F3D0050194B /* SceneDelegate.swift in Sources */ = {isa = PBXBuildFile; fileRef = 72920007251D1F3D0050194B /* SceneDelegate.swift */; };
		7292000A251D1F3D0050194B /* CustomizeWidgetView.swift in Sources */ = {isa = PBXBuildFile; fileRef = 72920009251D1F3D0050194B /* CustomizeWidgetView.swift */; };
		7292000C251D1F420050194B /* Assets.xcassets in Resources */ = {isa = PBXBuildFile; fileRef = 7292000B251D1F420050194B /* Assets.xcassets */; };
		7292000F251D1F420050194B /* Preview Assets.xcassets in Resources */ = {isa = PBXBuildFile; fileRef = 7292000E251D1F420050194B /* Preview Assets.xcassets */; };
		72920012251D1F420050194B /* LaunchScreen.storyboard in Resources */ = {isa = PBXBuildFile; fileRef = 72920010251D1F420050194B /* LaunchScreen.storyboard */; };
		7295DABF252909BC005FA093 /* Constants.swift in Sources */ = {isa = PBXBuildFile; fileRef = 7295DABE252909BC005FA093 /* Constants.swift */; };
		7295DACE25294C50005FA093 /* SmallWidget.swift in Sources */ = {isa = PBXBuildFile; fileRef = 7295DACD25294C50005FA093 /* SmallWidget.swift */; };
		7295DACF25294C50005FA093 /* SmallWidget.swift in Sources */ = {isa = PBXBuildFile; fileRef = 7295DACD25294C50005FA093 /* SmallWidget.swift */; };
		7295DAD325294CB6005FA093 /* MediumWidget.swift in Sources */ = {isa = PBXBuildFile; fileRef = 7295DAD225294CB6005FA093 /* MediumWidget.swift */; };
		7295DAD425294CB6005FA093 /* MediumWidget.swift in Sources */ = {isa = PBXBuildFile; fileRef = 7295DAD225294CB6005FA093 /* MediumWidget.swift */; };
		7295EC152B9D8FAA004E0EFB /* Localizable.strings in Resources */ = {isa = PBXBuildFile; fileRef = 7295EC132B9D8FAA004E0EFB /* Localizable.strings */; };
		7299DC652B958A1F00B85EF3 /* Localizable.xcstrings in Resources */ = {isa = PBXBuildFile; fileRef = 7299DC642B958A1F00B85EF3 /* Localizable.xcstrings */; };
		72A3B46F252E2CB300891D69 /* Subscribers.swift in Sources */ = {isa = PBXBuildFile; fileRef = 725FE208251D44B1004B2907 /* Subscribers.swift */; };
		72A3B472252E2CC300891D69 /* Constants.swift in Sources */ = {isa = PBXBuildFile; fileRef = 7295DABE252909BC005FA093 /* Constants.swift */; };
		72B5BB382897033B005D4897 /* EmptyState.swift in Sources */ = {isa = PBXBuildFile; fileRef = 72B5BB372897033B005D4897 /* EmptyState.swift */; };
		72B936F82AB40BC500997D20 /* Cache in Frameworks */ = {isa = PBXBuildFile; productRef = 72B936F72AB40BC500997D20 /* Cache */; };
		72B936FA2AB40BC900997D20 /* Cache in Frameworks */ = {isa = PBXBuildFile; productRef = 72B936F92AB40BC900997D20 /* Cache */; };
		72B936FB2AB40FB300997D20 /* Utils.swift in Sources */ = {isa = PBXBuildFile; fileRef = 72D12C8328DC1057002617E4 /* Utils.swift */; };
		72D12C8128DC0F8C002617E4 /* AsyncImageView.swift in Sources */ = {isa = PBXBuildFile; fileRef = 72D12C8028DC0F8C002617E4 /* AsyncImageView.swift */; };
		72D12C8228DC0F8C002617E4 /* AsyncImageView.swift in Sources */ = {isa = PBXBuildFile; fileRef = 72D12C8028DC0F8C002617E4 /* AsyncImageView.swift */; };
		72D12C8428DC1057002617E4 /* Utils.swift in Sources */ = {isa = PBXBuildFile; fileRef = 72D12C8328DC1057002617E4 /* Utils.swift */; };
		72D12C8528DC1057002617E4 /* Utils.swift in Sources */ = {isa = PBXBuildFile; fileRef = 72D12C8328DC1057002617E4 /* Utils.swift */; };
		72D68C1B2B537A4600DC4393 /* WidgetBackground.swift in Sources */ = {isa = PBXBuildFile; fileRef = 72D68C1A2B537A4600DC4393 /* WidgetBackground.swift */; };
		72D820A125D74613008240B2 /* ResetButton.swift in Sources */ = {isa = PBXBuildFile; fileRef = 72D820A025D74613008240B2 /* ResetButton.swift */; };
		72D820AB25D75440008240B2 /* WidgetPreview.swift in Sources */ = {isa = PBXBuildFile; fileRef = 72D820AA25D75440008240B2 /* WidgetPreview.swift */; };
		72DB77E02B56305400F8CFAB /* YouTubeService.swift in Sources */ = {isa = PBXBuildFile; fileRef = 72DB77DF2B56305400F8CFAB /* YouTubeService.swift */; };
		72DB77E12B5635F600F8CFAB /* YouTubeService.swift in Sources */ = {isa = PBXBuildFile; fileRef = 72DB77DF2B56305400F8CFAB /* YouTubeService.swift */; };
		72DB77E22B5635F700F8CFAB /* YouTubeService.swift in Sources */ = {isa = PBXBuildFile; fileRef = 72DB77DF2B56305400F8CFAB /* YouTubeService.swift */; };
		72DF862D28C3D61400452E3B /* LockscreenWidget.swift in Sources */ = {isa = PBXBuildFile; fileRef = 72DF862C28C3D61400452E3B /* LockscreenWidget.swift */; };
		72DF862E28C3D61400452E3B /* LockscreenWidget.swift in Sources */ = {isa = PBXBuildFile; fileRef = 72DF862C28C3D61400452E3B /* LockscreenWidget.swift */; };
		72E238DB2B819AE7001675B0 /* Palette.swift in Sources */ = {isa = PBXBuildFile; fileRef = 72E238DA2B819AE7001675B0 /* Palette.swift */; };
		72E3191A2841DA2900F1C1AE /* ConfigurationView.swift in Sources */ = {isa = PBXBuildFile; fileRef = 72E319192841DA2900F1C1AE /* ConfigurationView.swift */; };
		72E3191B2841DA9E00F1C1AE /* ConfigurationView.swift in Sources */ = {isa = PBXBuildFile; fileRef = 72E319192841DA2900F1C1AE /* ConfigurationView.swift */; };
		72E3191D2844683F00F1C1AE /* FAQCell.swift in Sources */ = {isa = PBXBuildFile; fileRef = 72E3191C2844683F00F1C1AE /* FAQCell.swift */; };
		72ED4F4A2AB7707100560A86 /* EmailForm.swift in Sources */ = {isa = PBXBuildFile; fileRef = 72ED4F492AB7707100560A86 /* EmailForm.swift */; };
		72EDBB5528EA3B480054ECD0 /* YouTubeLogo.swift in Sources */ = {isa = PBXBuildFile; fileRef = 72EDBB5428EA3B480054ECD0 /* YouTubeLogo.swift */; };
		72EDBB5628EA3B480054ECD0 /* YouTubeLogo.swift in Sources */ = {isa = PBXBuildFile; fileRef = 72EDBB5428EA3B480054ECD0 /* YouTubeLogo.swift */; };
		72EFB9332B9D30BE00609DC5 /* Localizable.xcstrings in Resources */ = {isa = PBXBuildFile; fileRef = 72EFB9322B9D30BE00609DC5 /* Localizable.xcstrings */; };
		72EFB9372B9D361A00609DC5 /* InfoPlist.strings in Resources */ = {isa = PBXBuildFile; fileRef = 72EFB9352B9D361A00609DC5 /* InfoPlist.strings */; };
		72EFB93B2B9D361A00609DC5 /* InfoPlist.strings in Resources */ = {isa = PBXBuildFile; fileRef = 72EFB9392B9D361A00609DC5 /* InfoPlist.strings */; };
		72EFB93E2B9D361A00609DC5 /* InfoPlist.strings in Resources */ = {isa = PBXBuildFile; fileRef = 72EFB93C2B9D361A00609DC5 /* InfoPlist.strings */; };
		72EFF49B252015D1007E1FA6 /* Channel.swift in Sources */ = {isa = PBXBuildFile; fileRef = 725FE212251D4905004B2907 /* Channel.swift */; };
		72EFF4A1252016FF007E1FA6 /* ViewModel.swift in Sources */ = {isa = PBXBuildFile; fileRef = 725FE204251D3E75004B2907 /* ViewModel.swift */; };
		72EFF4A425201712007E1FA6 /* Response.swift in Sources */ = {isa = PBXBuildFile; fileRef = 725FE20C251D4607004B2907 /* Response.swift */; };
		72EFF4AB25201B3B007E1FA6 /* YouTubeChannel.swift in Sources */ = {isa = PBXBuildFile; fileRef = 72EFF4AA25201B3B007E1FA6 /* YouTubeChannel.swift */; };
		72EFF4AC25201B3B007E1FA6 /* YouTubeChannel.swift in Sources */ = {isa = PBXBuildFile; fileRef = 72EFF4AA25201B3B007E1FA6 /* YouTubeChannel.swift */; };
		72F2EE222B2D6128002AFCEA /* WishKit in Frameworks */ = {isa = PBXBuildFile; productRef = 72F2EE212B2D6128002AFCEA /* WishKit */; };
		72FC21E72B788B1300AFA949 /* ColorPalette.swift in Sources */ = {isa = PBXBuildFile; fileRef = 72FC21E62B788B1300AFA949 /* ColorPalette.swift */; };
		72FCC5002B830C6400FA0304 /* ColorType.swift in Sources */ = {isa = PBXBuildFile; fileRef = 72FCC4FF2B830C6400FA0304 /* ColorType.swift */; };
		72FD5204289CB598001F9F48 /* SubscriberCount.intentdefinition in Sources */ = {isa = PBXBuildFile; fileRef = 72FD5207289CB598001F9F48 /* SubscriberCount.intentdefinition */; };
		72FD5205289CB598001F9F48 /* SubscriberCount.intentdefinition in Sources */ = {isa = PBXBuildFile; fileRef = 72FD5207289CB598001F9F48 /* SubscriberCount.intentdefinition */; };
		72FD5208289CB59C001F9F48 /* WidgetIntents.intentdefinition in Sources */ = {isa = PBXBuildFile; fileRef = 72FD520C289CB59C001F9F48 /* WidgetIntents.intentdefinition */; };
		72FD5209289CB59C001F9F48 /* WidgetIntents.intentdefinition in Sources */ = {isa = PBXBuildFile; fileRef = 72FD520C289CB59C001F9F48 /* WidgetIntents.intentdefinition */; };
		72FD520A289CB59C001F9F48 /* WidgetIntents.intentdefinition in Sources */ = {isa = PBXBuildFile; fileRef = 72FD520C289CB59C001F9F48 /* WidgetIntents.intentdefinition */; };
/* End PBXBuildFile section */

/* Begin PBXContainerItemProxy section */
		725FE1FB251D3988004B2907 /* PBXContainerItemProxy */ = {
			isa = PBXContainerItemProxy;
			containerPortal = 7292FFFA251D1F3D0050194B /* Project object */;
			proxyType = 1;
			remoteGlobalIDString = 725FE1EB251D3983004B2907;
			remoteInfo = SubscriberCountExtension;
		};
		728683D825DA44AE00568034 /* PBXContainerItemProxy */ = {
			isa = PBXContainerItemProxy;
			containerPortal = 7292FFFA251D1F3D0050194B /* Project object */;
			proxyType = 1;
			remoteGlobalIDString = 728683BF25DA44AE00568034;
			remoteInfo = SubWidgetIntents;
		};
/* End PBXContainerItemProxy section */

/* Begin PBXCopyFilesBuildPhase section */
		725FE1FE251D3988004B2907 /* Embed Foundation Extensions */ = {
			isa = PBXCopyFilesBuildPhase;
			buildActionMask = 2147483647;
			dstPath = "";
			dstSubfolderSpec = 13;
			files = (
				725FE1FD251D3988004B2907 /* SubscriberCountExtension.appex in Embed Foundation Extensions */,
				728683DA25DA44AE00568034 /* SubWidgetIntents.appex in Embed Foundation Extensions */,
			);
			name = "Embed Foundation Extensions";
			runOnlyForDeploymentPostprocessing = 0;
		};
/* End PBXCopyFilesBuildPhase section */

/* Begin PBXFileReference section */
		7207540725D732D7003411CE /* ChannelTextField.swift */ = {isa = PBXFileReference; lastKnownFileType = sourcecode.swift; path = ChannelTextField.swift; sourceTree = "<group>"; };
		7207540B25D73504003411CE /* SubmitButton.swift */ = {isa = PBXFileReference; lastKnownFileType = sourcecode.swift; path = SubmitButton.swift; sourceTree = "<group>"; };
		7207540F25D739CC003411CE /* HelpButton.swift */ = {isa = PBXFileReference; lastKnownFileType = sourcecode.swift; path = HelpButton.swift; sourceTree = "<group>"; };
		7207541325D73B4D003411CE /* WidgetColorPicker.swift */ = {isa = PBXFileReference; lastKnownFileType = sourcecode.swift; path = WidgetColorPicker.swift; sourceTree = "<group>"; };
		7207541725D73C8F003411CE /* Extensions.swift */ = {isa = PBXFileReference; lastKnownFileType = sourcecode.swift; path = Extensions.swift; sourceTree = "<group>"; };
		7211034E2B5A2DB700D4D7B5 /* AddWidgetButton.swift */ = {isa = PBXFileReference; lastKnownFileType = sourcecode.swift; path = AddWidgetButton.swift; sourceTree = "<group>"; };
		721103502B5A2E4100D4D7B5 /* NetworkError.swift */ = {isa = PBXFileReference; lastKnownFileType = sourcecode.swift; path = NetworkError.swift; sourceTree = "<group>"; };
		7211EB67282CB7BD00E3CDA9 /* SubWidgetError.swift */ = {isa = PBXFileReference; lastKnownFileType = sourcecode.swift; path = SubWidgetError.swift; sourceTree = "<group>"; };
		721AC2AB25DA473000C6100C /* Info.plist */ = {isa = PBXFileReference; fileEncoding = 4; lastKnownFileType = text.plist.xml; path = Info.plist; sourceTree = "<group>"; };
		721AC2E625DA505700C6100C /* SubWidgetIntentTimelineProvider.swift */ = {isa = PBXFileReference; lastKnownFileType = sourcecode.swift; path = SubWidgetIntentTimelineProvider.swift; sourceTree = "<group>"; };
		721AC2EF25DB301F00C6100C /* SubWidgetIntents.entitlements */ = {isa = PBXFileReference; lastKnownFileType = text.plist.entitlements; path = SubWidgetIntents.entitlements; sourceTree = "<group>"; };
		722232EC2877592600A55A4D /* WhatsNewListItem.swift */ = {isa = PBXFileReference; lastKnownFileType = sourcecode.swift; path = WhatsNewListItem.swift; sourceTree = "<group>"; };
		722E2E732B5E280C00E4832E /* YouTubeServiceProtocol.swift */ = {isa = PBXFileReference; lastKnownFileType = sourcecode.swift; path = YouTubeServiceProtocol.swift; sourceTree = "<group>"; };
		722E2E772B5E2C5600E4832E /* ChannelStorageServiceProtocol.swift */ = {isa = PBXFileReference; lastKnownFileType = sourcecode.swift; path = ChannelStorageServiceProtocol.swift; sourceTree = "<group>"; };
		722E2E792B5E2D2800E4832E /* ChannelStorageService.swift */ = {isa = PBXFileReference; lastKnownFileType = sourcecode.swift; path = ChannelStorageService.swift; sourceTree = "<group>"; };
		722E2E7F2B64D0F400E4832E /* FormattedCount.swift */ = {isa = PBXFileReference; lastKnownFileType = sourcecode.swift; path = FormattedCount.swift; sourceTree = "<group>"; };
		722E2E862B65FAE900E4832E /* AnalyticsService.swift */ = {isa = PBXFileReference; lastKnownFileType = sourcecode.swift; path = AnalyticsService.swift; sourceTree = "<group>"; };
		72345922286025B8000C7DA5 /* FAQItem.swift */ = {isa = PBXFileReference; lastKnownFileType = sourcecode.swift; path = FAQItem.swift; sourceTree = "<group>"; };
		723459262868D8A4000C7DA5 /* RefreshFrequencies.swift */ = {isa = PBXFileReference; lastKnownFileType = sourcecode.swift; path = RefreshFrequencies.swift; sourceTree = "<group>"; };
		7234592A2869581B000C7DA5 /* RefreshFrequency.swift */ = {isa = PBXFileReference; lastKnownFileType = sourcecode.swift; path = RefreshFrequency.swift; sourceTree = "<group>"; };
		7234592C28695D96000C7DA5 /* SafariSheet.swift */ = {isa = PBXFileReference; lastKnownFileType = sourcecode.swift; path = SafariSheet.swift; sourceTree = "<group>"; };
		7234592E286960C0000C7DA5 /* FormLabel.swift */ = {isa = PBXFileReference; lastKnownFileType = sourcecode.swift; path = FormLabel.swift; sourceTree = "<group>"; };
		723459302877528D000C7DA5 /* WhatsNewView.swift */ = {isa = PBXFileReference; lastKnownFileType = sourcecode.swift; path = WhatsNewView.swift; sourceTree = "<group>"; };
		725059F525D881F20064A451 /* MainView.swift */ = {isa = PBXFileReference; lastKnownFileType = sourcecode.swift; path = MainView.swift; sourceTree = "<group>"; };
		725059F925D882080064A451 /* SettingsView.swift */ = {isa = PBXFileReference; lastKnownFileType = sourcecode.swift; path = SettingsView.swift; sourceTree = "<group>"; };
		72505A0B25DA400B0064A451 /* CustomizeWidgetHeader.swift */ = {isa = PBXFileReference; lastKnownFileType = sourcecode.swift; path = CustomizeWidgetHeader.swift; sourceTree = "<group>"; };
		725F3BD82B6F11AC00E0B44A /* SubscriberCountWidget.swift */ = {isa = PBXFileReference; lastKnownFileType = sourcecode.swift; path = SubscriberCountWidget.swift; sourceTree = "<group>"; };
		725F3BDC2B6F120B00E0B44A /* ViewCountWidget.swift */ = {isa = PBXFileReference; lastKnownFileType = sourcecode.swift; path = ViewCountWidget.swift; sourceTree = "<group>"; };
		725F3BDF2B6F124000E0B44A /* WidgetBundle.swift */ = {isa = PBXFileReference; lastKnownFileType = sourcecode.swift; path = WidgetBundle.swift; sourceTree = "<group>"; };
		725FE1EC251D3983004B2907 /* SubscriberCountExtension.appex */ = {isa = PBXFileReference; explicitFileType = "wrapper.app-extension"; includeInIndex = 0; path = SubscriberCountExtension.appex; sourceTree = BUILT_PRODUCTS_DIR; };
		725FE1EE251D3983004B2907 /* WidgetKit.framework */ = {isa = PBXFileReference; lastKnownFileType = wrapper.framework; name = WidgetKit.framework; path = System/Library/Frameworks/WidgetKit.framework; sourceTree = SDKROOT; };
		725FE1F0251D3983004B2907 /* SwiftUI.framework */ = {isa = PBXFileReference; lastKnownFileType = wrapper.framework; name = SwiftUI.framework; path = System/Library/Frameworks/SwiftUI.framework; sourceTree = SDKROOT; };
		725FE1F6251D3988004B2907 /* Assets.xcassets */ = {isa = PBXFileReference; lastKnownFileType = folder.assetcatalog; path = Assets.xcassets; sourceTree = "<group>"; };
		725FE1F8251D3988004B2907 /* Info.plist */ = {isa = PBXFileReference; lastKnownFileType = text.plist.xml; path = Info.plist; sourceTree = "<group>"; };
		725FE204251D3E75004B2907 /* ViewModel.swift */ = {isa = PBXFileReference; lastKnownFileType = sourcecode.swift; path = ViewModel.swift; sourceTree = "<group>"; };
		725FE208251D44B1004B2907 /* Subscribers.swift */ = {isa = PBXFileReference; lastKnownFileType = sourcecode.swift; path = Subscribers.swift; sourceTree = "<group>"; };
		725FE20C251D4607004B2907 /* Response.swift */ = {isa = PBXFileReference; lastKnownFileType = sourcecode.swift; path = Response.swift; sourceTree = "<group>"; };
		725FE212251D4905004B2907 /* Channel.swift */ = {isa = PBXFileReference; lastKnownFileType = sourcecode.swift; path = Channel.swift; sourceTree = "<group>"; };
		7272933D2BB8BE0F008BCB0F /* de */ = {isa = PBXFileReference; lastKnownFileType = text.plist.strings; name = de; path = de.lproj/SubscriberCount.strings; sourceTree = "<group>"; };
		7272933E2BB8BE0F008BCB0F /* de */ = {isa = PBXFileReference; lastKnownFileType = text.plist.strings; name = de; path = de.lproj/InfoPlist.strings; sourceTree = "<group>"; };
		7272933F2BB8BE0F008BCB0F /* de */ = {isa = PBXFileReference; lastKnownFileType = text.plist.strings; name = de; path = de.lproj/WidgetIntents.strings; sourceTree = "<group>"; };
		727293402BB8BE0F008BCB0F /* de */ = {isa = PBXFileReference; lastKnownFileType = text.plist.strings; name = de; path = de.lproj/InfoPlist.strings; sourceTree = "<group>"; };
		727293412BB8BE0F008BCB0F /* de */ = {isa = PBXFileReference; lastKnownFileType = text.plist.strings; name = de; path = de.lproj/InfoPlist.strings; sourceTree = "<group>"; };
		727293422BB8BE0F008BCB0F /* de */ = {isa = PBXFileReference; lastKnownFileType = text.plist.strings; name = de; path = de.lproj/Localizable.strings; sourceTree = "<group>"; };
		727293432BB8F7A7008BCB0F /* ar */ = {isa = PBXFileReference; lastKnownFileType = text.plist.strings; name = ar; path = ar.lproj/SubscriberCount.strings; sourceTree = "<group>"; };
		727293442BB8F7A7008BCB0F /* ar */ = {isa = PBXFileReference; lastKnownFileType = text.plist.strings; name = ar; path = ar.lproj/InfoPlist.strings; sourceTree = "<group>"; };
		727293452BB8F7A7008BCB0F /* ar */ = {isa = PBXFileReference; lastKnownFileType = text.plist.strings; name = ar; path = ar.lproj/WidgetIntents.strings; sourceTree = "<group>"; };
		727293462BB8F7A7008BCB0F /* ar */ = {isa = PBXFileReference; lastKnownFileType = text.plist.strings; name = ar; path = ar.lproj/InfoPlist.strings; sourceTree = "<group>"; };
		727293472BB8F7A7008BCB0F /* ar */ = {isa = PBXFileReference; lastKnownFileType = text.plist.strings; name = ar; path = ar.lproj/InfoPlist.strings; sourceTree = "<group>"; };
		727293482BB8F7A7008BCB0F /* ar */ = {isa = PBXFileReference; lastKnownFileType = text.plist.strings; name = ar; path = ar.lproj/Localizable.strings; sourceTree = "<group>"; };
		727293492BB9E7E6008BCB0F /* ta */ = {isa = PBXFileReference; lastKnownFileType = text.plist.strings; name = ta; path = ta.lproj/SubscriberCount.strings; sourceTree = "<group>"; };
		7272934A2BB9E7E6008BCB0F /* ta */ = {isa = PBXFileReference; lastKnownFileType = text.plist.strings; name = ta; path = ta.lproj/InfoPlist.strings; sourceTree = "<group>"; };
		7272934B2BB9E7E6008BCB0F /* ta */ = {isa = PBXFileReference; lastKnownFileType = text.plist.strings; name = ta; path = ta.lproj/WidgetIntents.strings; sourceTree = "<group>"; };
		7272934C2BB9E7E6008BCB0F /* ta */ = {isa = PBXFileReference; lastKnownFileType = text.plist.strings; name = ta; path = ta.lproj/InfoPlist.strings; sourceTree = "<group>"; };
		7272934D2BB9E7E6008BCB0F /* ta */ = {isa = PBXFileReference; lastKnownFileType = text.plist.strings; name = ta; path = ta.lproj/InfoPlist.strings; sourceTree = "<group>"; };
		7272934E2BB9E7E6008BCB0F /* ta */ = {isa = PBXFileReference; lastKnownFileType = text.plist.strings; name = ta; path = ta.lproj/Localizable.strings; sourceTree = "<group>"; };
		7274F54B2B7050CB000154EA /* FormattedCaption.swift */ = {isa = PBXFileReference; lastKnownFileType = sourcecode.swift; path = FormattedCaption.swift; sourceTree = "<group>"; };
		7277197A2555E05000358EEB /* ChannelID.swift */ = {isa = PBXFileReference; lastKnownFileType = sourcecode.swift; path = ChannelID.swift; sourceTree = "<group>"; };
		728683C025DA44AE00568034 /* SubWidgetIntents.appex */ = {isa = PBXFileReference; explicitFileType = "wrapper.app-extension"; includeInIndex = 0; path = SubWidgetIntents.appex; sourceTree = BUILT_PRODUCTS_DIR; };
		728683C125DA44AE00568034 /* Intents.framework */ = {isa = PBXFileReference; lastKnownFileType = wrapper.framework; name = Intents.framework; path = System/Library/Frameworks/Intents.framework; sourceTree = SDKROOT; };
		728683C425DA44AE00568034 /* IntentHandler.swift */ = {isa = PBXFileReference; lastKnownFileType = sourcecode.swift; path = IntentHandler.swift; sourceTree = "<group>"; };
		728683CC25DA44AE00568034 /* IntentsUI.framework */ = {isa = PBXFileReference; lastKnownFileType = wrapper.framework; name = IntentsUI.framework; path = System/Library/Frameworks/IntentsUI.framework; sourceTree = SDKROOT; };
		72871553285EB8FC000C68D9 /* FAQ.swift */ = {isa = PBXFileReference; lastKnownFileType = sourcecode.swift; path = FAQ.swift; sourceTree = "<group>"; };
		728E246B25D7757400D4BB6E /* SafariView.swift */ = {isa = PBXFileReference; lastKnownFileType = sourcecode.swift; path = SafariView.swift; sourceTree = "<group>"; };
		728E247725D781E300D4BB6E /* WidgetListView.swift */ = {isa = PBXFileReference; lastKnownFileType = sourcecode.swift; path = WidgetListView.swift; sourceTree = "<group>"; };
		728E247B25D7978600D4BB6E /* ChannelListRow.swift */ = {isa = PBXFileReference; lastKnownFileType = sourcecode.swift; path = ChannelListRow.swift; sourceTree = "<group>"; };
		72920002251D1F3D0050194B /* SubWidget.app */ = {isa = PBXFileReference; explicitFileType = wrapper.application; includeInIndex = 0; path = SubWidget.app; sourceTree = BUILT_PRODUCTS_DIR; };
		72920005251D1F3D0050194B /* AppDelegate.swift */ = {isa = PBXFileReference; lastKnownFileType = sourcecode.swift; path = AppDelegate.swift; sourceTree = "<group>"; };
		72920007251D1F3D0050194B /* SceneDelegate.swift */ = {isa = PBXFileReference; lastKnownFileType = sourcecode.swift; path = SceneDelegate.swift; sourceTree = "<group>"; };
		72920009251D1F3D0050194B /* CustomizeWidgetView.swift */ = {isa = PBXFileReference; lastKnownFileType = sourcecode.swift; path = CustomizeWidgetView.swift; sourceTree = "<group>"; };
		7292000B251D1F420050194B /* Assets.xcassets */ = {isa = PBXFileReference; lastKnownFileType = folder.assetcatalog; path = Assets.xcassets; sourceTree = "<group>"; };
		7292000E251D1F420050194B /* Preview Assets.xcassets */ = {isa = PBXFileReference; lastKnownFileType = folder.assetcatalog; path = "Preview Assets.xcassets"; sourceTree = "<group>"; };
		72920011251D1F420050194B /* Base */ = {isa = PBXFileReference; lastKnownFileType = file.storyboard; name = Base; path = Base.lproj/LaunchScreen.storyboard; sourceTree = "<group>"; };
		72920013251D1F420050194B /* Info.plist */ = {isa = PBXFileReference; lastKnownFileType = text.plist.xml; path = Info.plist; sourceTree = "<group>"; };
		7295DABE252909BC005FA093 /* Constants.swift */ = {isa = PBXFileReference; lastKnownFileType = sourcecode.swift; path = Constants.swift; sourceTree = "<group>"; };
		7295DACD25294C50005FA093 /* SmallWidget.swift */ = {isa = PBXFileReference; lastKnownFileType = sourcecode.swift; path = SmallWidget.swift; sourceTree = "<group>"; };
		7295DAD225294CB6005FA093 /* MediumWidget.swift */ = {isa = PBXFileReference; lastKnownFileType = sourcecode.swift; path = MediumWidget.swift; sourceTree = "<group>"; };
		7295EC0E2B9D8FAA004E0EFB /* es */ = {isa = PBXFileReference; lastKnownFileType = text.plist.strings; name = es; path = es.lproj/SubscriberCount.strings; sourceTree = "<group>"; };
		7295EC0F2B9D8FAA004E0EFB /* es */ = {isa = PBXFileReference; lastKnownFileType = text.plist.strings; name = es; path = es.lproj/InfoPlist.strings; sourceTree = "<group>"; };
		7295EC102B9D8FAA004E0EFB /* es */ = {isa = PBXFileReference; lastKnownFileType = text.plist.strings; name = es; path = es.lproj/WidgetIntents.strings; sourceTree = "<group>"; };
		7295EC112B9D8FAA004E0EFB /* es */ = {isa = PBXFileReference; lastKnownFileType = text.plist.strings; name = es; path = es.lproj/InfoPlist.strings; sourceTree = "<group>"; };
		7295EC122B9D8FAA004E0EFB /* es */ = {isa = PBXFileReference; lastKnownFileType = text.plist.strings; name = es; path = es.lproj/InfoPlist.strings; sourceTree = "<group>"; };
		7295EC142B9D8FAA004E0EFB /* es */ = {isa = PBXFileReference; lastKnownFileType = text.plist.strings; name = es; path = es.lproj/Localizable.strings; sourceTree = "<group>"; };
		7299DC642B958A1F00B85EF3 /* Localizable.xcstrings */ = {isa = PBXFileReference; lastKnownFileType = text.json.xcstrings; path = Localizable.xcstrings; sourceTree = "<group>"; };
		72B5BB372897033B005D4897 /* EmptyState.swift */ = {isa = PBXFileReference; lastKnownFileType = sourcecode.swift; path = EmptyState.swift; sourceTree = "<group>"; };
		72D12C8028DC0F8C002617E4 /* AsyncImageView.swift */ = {isa = PBXFileReference; lastKnownFileType = sourcecode.swift; path = AsyncImageView.swift; sourceTree = "<group>"; };
		72D12C8328DC1057002617E4 /* Utils.swift */ = {isa = PBXFileReference; lastKnownFileType = sourcecode.swift; path = Utils.swift; sourceTree = "<group>"; };
		72D68C1A2B537A4600DC4393 /* WidgetBackground.swift */ = {isa = PBXFileReference; lastKnownFileType = sourcecode.swift; path = WidgetBackground.swift; sourceTree = "<group>"; };
		72D7530C2BA69B0400A103EC /* pt-BR */ = {isa = PBXFileReference; lastKnownFileType = text.plist.strings; name = "pt-BR"; path = "pt-BR.lproj/SubscriberCount.strings"; sourceTree = "<group>"; };
		72D7530D2BA69B0400A103EC /* pt-BR */ = {isa = PBXFileReference; lastKnownFileType = text.plist.strings; name = "pt-BR"; path = "pt-BR.lproj/InfoPlist.strings"; sourceTree = "<group>"; };
		72D7530E2BA69B0400A103EC /* pt-BR */ = {isa = PBXFileReference; lastKnownFileType = text.plist.strings; name = "pt-BR"; path = "pt-BR.lproj/WidgetIntents.strings"; sourceTree = "<group>"; };
		72D7530F2BA69B0400A103EC /* pt-BR */ = {isa = PBXFileReference; lastKnownFileType = text.plist.strings; name = "pt-BR"; path = "pt-BR.lproj/InfoPlist.strings"; sourceTree = "<group>"; };
		72D753102BA69B0400A103EC /* pt-BR */ = {isa = PBXFileReference; lastKnownFileType = text.plist.strings; name = "pt-BR"; path = "pt-BR.lproj/InfoPlist.strings"; sourceTree = "<group>"; };
		72D753112BA69B0400A103EC /* pt-BR */ = {isa = PBXFileReference; lastKnownFileType = text.plist.strings; name = "pt-BR"; path = "pt-BR.lproj/Localizable.strings"; sourceTree = "<group>"; };
		72D753122BA6A68300A103EC /* hi */ = {isa = PBXFileReference; lastKnownFileType = text.plist.strings; name = hi; path = hi.lproj/SubscriberCount.strings; sourceTree = "<group>"; };
		72D753132BA6A68300A103EC /* hi */ = {isa = PBXFileReference; lastKnownFileType = text.plist.strings; name = hi; path = hi.lproj/InfoPlist.strings; sourceTree = "<group>"; };
		72D753142BA6A68300A103EC /* hi */ = {isa = PBXFileReference; lastKnownFileType = text.plist.strings; name = hi; path = hi.lproj/WidgetIntents.strings; sourceTree = "<group>"; };
		72D753152BA6A68300A103EC /* hi */ = {isa = PBXFileReference; lastKnownFileType = text.plist.strings; name = hi; path = hi.lproj/InfoPlist.strings; sourceTree = "<group>"; };
		72D753162BA6A68300A103EC /* hi */ = {isa = PBXFileReference; lastKnownFileType = text.plist.strings; name = hi; path = hi.lproj/InfoPlist.strings; sourceTree = "<group>"; };
		72D753172BA6A68300A103EC /* hi */ = {isa = PBXFileReference; lastKnownFileType = text.plist.strings; name = hi; path = hi.lproj/Localizable.strings; sourceTree = "<group>"; };
		72D820A025D74613008240B2 /* ResetButton.swift */ = {isa = PBXFileReference; lastKnownFileType = sourcecode.swift; path = ResetButton.swift; sourceTree = "<group>"; };
		72D820AA25D75440008240B2 /* WidgetPreview.swift */ = {isa = PBXFileReference; lastKnownFileType = sourcecode.swift; path = WidgetPreview.swift; sourceTree = "<group>"; };
		72DB77DF2B56305400F8CFAB /* YouTubeService.swift */ = {isa = PBXFileReference; lastKnownFileType = sourcecode.swift; path = YouTubeService.swift; sourceTree = "<group>"; };
		72DF862C28C3D61400452E3B /* LockscreenWidget.swift */ = {isa = PBXFileReference; lastKnownFileType = sourcecode.swift; path = LockscreenWidget.swift; sourceTree = "<group>"; };
		72E238DA2B819AE7001675B0 /* Palette.swift */ = {isa = PBXFileReference; lastKnownFileType = sourcecode.swift; path = Palette.swift; sourceTree = "<group>"; };
		72E319192841DA2900F1C1AE /* ConfigurationView.swift */ = {isa = PBXFileReference; lastKnownFileType = sourcecode.swift; path = ConfigurationView.swift; sourceTree = "<group>"; };
		72E3191C2844683F00F1C1AE /* FAQCell.swift */ = {isa = PBXFileReference; lastKnownFileType = sourcecode.swift; path = FAQCell.swift; sourceTree = "<group>"; };
		72ED4F492AB7707100560A86 /* EmailForm.swift */ = {isa = PBXFileReference; lastKnownFileType = sourcecode.swift; path = EmailForm.swift; sourceTree = "<group>"; };
		72EDBB5428EA3B480054ECD0 /* YouTubeLogo.swift */ = {isa = PBXFileReference; lastKnownFileType = sourcecode.swift; path = YouTubeLogo.swift; sourceTree = "<group>"; };
		72EFB9322B9D30BE00609DC5 /* Localizable.xcstrings */ = {isa = PBXFileReference; lastKnownFileType = text.json.xcstrings; path = Localizable.xcstrings; sourceTree = "<group>"; };
		72EFB9342B9D361A00609DC5 /* fr */ = {isa = PBXFileReference; lastKnownFileType = text.plist.strings; name = fr; path = fr.lproj/SubscriberCount.strings; sourceTree = "<group>"; };
		72EFB9362B9D361A00609DC5 /* fr */ = {isa = PBXFileReference; lastKnownFileType = text.plist.strings; name = fr; path = fr.lproj/InfoPlist.strings; sourceTree = "<group>"; };
		72EFB9382B9D361A00609DC5 /* fr */ = {isa = PBXFileReference; lastKnownFileType = text.plist.strings; name = fr; path = fr.lproj/WidgetIntents.strings; sourceTree = "<group>"; };
		72EFB93A2B9D361A00609DC5 /* fr */ = {isa = PBXFileReference; lastKnownFileType = text.plist.strings; name = fr; path = fr.lproj/InfoPlist.strings; sourceTree = "<group>"; };
		72EFB93D2B9D361A00609DC5 /* fr */ = {isa = PBXFileReference; lastKnownFileType = text.plist.strings; name = fr; path = fr.lproj/InfoPlist.strings; sourceTree = "<group>"; };
		72EFF4A725201AAD007E1FA6 /* SubscriberWidget.entitlements */ = {isa = PBXFileReference; lastKnownFileType = text.plist.entitlements; path = SubscriberWidget.entitlements; sourceTree = "<group>"; };
		72EFF4AA25201B3B007E1FA6 /* YouTubeChannel.swift */ = {isa = PBXFileReference; lastKnownFileType = sourcecode.swift; path = YouTubeChannel.swift; sourceTree = "<group>"; };
		72EFF4AF25201CAB007E1FA6 /* SubscriberCountExtension.entitlements */ = {isa = PBXFileReference; lastKnownFileType = text.plist.entitlements; path = SubscriberCountExtension.entitlements; sourceTree = "<group>"; };
		72FC21E62B788B1300AFA949 /* ColorPalette.swift */ = {isa = PBXFileReference; lastKnownFileType = sourcecode.swift; path = ColorPalette.swift; sourceTree = "<group>"; };
		72FCC4FF2B830C6400FA0304 /* ColorType.swift */ = {isa = PBXFileReference; lastKnownFileType = sourcecode.swift; path = ColorType.swift; sourceTree = "<group>"; };
		72FD5206289CB598001F9F48 /* Base */ = {isa = PBXFileReference; lastKnownFileType = file.intentdefinition; name = Base; path = Base.lproj/SubscriberCount.intentdefinition; sourceTree = "<group>"; };
		72FD520B289CB59C001F9F48 /* Base */ = {isa = PBXFileReference; lastKnownFileType = file.intentdefinition; name = Base; path = Base.lproj/WidgetIntents.intentdefinition; sourceTree = "<group>"; };
/* End PBXFileReference section */

/* Begin PBXFrameworksBuildPhase section */
		725FE1E9251D3983004B2907 /* Frameworks */ = {
			isa = PBXFrameworksBuildPhase;
			buildActionMask = 2147483647;
			files = (
				72B936FA2AB40BC900997D20 /* Cache in Frameworks */,
				725FE1F1251D3983004B2907 /* SwiftUI.framework in Frameworks */,
				722E2E8C2B65FDFC00E4832E /* Mixpanel in Frameworks */,
				725FE1EF251D3983004B2907 /* WidgetKit.framework in Frameworks */,
			);
			runOnlyForDeploymentPostprocessing = 0;
		};
		728683BD25DA44AE00568034 /* Frameworks */ = {
			isa = PBXFrameworksBuildPhase;
			buildActionMask = 2147483647;
			files = (
				722E2E8E2B65FE0400E4832E /* Mixpanel in Frameworks */,
				728683C225DA44AE00568034 /* Intents.framework in Frameworks */,
				72B936F82AB40BC500997D20 /* Cache in Frameworks */,
			);
			runOnlyForDeploymentPostprocessing = 0;
		};
		7292FFFF251D1F3D0050194B /* Frameworks */ = {
			isa = PBXFrameworksBuildPhase;
			buildActionMask = 2147483647;
			files = (
				722E2E852B65F86B00E4832E /* Mixpanel in Frameworks */,
				72F2EE222B2D6128002AFCEA /* WishKit in Frameworks */,
				724BD92A2AB4063A008C1DB2 /* Cache in Frameworks */,
			);
			runOnlyForDeploymentPostprocessing = 0;
		};
/* End PBXFrameworksBuildPhase section */

/* Begin PBXGroup section */
		722232EF287759DA00A55A4D /* WhatsNewView */ = {
			isa = PBXGroup;
			children = (
				723459302877528D000C7DA5 /* WhatsNewView.swift */,
				722232EC2877592600A55A4D /* WhatsNewListItem.swift */,
			);
			path = WhatsNewView;
			sourceTree = "<group>";
		};
		725F3BE22B6F124600E0B44A /* Views */ = {
			isa = PBXGroup;
			children = (
				72EDBB5428EA3B480054ECD0 /* YouTubeLogo.swift */,
				722E2E7F2B64D0F400E4832E /* FormattedCount.swift */,
				7274F54B2B7050CB000154EA /* FormattedCaption.swift */,
				7295DACD25294C50005FA093 /* SmallWidget.swift */,
				7295DAD225294CB6005FA093 /* MediumWidget.swift */,
				72E319192841DA2900F1C1AE /* ConfigurationView.swift */,
				72DF862C28C3D61400452E3B /* LockscreenWidget.swift */,
			);
			path = Views;
			sourceTree = "<group>";
		};
		725FE1ED251D3983004B2907 /* Frameworks */ = {
			isa = PBXGroup;
			children = (
				725FE1EE251D3983004B2907 /* WidgetKit.framework */,
				725FE1F0251D3983004B2907 /* SwiftUI.framework */,
				728683C125DA44AE00568034 /* Intents.framework */,
				728683CC25DA44AE00568034 /* IntentsUI.framework */,
			);
			name = Frameworks;
			sourceTree = "<group>";
		};
		725FE1F2251D3983004B2907 /* SubscriberCount */ = {
			isa = PBXGroup;
			children = (
				725F3BE22B6F124600E0B44A /* Views */,
				72FD5207289CB598001F9F48 /* SubscriberCount.intentdefinition */,
				725FE1F6251D3988004B2907 /* Assets.xcassets */,
				725FE1F8251D3988004B2907 /* Info.plist */,
				72EFB9352B9D361A00609DC5 /* InfoPlist.strings */,
				721AC2E625DA505700C6100C /* SubWidgetIntentTimelineProvider.swift */,
				72D12C8328DC1057002617E4 /* Utils.swift */,
				725F3BD82B6F11AC00E0B44A /* SubscriberCountWidget.swift */,
				725F3BDC2B6F120B00E0B44A /* ViewCountWidget.swift */,
				725F3BDF2B6F124000E0B44A /* WidgetBundle.swift */,
				72EFB9322B9D30BE00609DC5 /* Localizable.xcstrings */,
			);
			path = SubscriberCount;
			sourceTree = "<group>";
		};
		728683C325DA44AE00568034 /* SubWidgetIntents */ = {
			isa = PBXGroup;
			children = (
				721AC2EF25DB301F00C6100C /* SubWidgetIntents.entitlements */,
				728683C425DA44AE00568034 /* IntentHandler.swift */,
				721AC2AB25DA473000C6100C /* Info.plist */,
				7295EC132B9D8FAA004E0EFB /* Localizable.strings */,
				72EFB93C2B9D361A00609DC5 /* InfoPlist.strings */,
			);
			path = SubWidgetIntents;
			sourceTree = "<group>";
		};
		728E246525D76FBF00D4BB6E /* WidgetListView */ = {
			isa = PBXGroup;
			children = (
				728E247725D781E300D4BB6E /* WidgetListView.swift */,
				728E247B25D7978600D4BB6E /* ChannelListRow.swift */,
				72B5BB372897033B005D4897 /* EmptyState.swift */,
				7211034E2B5A2DB700D4D7B5 /* AddWidgetButton.swift */,
				721103502B5A2E4100D4D7B5 /* NetworkError.swift */,
			);
			path = WidgetListView;
			sourceTree = "<group>";
		};
		728E246825D76FD600D4BB6E /* SettingsView */ = {
			isa = PBXGroup;
			children = (
				725059F925D882080064A451 /* SettingsView.swift */,
				72E3191C2844683F00F1C1AE /* FAQCell.swift */,
				72871553285EB8FC000C68D9 /* FAQ.swift */,
				7234592A2869581B000C7DA5 /* RefreshFrequency.swift */,
				7234592C28695D96000C7DA5 /* SafariSheet.swift */,
				7234592E286960C0000C7DA5 /* FormLabel.swift */,
				72ED4F492AB7707100560A86 /* EmailForm.swift */,
			);
			path = SettingsView;
			sourceTree = "<group>";
		};
		72920003251D1F3D0050194B /* Products */ = {
			isa = PBXGroup;
			children = (
				72920002251D1F3D0050194B /* SubWidget.app */,
				725FE1EC251D3983004B2907 /* SubscriberCountExtension.appex */,
				728683C025DA44AE00568034 /* SubWidgetIntents.appex */,
			);
			name = Products;
			sourceTree = "<group>";
		};
		72920004251D1F3D0050194B /* SubscriberWidget */ = {
			isa = PBXGroup;
			children = (
				72DB77DE2B56304900F8CFAB /* Services */,
				72A3B467252E292000891D69 /* Model */,
				72A3B462252E290C00891D69 /* View */,
				72A3B461252E28FF00891D69 /* ViewModel */,
				72EFF4A725201AAD007E1FA6 /* SubscriberWidget.entitlements */,
				72FD520C289CB59C001F9F48 /* WidgetIntents.intentdefinition */,
				7295DABE252909BC005FA093 /* Constants.swift */,
				72920005251D1F3D0050194B /* AppDelegate.swift */,
				72920007251D1F3D0050194B /* SceneDelegate.swift */,
				7292000B251D1F420050194B /* Assets.xcassets */,
				72920010251D1F420050194B /* LaunchScreen.storyboard */,
				72920013251D1F420050194B /* Info.plist */,
				72EFB9392B9D361A00609DC5 /* InfoPlist.strings */,
				7292000D251D1F420050194B /* Preview Content */,
				7299DC642B958A1F00B85EF3 /* Localizable.xcstrings */,
			);
			path = SubscriberWidget;
			sourceTree = "<group>";
		};
		7292000D251D1F420050194B /* Preview Content */ = {
			isa = PBXGroup;
			children = (
				7292000E251D1F420050194B /* Preview Assets.xcassets */,
			);
			path = "Preview Content";
			sourceTree = "<group>";
		};
		7292FFF9251D1F3D0050194B = {
			isa = PBXGroup;
			children = (
				72EFF4AF25201CAB007E1FA6 /* SubscriberCountExtension.entitlements */,
				72920004251D1F3D0050194B /* SubscriberWidget */,
				725FE1F2251D3983004B2907 /* SubscriberCount */,
				728683C325DA44AE00568034 /* SubWidgetIntents */,
				725FE1ED251D3983004B2907 /* Frameworks */,
				72920003251D1F3D0050194B /* Products */,
			);
			sourceTree = "<group>";
		};
		72A3B461252E28FF00891D69 /* ViewModel */ = {
			isa = PBXGroup;
			children = (
				725FE204251D3E75004B2907 /* ViewModel.swift */,
			);
			path = ViewModel;
			sourceTree = "<group>";
		};
		72A3B462252E290C00891D69 /* View */ = {
			isa = PBXGroup;
			children = (
				725059F525D881F20064A451 /* MainView.swift */,
				722232EF287759DA00A55A4D /* WhatsNewView */,
				728E246825D76FD600D4BB6E /* SettingsView */,
				728E246525D76FBF00D4BB6E /* WidgetListView */,
				72D820AE25D76F5F008240B2 /* CustomizeWidgetView */,
			);
			path = View;
			sourceTree = "<group>";
		};
		72A3B467252E292000891D69 /* Model */ = {
			isa = PBXGroup;
			children = (
				725FE20C251D4607004B2907 /* Response.swift */,
				72EFF4AA25201B3B007E1FA6 /* YouTubeChannel.swift */,
				725FE208251D44B1004B2907 /* Subscribers.swift */,
				725FE212251D4905004B2907 /* Channel.swift */,
				7277197A2555E05000358EEB /* ChannelID.swift */,
				7207541725D73C8F003411CE /* Extensions.swift */,
				7211EB67282CB7BD00E3CDA9 /* SubWidgetError.swift */,
				72345922286025B8000C7DA5 /* FAQItem.swift */,
				723459262868D8A4000C7DA5 /* RefreshFrequencies.swift */,
				72E238DA2B819AE7001675B0 /* Palette.swift */,
				72FCC4FF2B830C6400FA0304 /* ColorType.swift */,
			);
			path = Model;
			sourceTree = "<group>";
		};
		72D820AE25D76F5F008240B2 /* CustomizeWidgetView */ = {
			isa = PBXGroup;
			children = (
				72920009251D1F3D0050194B /* CustomizeWidgetView.swift */,
				72505A0B25DA400B0064A451 /* CustomizeWidgetHeader.swift */,
				7207541325D73B4D003411CE /* WidgetColorPicker.swift */,
				7207540725D732D7003411CE /* ChannelTextField.swift */,
				7207540B25D73504003411CE /* SubmitButton.swift */,
				7207540F25D739CC003411CE /* HelpButton.swift */,
				72D820A025D74613008240B2 /* ResetButton.swift */,
				72D820AA25D75440008240B2 /* WidgetPreview.swift */,
				728E246B25D7757400D4BB6E /* SafariView.swift */,
				72D12C8028DC0F8C002617E4 /* AsyncImageView.swift */,
				72D68C1A2B537A4600DC4393 /* WidgetBackground.swift */,
				72FC21E62B788B1300AFA949 /* ColorPalette.swift */,
			);
			path = CustomizeWidgetView;
			sourceTree = "<group>";
		};
		72DB77DE2B56304900F8CFAB /* Services */ = {
			isa = PBXGroup;
			children = (
				72DB77DF2B56305400F8CFAB /* YouTubeService.swift */,
				722E2E732B5E280C00E4832E /* YouTubeServiceProtocol.swift */,
				722E2E772B5E2C5600E4832E /* ChannelStorageServiceProtocol.swift */,
				722E2E792B5E2D2800E4832E /* ChannelStorageService.swift */,
				722E2E862B65FAE900E4832E /* AnalyticsService.swift */,
			);
			path = Services;
			sourceTree = "<group>";
		};
/* End PBXGroup section */

/* Begin PBXNativeTarget section */
		725FE1EB251D3983004B2907 /* SubscriberCountExtension */ = {
			isa = PBXNativeTarget;
			buildConfigurationList = 725FE201251D3988004B2907 /* Build configuration list for PBXNativeTarget "SubscriberCountExtension" */;
			buildPhases = (
				725FE1E8251D3983004B2907 /* Sources */,
				725FE1E9251D3983004B2907 /* Frameworks */,
				725FE1EA251D3983004B2907 /* Resources */,
			);
			buildRules = (
			);
			dependencies = (
			);
			name = SubscriberCountExtension;
			packageProductDependencies = (
				72B936F92AB40BC900997D20 /* Cache */,
				722E2E8B2B65FDFC00E4832E /* Mixpanel */,
			);
			productName = SubscriberCountExtension;
			productReference = 725FE1EC251D3983004B2907 /* SubscriberCountExtension.appex */;
			productType = "com.apple.product-type.app-extension";
		};
		728683BF25DA44AE00568034 /* SubWidgetIntents */ = {
			isa = PBXNativeTarget;
			buildConfigurationList = 728683DE25DA44AE00568034 /* Build configuration list for PBXNativeTarget "SubWidgetIntents" */;
			buildPhases = (
				728683BC25DA44AE00568034 /* Sources */,
				728683BD25DA44AE00568034 /* Frameworks */,
				728683BE25DA44AE00568034 /* Resources */,
			);
			buildRules = (
			);
			dependencies = (
			);
			name = SubWidgetIntents;
			packageProductDependencies = (
				72B936F72AB40BC500997D20 /* Cache */,
				722E2E8D2B65FE0400E4832E /* Mixpanel */,
			);
			productName = SubWidgetIntents;
			productReference = 728683C025DA44AE00568034 /* SubWidgetIntents.appex */;
			productType = "com.apple.product-type.app-extension";
		};
		72920001251D1F3D0050194B /* SubscriberWidget */ = {
			isa = PBXNativeTarget;
			buildConfigurationList = 72920016251D1F420050194B /* Build configuration list for PBXNativeTarget "SubscriberWidget" */;
			buildPhases = (
				7292FFFE251D1F3D0050194B /* Sources */,
				7292FFFF251D1F3D0050194B /* Frameworks */,
				72920000251D1F3D0050194B /* Resources */,
				725FE1FE251D3988004B2907 /* Embed Foundation Extensions */,
				72C006492B6727950084B47B /* ShellScript */,
			);
			buildRules = (
			);
			dependencies = (
				725FE1FC251D3988004B2907 /* PBXTargetDependency */,
				728683D925DA44AE00568034 /* PBXTargetDependency */,
			);
			name = SubscriberWidget;
			packageProductDependencies = (
				724BD9292AB4063A008C1DB2 /* Cache */,
				72F2EE212B2D6128002AFCEA /* WishKit */,
				722E2E842B65F86B00E4832E /* Mixpanel */,
			);
			productName = SubscriberWidget;
			productReference = 72920002251D1F3D0050194B /* SubWidget.app */;
			productType = "com.apple.product-type.application";
		};
/* End PBXNativeTarget section */

/* Begin PBXProject section */
		7292FFFA251D1F3D0050194B /* Project object */ = {
			isa = PBXProject;
			attributes = {
				BuildIndependentTargetsInParallel = YES;
				LastSwiftUpdateCheck = 1240;
				LastUpgradeCheck = 1600;
				ORGANIZATIONNAME = "Arjun Dureja";
				TargetAttributes = {
					725FE1EB251D3983004B2907 = {
						CreatedOnToolsVersion = 12.0;
					};
					728683BF25DA44AE00568034 = {
						CreatedOnToolsVersion = 12.4;
					};
					72920001251D1F3D0050194B = {
						CreatedOnToolsVersion = 11.7;
					};
				};
			};
			buildConfigurationList = 7292FFFD251D1F3D0050194B /* Build configuration list for PBXProject "SubscriberWidget" */;
			compatibilityVersion = "Xcode 9.3";
			developmentRegion = en;
			hasScannedForEncodings = 0;
			knownRegions = (
				en,
				Base,
				fr,
				es,
				"pt-BR",
				hi,
				de,
				ar,
				ta,
			);
			mainGroup = 7292FFF9251D1F3D0050194B;
			packageReferences = (
				724BD9282AB4063A008C1DB2 /* XCRemoteSwiftPackageReference "Cache" */,
				72F2EE202B2D605A002AFCEA /* XCRemoteSwiftPackageReference "wishkit-ios" */,
				722E2E832B65F86B00E4832E /* XCRemoteSwiftPackageReference "mixpanel-swift" */,
			);
			productRefGroup = 72920003251D1F3D0050194B /* Products */;
			projectDirPath = "";
			projectRoot = "";
			targets = (
				72920001251D1F3D0050194B /* SubscriberWidget */,
				728683BF25DA44AE00568034 /* SubWidgetIntents */,
				725FE1EB251D3983004B2907 /* SubscriberCountExtension */,
			);
		};
/* End PBXProject section */

/* Begin PBXResourcesBuildPhase section */
		725FE1EA251D3983004B2907 /* Resources */ = {
			isa = PBXResourcesBuildPhase;
			buildActionMask = 2147483647;
			files = (
				72EFB9332B9D30BE00609DC5 /* Localizable.xcstrings in Resources */,
				72EFB9372B9D361A00609DC5 /* InfoPlist.strings in Resources */,
				725FE1F7251D3988004B2907 /* Assets.xcassets in Resources */,
			);
			runOnlyForDeploymentPostprocessing = 0;
		};
		728683BE25DA44AE00568034 /* Resources */ = {
			isa = PBXResourcesBuildPhase;
			buildActionMask = 2147483647;
			files = (
				72EFB93E2B9D361A00609DC5 /* InfoPlist.strings in Resources */,
				7295EC152B9D8FAA004E0EFB /* Localizable.strings in Resources */,
			);
			runOnlyForDeploymentPostprocessing = 0;
		};
		72920000251D1F3D0050194B /* Resources */ = {
			isa = PBXResourcesBuildPhase;
			buildActionMask = 2147483647;
			files = (
				72920012251D1F420050194B /* LaunchScreen.storyboard in Resources */,
				7292000F251D1F420050194B /* Preview Assets.xcassets in Resources */,
				7299DC652B958A1F00B85EF3 /* Localizable.xcstrings in Resources */,
				7292000C251D1F420050194B /* Assets.xcassets in Resources */,
				72EFB93B2B9D361A00609DC5 /* InfoPlist.strings in Resources */,
			);
			runOnlyForDeploymentPostprocessing = 0;
		};
/* End PBXResourcesBuildPhase section */

/* Begin PBXShellScriptBuildPhase section */
		72C006492B6727950084B47B /* ShellScript */ = {
			isa = PBXShellScriptBuildPhase;
			alwaysOutOfDate = 1;
			buildActionMask = 2147483647;
			files = (
			);
			inputFileListPaths = (
			);
			inputPaths = (
			);
			outputFileListPaths = (
			);
			outputPaths = (
			);
			runOnlyForDeploymentPostprocessing = 0;
			shellPath = /bin/sh;
			shellScript = "if [[ \"$(uname -m)\" == arm64 ]]; then\n    export PATH=\"/opt/homebrew/bin:$PATH\"\nfi\n\nif which swiftlint > /dev/null; then\n  swiftlint\nelse\n  echo \"warning: SwiftLint not installed, download from https://github.com/realm/SwiftLint\"\nfi\n";
		};
/* End PBXShellScriptBuildPhase section */

/* Begin PBXSourcesBuildPhase section */
		725FE1E8251D3983004B2907 /* Sources */ = {
			isa = PBXSourcesBuildPhase;
			buildActionMask = 2147483647;
			files = (
				72FD5205289CB598001F9F48 /* SubscriberCount.intentdefinition in Sources */,
				72DB77E12B5635F600F8CFAB /* YouTubeService.swift in Sources */,
				725F3BDE2B6F120B00E0B44A /* ViewCountWidget.swift in Sources */,
				72EFF49B252015D1007E1FA6 /* Channel.swift in Sources */,
				7295DACF25294C50005FA093 /* SmallWidget.swift in Sources */,
				7274F54D2B7050CB000154EA /* FormattedCaption.swift in Sources */,
				72D12C8228DC0F8C002617E4 /* AsyncImageView.swift in Sources */,
				72EFF4A1252016FF007E1FA6 /* ViewModel.swift in Sources */,
				723459282868DB35000C7DA5 /* RefreshFrequencies.swift in Sources */,
				72FD5209289CB59C001F9F48 /* WidgetIntents.intentdefinition in Sources */,
				72DF862E28C3D61400452E3B /* LockscreenWidget.swift in Sources */,
				72E3191B2841DA9E00F1C1AE /* ConfigurationView.swift in Sources */,
				722E2E7C2B5E2DE200E4832E /* ChannelStorageService.swift in Sources */,
				72EDBB5628EA3B480054ECD0 /* YouTubeLogo.swift in Sources */,
				725F3BDA2B6F11AC00E0B44A /* SubscriberCountWidget.swift in Sources */,
				72EFF4AC25201B3B007E1FA6 /* YouTubeChannel.swift in Sources */,
				72A3B472252E2CC300891D69 /* Constants.swift in Sources */,
				7243E144282CB86B00A0FFF1 /* SubWidgetError.swift in Sources */,
				72345925286025DF000C7DA5 /* FAQItem.swift in Sources */,
				722E2E7D2B5E2E1000E4832E /* ChannelStorageServiceProtocol.swift in Sources */,
				72A3B46F252E2CB300891D69 /* Subscribers.swift in Sources */,
				7207541D25D73CD7003411CE /* Extensions.swift in Sources */,
				722E2E812B64D0F500E4832E /* FormattedCount.swift in Sources */,
				7277197E2555E07A00358EEB /* ChannelID.swift in Sources */,
				72D12C8528DC1057002617E4 /* Utils.swift in Sources */,
				725F3BE12B6F124000E0B44A /* WidgetBundle.swift in Sources */,
				721AC2E825DA505700C6100C /* SubWidgetIntentTimelineProvider.swift in Sources */,
				7295DAD425294CB6005FA093 /* MediumWidget.swift in Sources */,
				72EFF4A425201712007E1FA6 /* Response.swift in Sources */,
				722E2E892B65FDF200E4832E /* AnalyticsService.swift in Sources */,
				722E2E752B5E286D00E4832E /* YouTubeServiceProtocol.swift in Sources */,
			);
			runOnlyForDeploymentPostprocessing = 0;
		};
		728683BC25DA44AE00568034 /* Sources */ = {
			isa = PBXSourcesBuildPhase;
			buildActionMask = 2147483647;
			files = (
				721AC2CE25DA4C3200C6100C /* Response.swift in Sources */,
				721AC2CD25DA4C3200C6100C /* Subscribers.swift in Sources */,
				7243E145282CB86B00A0FFF1 /* SubWidgetError.swift in Sources */,
				722E2E8A2B65FDF300E4832E /* AnalyticsService.swift in Sources */,
				72B936FB2AB40FB300997D20 /* Utils.swift in Sources */,
				721AC2CB25DA4C3200C6100C /* ViewModel.swift in Sources */,
				721AC2CC25DA4C3200C6100C /* Channel.swift in Sources */,
				721AC2C925DA4C3200C6100C /* ChannelID.swift in Sources */,
				722E2E762B5E286D00E4832E /* YouTubeServiceProtocol.swift in Sources */,
				723459292868DB35000C7DA5 /* RefreshFrequencies.swift in Sources */,
				721AC2E225DA4FF200C6100C /* Extensions.swift in Sources */,
				72345924286025DF000C7DA5 /* FAQItem.swift in Sources */,
				721AC2CA25DA4C3200C6100C /* YouTubeChannel.swift in Sources */,
				72FD520A289CB59C001F9F48 /* WidgetIntents.intentdefinition in Sources */,
				722E2E7E2B5E2E1000E4832E /* ChannelStorageServiceProtocol.swift in Sources */,
				72DB77E22B5635F700F8CFAB /* YouTubeService.swift in Sources */,
				728683C525DA44AE00568034 /* IntentHandler.swift in Sources */,
				722E2E7B2B5E2DE200E4832E /* ChannelStorageService.swift in Sources */,
				721AC2DB25DA4FAF00C6100C /* Constants.swift in Sources */,
			);
			runOnlyForDeploymentPostprocessing = 0;
		};
		7292FFFE251D1F3D0050194B /* Sources */ = {
			isa = PBXSourcesBuildPhase;
			buildActionMask = 2147483647;
			files = (
				72DF862D28C3D61400452E3B /* LockscreenWidget.swift in Sources */,
				72E3191D2844683F00F1C1AE /* FAQCell.swift in Sources */,
				728E247C25D7978600D4BB6E /* ChannelListRow.swift in Sources */,
				7234592B2869581B000C7DA5 /* RefreshFrequency.swift in Sources */,
				722E2E802B64D0F500E4832E /* FormattedCount.swift in Sources */,
				72DB77E02B56305400F8CFAB /* YouTubeService.swift in Sources */,
				725059F625D881F20064A451 /* MainView.swift in Sources */,
				72FD5204289CB598001F9F48 /* SubscriberCount.intentdefinition in Sources */,
				72D12C8428DC1057002617E4 /* Utils.swift in Sources */,
				7295DABF252909BC005FA093 /* Constants.swift in Sources */,
				7207540825D732D7003411CE /* ChannelTextField.swift in Sources */,
				723459312877528D000C7DA5 /* WhatsNewView.swift in Sources */,
				72D820AB25D75440008240B2 /* WidgetPreview.swift in Sources */,
				72D68C1B2B537A4600DC4393 /* WidgetBackground.swift in Sources */,
				7234592D28695D96000C7DA5 /* SafariSheet.swift in Sources */,
				7207541025D739CC003411CE /* HelpButton.swift in Sources */,
				72345923286025B9000C7DA5 /* FAQItem.swift in Sources */,
				72E238DB2B819AE7001675B0 /* Palette.swift in Sources */,
				72EDBB5528EA3B480054ECD0 /* YouTubeLogo.swift in Sources */,
				7295DACE25294C50005FA093 /* SmallWidget.swift in Sources */,
				72FCC5002B830C6400FA0304 /* ColorType.swift in Sources */,
				72FD5208289CB59C001F9F48 /* WidgetIntents.intentdefinition in Sources */,
				722E2E872B65FAE900E4832E /* AnalyticsService.swift in Sources */,
				7295DAD325294CB6005FA093 /* MediumWidget.swift in Sources */,
				72EFF4AB25201B3B007E1FA6 /* YouTubeChannel.swift in Sources */,
				7207541425D73B4D003411CE /* WidgetColorPicker.swift in Sources */,
				721103512B5A2E4100D4D7B5 /* NetworkError.swift in Sources */,
				722E2E742B5E280C00E4832E /* YouTubeServiceProtocol.swift in Sources */,
				72871554285EB8FC000C68D9 /* FAQ.swift in Sources */,
				7234592F286960C0000C7DA5 /* FormLabel.swift in Sources */,
				7277197B2555E05000358EEB /* ChannelID.swift in Sources */,
				7274F54C2B7050CB000154EA /* FormattedCaption.swift in Sources */,
				7211034F2B5A2DB700D4D7B5 /* AddWidgetButton.swift in Sources */,
				725FE213251D4905004B2907 /* Channel.swift in Sources */,
				725FE209251D44B1004B2907 /* Subscribers.swift in Sources */,
				72B5BB382897033B005D4897 /* EmptyState.swift in Sources */,
				72D12C8128DC0F8C002617E4 /* AsyncImageView.swift in Sources */,
				723459272868D8A4000C7DA5 /* RefreshFrequencies.swift in Sources */,
				728E246C25D7757400D4BB6E /* SafariView.swift in Sources */,
				725F3BE32B6F18B300E0B44A /* SubWidgetIntentTimelineProvider.swift in Sources */,
				7211EB68282CB7BD00E3CDA9 /* SubWidgetError.swift in Sources */,
				72D820A125D74613008240B2 /* ResetButton.swift in Sources */,
				7207540C25D73504003411CE /* SubmitButton.swift in Sources */,
				72505A0C25DA400B0064A451 /* CustomizeWidgetHeader.swift in Sources */,
				72920006251D1F3D0050194B /* AppDelegate.swift in Sources */,
				72E3191A2841DA2900F1C1AE /* ConfigurationView.swift in Sources */,
				722E2E782B5E2C5600E4832E /* ChannelStorageServiceProtocol.swift in Sources */,
				725FE205251D3E75004B2907 /* ViewModel.swift in Sources */,
				7207541825D73C8F003411CE /* Extensions.swift in Sources */,
				725059FA25D882080064A451 /* SettingsView.swift in Sources */,
				72ED4F4A2AB7707100560A86 /* EmailForm.swift in Sources */,
				72FC21E72B788B1300AFA949 /* ColorPalette.swift in Sources */,
				72920008251D1F3D0050194B /* SceneDelegate.swift in Sources */,
				7292000A251D1F3D0050194B /* CustomizeWidgetView.swift in Sources */,
				722232ED2877592600A55A4D /* WhatsNewListItem.swift in Sources */,
				722E2E7A2B5E2D2800E4832E /* ChannelStorageService.swift in Sources */,
				728E247825D781E300D4BB6E /* WidgetListView.swift in Sources */,
				725FE20D251D4607004B2907 /* Response.swift in Sources */,
			);
			runOnlyForDeploymentPostprocessing = 0;
		};
/* End PBXSourcesBuildPhase section */

/* Begin PBXTargetDependency section */
		725FE1FC251D3988004B2907 /* PBXTargetDependency */ = {
			isa = PBXTargetDependency;
			target = 725FE1EB251D3983004B2907 /* SubscriberCountExtension */;
			targetProxy = 725FE1FB251D3988004B2907 /* PBXContainerItemProxy */;
		};
		728683D925DA44AE00568034 /* PBXTargetDependency */ = {
			isa = PBXTargetDependency;
			target = 728683BF25DA44AE00568034 /* SubWidgetIntents */;
			targetProxy = 728683D825DA44AE00568034 /* PBXContainerItemProxy */;
		};
/* End PBXTargetDependency section */

/* Begin PBXVariantGroup section */
		72920010251D1F420050194B /* LaunchScreen.storyboard */ = {
			isa = PBXVariantGroup;
			children = (
				72920011251D1F420050194B /* Base */,
			);
			name = LaunchScreen.storyboard;
			sourceTree = "<group>";
		};
		7295EC132B9D8FAA004E0EFB /* Localizable.strings */ = {
			isa = PBXVariantGroup;
			children = (
				7295EC142B9D8FAA004E0EFB /* es */,
				72D753112BA69B0400A103EC /* pt-BR */,
				72D753172BA6A68300A103EC /* hi */,
				727293422BB8BE0F008BCB0F /* de */,
				727293482BB8F7A7008BCB0F /* ar */,
				7272934E2BB9E7E6008BCB0F /* ta */,
			);
			name = Localizable.strings;
			sourceTree = "<group>";
		};
		72EFB9352B9D361A00609DC5 /* InfoPlist.strings */ = {
			isa = PBXVariantGroup;
			children = (
				72EFB9362B9D361A00609DC5 /* fr */,
				7295EC0F2B9D8FAA004E0EFB /* es */,
				72D7530D2BA69B0400A103EC /* pt-BR */,
				72D753132BA6A68300A103EC /* hi */,
				7272933E2BB8BE0F008BCB0F /* de */,
				727293442BB8F7A7008BCB0F /* ar */,
				7272934A2BB9E7E6008BCB0F /* ta */,
			);
			name = InfoPlist.strings;
			sourceTree = "<group>";
		};
		72EFB9392B9D361A00609DC5 /* InfoPlist.strings */ = {
			isa = PBXVariantGroup;
			children = (
				72EFB93A2B9D361A00609DC5 /* fr */,
				7295EC112B9D8FAA004E0EFB /* es */,
				72D7530F2BA69B0400A103EC /* pt-BR */,
				72D753152BA6A68300A103EC /* hi */,
				727293402BB8BE0F008BCB0F /* de */,
				727293462BB8F7A7008BCB0F /* ar */,
				7272934C2BB9E7E6008BCB0F /* ta */,
			);
			name = InfoPlist.strings;
			sourceTree = "<group>";
		};
		72EFB93C2B9D361A00609DC5 /* InfoPlist.strings */ = {
			isa = PBXVariantGroup;
			children = (
				72EFB93D2B9D361A00609DC5 /* fr */,
				7295EC122B9D8FAA004E0EFB /* es */,
				72D753102BA69B0400A103EC /* pt-BR */,
				72D753162BA6A68300A103EC /* hi */,
				727293412BB8BE0F008BCB0F /* de */,
				727293472BB8F7A7008BCB0F /* ar */,
				7272934D2BB9E7E6008BCB0F /* ta */,
			);
			name = InfoPlist.strings;
			sourceTree = "<group>";
		};
		72FD5207289CB598001F9F48 /* SubscriberCount.intentdefinition */ = {
			isa = PBXVariantGroup;
			children = (
				72FD5206289CB598001F9F48 /* Base */,
				72EFB9342B9D361A00609DC5 /* fr */,
				7295EC0E2B9D8FAA004E0EFB /* es */,
				72D7530C2BA69B0400A103EC /* pt-BR */,
				72D753122BA6A68300A103EC /* hi */,
				7272933D2BB8BE0F008BCB0F /* de */,
				727293432BB8F7A7008BCB0F /* ar */,
				727293492BB9E7E6008BCB0F /* ta */,
			);
			name = SubscriberCount.intentdefinition;
			sourceTree = "<group>";
		};
		72FD520C289CB59C001F9F48 /* WidgetIntents.intentdefinition */ = {
			isa = PBXVariantGroup;
			children = (
				72FD520B289CB59C001F9F48 /* Base */,
				72EFB9382B9D361A00609DC5 /* fr */,
				7295EC102B9D8FAA004E0EFB /* es */,
				72D7530E2BA69B0400A103EC /* pt-BR */,
				72D753142BA6A68300A103EC /* hi */,
				7272933F2BB8BE0F008BCB0F /* de */,
				727293452BB8F7A7008BCB0F /* ar */,
				7272934B2BB9E7E6008BCB0F /* ta */,
			);
			name = WidgetIntents.intentdefinition;
			sourceTree = "<group>";
		};
/* End PBXVariantGroup section */

/* Begin XCBuildConfiguration section */
		725FE1FF251D3988004B2907 /* Debug */ = {
			isa = XCBuildConfiguration;
			buildSettings = {
				ASSETCATALOG_COMPILER_GLOBAL_ACCENT_COLOR_NAME = AccentColor;
				ASSETCATALOG_COMPILER_WIDGET_BACKGROUND_COLOR_NAME = WidgetBackground;
				CLANG_WARN_QUOTED_INCLUDE_IN_FRAMEWORK_HEADER = YES;
				CODE_SIGN_ENTITLEMENTS = SubscriberCountExtension.entitlements;
				CODE_SIGN_STYLE = Automatic;
				CURRENT_PROJECT_VERSION = 28;
				DEVELOPMENT_TEAM = 3KFKTY5JX3;
				INFOPLIST_FILE = SubscriberCount/Info.plist;
				IPHONEOS_DEPLOYMENT_TARGET = 16.0;
				LD_RUNPATH_SEARCH_PATHS = (
					"$(inherited)",
					"@executable_path/Frameworks",
					"@executable_path/../../Frameworks",
				);
				MARKETING_VERSION = 9.8.1;
				PRODUCT_BUNDLE_IDENTIFIER = com.arjundureja.SubscriberWidget.SubscriberCount;
				PRODUCT_NAME = "$(TARGET_NAME)";
				SKIP_INSTALL = YES;
				SUPPORTS_MACCATALYST = YES;
				SWIFT_EMIT_LOC_STRINGS = YES;
				SWIFT_VERSION = 5.0;
				TARGETED_DEVICE_FAMILY = "1,2";
			};
			name = Debug;
		};
		725FE200251D3988004B2907 /* Release */ = {
			isa = XCBuildConfiguration;
			buildSettings = {
				ASSETCATALOG_COMPILER_GLOBAL_ACCENT_COLOR_NAME = AccentColor;
				ASSETCATALOG_COMPILER_WIDGET_BACKGROUND_COLOR_NAME = WidgetBackground;
				CLANG_WARN_QUOTED_INCLUDE_IN_FRAMEWORK_HEADER = YES;
				CODE_SIGN_ENTITLEMENTS = SubscriberCountExtension.entitlements;
				CODE_SIGN_STYLE = Automatic;
				CURRENT_PROJECT_VERSION = 28;
				DEVELOPMENT_TEAM = 3KFKTY5JX3;
				INFOPLIST_FILE = SubscriberCount/Info.plist;
				IPHONEOS_DEPLOYMENT_TARGET = 16.0;
				LD_RUNPATH_SEARCH_PATHS = (
					"$(inherited)",
					"@executable_path/Frameworks",
					"@executable_path/../../Frameworks",
				);
				MARKETING_VERSION = 9.8.1;
				PRODUCT_BUNDLE_IDENTIFIER = com.arjundureja.SubscriberWidget.SubscriberCount;
				PRODUCT_NAME = "$(TARGET_NAME)";
				SKIP_INSTALL = YES;
				SUPPORTS_MACCATALYST = YES;
				SWIFT_EMIT_LOC_STRINGS = YES;
				SWIFT_VERSION = 5.0;
				TARGETED_DEVICE_FAMILY = "1,2";
			};
			name = Release;
		};
		728683DF25DA44AE00568034 /* Debug */ = {
			isa = XCBuildConfiguration;
			buildSettings = {
				CODE_SIGN_ENTITLEMENTS = SubWidgetIntents/SubWidgetIntents.entitlements;
				CODE_SIGN_STYLE = Automatic;
				CURRENT_PROJECT_VERSION = 28;
				DEVELOPMENT_TEAM = 3KFKTY5JX3;
				INFOPLIST_FILE = SubWidgetIntents/Info.plist;
				IPHONEOS_DEPLOYMENT_TARGET = 16.0;
				LD_RUNPATH_SEARCH_PATHS = (
					"$(inherited)",
					"@executable_path/Frameworks",
					"@executable_path/../../Frameworks",
				);
				MARKETING_VERSION = 9.8.1;
				PRODUCT_BUNDLE_IDENTIFIER = com.arjundureja.SubscriberWidget.SubWidgetIntents;
				PRODUCT_NAME = "$(TARGET_NAME)";
				SKIP_INSTALL = YES;
				SUPPORTS_MACCATALYST = YES;
				SWIFT_EMIT_LOC_STRINGS = YES;
				SWIFT_VERSION = 5.0;
				TARGETED_DEVICE_FAMILY = "1,2";
			};
			name = Debug;
		};
		728683E025DA44AE00568034 /* Release */ = {
			isa = XCBuildConfiguration;
			buildSettings = {
				CODE_SIGN_ENTITLEMENTS = SubWidgetIntents/SubWidgetIntents.entitlements;
				CODE_SIGN_STYLE = Automatic;
				CURRENT_PROJECT_VERSION = 28;
				DEVELOPMENT_TEAM = 3KFKTY5JX3;
				INFOPLIST_FILE = SubWidgetIntents/Info.plist;
				IPHONEOS_DEPLOYMENT_TARGET = 16.0;
				LD_RUNPATH_SEARCH_PATHS = (
					"$(inherited)",
					"@executable_path/Frameworks",
					"@executable_path/../../Frameworks",
				);
				MARKETING_VERSION = 9.8.1;
				PRODUCT_BUNDLE_IDENTIFIER = com.arjundureja.SubscriberWidget.SubWidgetIntents;
				PRODUCT_NAME = "$(TARGET_NAME)";
				SKIP_INSTALL = YES;
				SUPPORTS_MACCATALYST = YES;
				SWIFT_EMIT_LOC_STRINGS = YES;
				SWIFT_VERSION = 5.0;
				TARGETED_DEVICE_FAMILY = "1,2";
			};
			name = Release;
		};
		72920014251D1F420050194B /* Debug */ = {
			isa = XCBuildConfiguration;
			buildSettings = {
				ALWAYS_SEARCH_USER_PATHS = NO;
				CLANG_ANALYZER_LOCALIZABILITY_NONLOCALIZED = YES;
				CLANG_ANALYZER_NONNULL = YES;
				CLANG_ANALYZER_NUMBER_OBJECT_CONVERSION = YES_AGGRESSIVE;
				CLANG_CXX_LANGUAGE_STANDARD = "gnu++14";
				CLANG_CXX_LIBRARY = "libc++";
				CLANG_ENABLE_MODULES = YES;
				CLANG_ENABLE_OBJC_ARC = YES;
				CLANG_ENABLE_OBJC_WEAK = YES;
				CLANG_WARN_BLOCK_CAPTURE_AUTORELEASING = YES;
				CLANG_WARN_BOOL_CONVERSION = YES;
				CLANG_WARN_COMMA = YES;
				CLANG_WARN_CONSTANT_CONVERSION = YES;
				CLANG_WARN_DEPRECATED_OBJC_IMPLEMENTATIONS = YES;
				CLANG_WARN_DIRECT_OBJC_ISA_USAGE = YES_ERROR;
				CLANG_WARN_DOCUMENTATION_COMMENTS = YES;
				CLANG_WARN_EMPTY_BODY = YES;
				CLANG_WARN_ENUM_CONVERSION = YES;
				CLANG_WARN_INFINITE_RECURSION = YES;
				CLANG_WARN_INT_CONVERSION = YES;
				CLANG_WARN_NON_LITERAL_NULL_CONVERSION = YES;
				CLANG_WARN_OBJC_IMPLICIT_RETAIN_SELF = YES;
				CLANG_WARN_OBJC_LITERAL_CONVERSION = YES;
				CLANG_WARN_OBJC_ROOT_CLASS = YES_ERROR;
				CLANG_WARN_QUOTED_INCLUDE_IN_FRAMEWORK_HEADER = YES;
				CLANG_WARN_RANGE_LOOP_ANALYSIS = YES;
				CLANG_WARN_STRICT_PROTOTYPES = YES;
				CLANG_WARN_SUSPICIOUS_MOVE = YES;
				CLANG_WARN_UNGUARDED_AVAILABILITY = YES_AGGRESSIVE;
				CLANG_WARN_UNREACHABLE_CODE = YES;
				CLANG_WARN__DUPLICATE_METHOD_MATCH = YES;
				COPY_PHASE_STRIP = NO;
				DEBUG_INFORMATION_FORMAT = dwarf;
				ENABLE_STRICT_OBJC_MSGSEND = YES;
				ENABLE_TESTABILITY = YES;
				ENABLE_USER_SCRIPT_SANDBOXING = YES;
				GCC_C_LANGUAGE_STANDARD = gnu11;
				GCC_DYNAMIC_NO_PIC = NO;
				GCC_NO_COMMON_BLOCKS = YES;
				GCC_OPTIMIZATION_LEVEL = 0;
				GCC_PREPROCESSOR_DEFINITIONS = (
					"DEBUG=1",
					"$(inherited)",
				);
				GCC_WARN_64_TO_32_BIT_CONVERSION = YES;
				GCC_WARN_ABOUT_RETURN_TYPE = YES_ERROR;
				GCC_WARN_UNDECLARED_SELECTOR = YES;
				GCC_WARN_UNINITIALIZED_AUTOS = YES_AGGRESSIVE;
				GCC_WARN_UNUSED_FUNCTION = YES;
				GCC_WARN_UNUSED_VARIABLE = YES;
				IPHONEOS_DEPLOYMENT_TARGET = 16.0;
				MTL_ENABLE_DEBUG_INFO = INCLUDE_SOURCE;
				MTL_FAST_MATH = YES;
				ONLY_ACTIVE_ARCH = YES;
				SDKROOT = iphoneos;
				SWIFT_ACTIVE_COMPILATION_CONDITIONS = DEBUG;
				SWIFT_OPTIMIZATION_LEVEL = "-Onone";
			};
			name = Debug;
		};
		72920015251D1F420050194B /* Release */ = {
			isa = XCBuildConfiguration;
			buildSettings = {
				ALWAYS_SEARCH_USER_PATHS = NO;
				CLANG_ANALYZER_LOCALIZABILITY_NONLOCALIZED = YES;
				CLANG_ANALYZER_NONNULL = YES;
				CLANG_ANALYZER_NUMBER_OBJECT_CONVERSION = YES_AGGRESSIVE;
				CLANG_CXX_LANGUAGE_STANDARD = "gnu++14";
				CLANG_CXX_LIBRARY = "libc++";
				CLANG_ENABLE_MODULES = YES;
				CLANG_ENABLE_OBJC_ARC = YES;
				CLANG_ENABLE_OBJC_WEAK = YES;
				CLANG_WARN_BLOCK_CAPTURE_AUTORELEASING = YES;
				CLANG_WARN_BOOL_CONVERSION = YES;
				CLANG_WARN_COMMA = YES;
				CLANG_WARN_CONSTANT_CONVERSION = YES;
				CLANG_WARN_DEPRECATED_OBJC_IMPLEMENTATIONS = YES;
				CLANG_WARN_DIRECT_OBJC_ISA_USAGE = YES_ERROR;
				CLANG_WARN_DOCUMENTATION_COMMENTS = YES;
				CLANG_WARN_EMPTY_BODY = YES;
				CLANG_WARN_ENUM_CONVERSION = YES;
				CLANG_WARN_INFINITE_RECURSION = YES;
				CLANG_WARN_INT_CONVERSION = YES;
				CLANG_WARN_NON_LITERAL_NULL_CONVERSION = YES;
				CLANG_WARN_OBJC_IMPLICIT_RETAIN_SELF = YES;
				CLANG_WARN_OBJC_LITERAL_CONVERSION = YES;
				CLANG_WARN_OBJC_ROOT_CLASS = YES_ERROR;
				CLANG_WARN_QUOTED_INCLUDE_IN_FRAMEWORK_HEADER = YES;
				CLANG_WARN_RANGE_LOOP_ANALYSIS = YES;
				CLANG_WARN_STRICT_PROTOTYPES = YES;
				CLANG_WARN_SUSPICIOUS_MOVE = YES;
				CLANG_WARN_UNGUARDED_AVAILABILITY = YES_AGGRESSIVE;
				CLANG_WARN_UNREACHABLE_CODE = YES;
				CLANG_WARN__DUPLICATE_METHOD_MATCH = YES;
				COPY_PHASE_STRIP = NO;
				DEBUG_INFORMATION_FORMAT = "dwarf-with-dsym";
				ENABLE_NS_ASSERTIONS = NO;
				ENABLE_STRICT_OBJC_MSGSEND = YES;
				ENABLE_USER_SCRIPT_SANDBOXING = YES;
				GCC_C_LANGUAGE_STANDARD = gnu11;
				GCC_NO_COMMON_BLOCKS = YES;
				GCC_WARN_64_TO_32_BIT_CONVERSION = YES;
				GCC_WARN_ABOUT_RETURN_TYPE = YES_ERROR;
				GCC_WARN_UNDECLARED_SELECTOR = YES;
				GCC_WARN_UNINITIALIZED_AUTOS = YES_AGGRESSIVE;
				GCC_WARN_UNUSED_FUNCTION = YES;
				GCC_WARN_UNUSED_VARIABLE = YES;
				IPHONEOS_DEPLOYMENT_TARGET = 16.0;
				MTL_ENABLE_DEBUG_INFO = NO;
				MTL_FAST_MATH = YES;
				SDKROOT = iphoneos;
				SWIFT_COMPILATION_MODE = wholemodule;
				SWIFT_OPTIMIZATION_LEVEL = "-O";
				VALIDATE_PRODUCT = YES;
			};
			name = Release;
		};
		72920017251D1F420050194B /* Debug */ = {
			isa = XCBuildConfiguration;
			buildSettings = {
				ASSETCATALOG_COMPILER_APPICON_NAME = AppIcon;
				CODE_SIGN_ENTITLEMENTS = SubscriberWidget/SubscriberWidget.entitlements;
				CODE_SIGN_STYLE = Automatic;
				CURRENT_PROJECT_VERSION = 28;
				DEVELOPMENT_ASSET_PATHS = "\"SubscriberWidget/Preview Content\"";
				DEVELOPMENT_TEAM = 3KFKTY5JX3;
				ENABLE_PREVIEWS = YES;
				ENABLE_USER_SCRIPT_SANDBOXING = NO;
				INFOPLIST_FILE = SubscriberWidget/Info.plist;
				INFOPLIST_KEY_CFBundleDisplayName = SubWidget;
				INFOPLIST_KEY_LSApplicationCategoryType = "public.app-category.social-networking";
				IPHONEOS_DEPLOYMENT_TARGET = 16.0;
				LD_RUNPATH_SEARCH_PATHS = (
					"$(inherited)",
					"@executable_path/Frameworks",
				);
				MARKETING_VERSION = 9.8.1;
				PRODUCT_BUNDLE_IDENTIFIER = com.arjundureja.SubscriberWidget;
				PRODUCT_NAME = SubWidget;
				SUPPORTED_PLATFORMS = "iphoneos iphonesimulator";
				SUPPORTS_MACCATALYST = YES;
				SUPPORTS_MAC_DESIGNED_FOR_IPHONE_IPAD = NO;
				SUPPORTS_XR_DESIGNED_FOR_IPHONE_IPAD = NO;
				SWIFT_EMIT_LOC_STRINGS = YES;
				SWIFT_VERSION = 5.0;
				TARGETED_DEVICE_FAMILY = "1,2";
			};
			name = Debug;
		};
		72920018251D1F420050194B /* Release */ = {
			isa = XCBuildConfiguration;
			buildSettings = {
				ASSETCATALOG_COMPILER_APPICON_NAME = AppIcon;
				CODE_SIGN_ENTITLEMENTS = SubscriberWidget/SubscriberWidget.entitlements;
				CODE_SIGN_STYLE = Automatic;
				CURRENT_PROJECT_VERSION = 28;
				DEVELOPMENT_ASSET_PATHS = "\"SubscriberWidget/Preview Content\"";
				DEVELOPMENT_TEAM = 3KFKTY5JX3;
				ENABLE_PREVIEWS = YES;
				ENABLE_USER_SCRIPT_SANDBOXING = NO;
				INFOPLIST_FILE = SubscriberWidget/Info.plist;
				INFOPLIST_KEY_CFBundleDisplayName = SubWidget;
				INFOPLIST_KEY_LSApplicationCategoryType = "public.app-category.social-networking";
				IPHONEOS_DEPLOYMENT_TARGET = 16.0;
				LD_RUNPATH_SEARCH_PATHS = (
					"$(inherited)",
					"@executable_path/Frameworks",
				);
				MARKETING_VERSION = 9.8.1;
				PRODUCT_BUNDLE_IDENTIFIER = com.arjundureja.SubscriberWidget;
				PRODUCT_NAME = SubWidget;
				SUPPORTED_PLATFORMS = "iphoneos iphonesimulator";
				SUPPORTS_MACCATALYST = YES;
				SUPPORTS_MAC_DESIGNED_FOR_IPHONE_IPAD = NO;
				SUPPORTS_XR_DESIGNED_FOR_IPHONE_IPAD = NO;
				SWIFT_EMIT_LOC_STRINGS = YES;
				SWIFT_VERSION = 5.0;
				TARGETED_DEVICE_FAMILY = "1,2";
			};
			name = Release;
		};
/* End XCBuildConfiguration section */

/* Begin XCConfigurationList section */
		725FE201251D3988004B2907 /* Build configuration list for PBXNativeTarget "SubscriberCountExtension" */ = {
			isa = XCConfigurationList;
			buildConfigurations = (
				725FE1FF251D3988004B2907 /* Debug */,
				725FE200251D3988004B2907 /* Release */,
			);
			defaultConfigurationIsVisible = 0;
			defaultConfigurationName = Release;
		};
		728683DE25DA44AE00568034 /* Build configuration list for PBXNativeTarget "SubWidgetIntents" */ = {
			isa = XCConfigurationList;
			buildConfigurations = (
				728683DF25DA44AE00568034 /* Debug */,
				728683E025DA44AE00568034 /* Release */,
			);
			defaultConfigurationIsVisible = 0;
			defaultConfigurationName = Release;
		};
		72920016251D1F420050194B /* Build configuration list for PBXNativeTarget "SubscriberWidget" */ = {
			isa = XCConfigurationList;
			buildConfigurations = (
				72920017251D1F420050194B /* Debug */,
				72920018251D1F420050194B /* Release */,
			);
			defaultConfigurationIsVisible = 0;
			defaultConfigurationName = Release;
		};
		7292FFFD251D1F3D0050194B /* Build configuration list for PBXProject "SubscriberWidget" */ = {
			isa = XCConfigurationList;
			buildConfigurations = (
				72920014251D1F420050194B /* Debug */,
				72920015251D1F420050194B /* Release */,
			);
			defaultConfigurationIsVisible = 0;
			defaultConfigurationName = Release;
		};
/* End XCConfigurationList section */

/* Begin XCRemoteSwiftPackageReference section */
		722E2E832B65F86B00E4832E /* XCRemoteSwiftPackageReference "mixpanel-swift" */ = {
			isa = XCRemoteSwiftPackageReference;
			repositoryURL = "https://github.com/mixpanel/mixpanel-swift";
			requirement = {
				branch = master;
				kind = branch;
			};
		};
		724BD9282AB4063A008C1DB2 /* XCRemoteSwiftPackageReference "Cache" */ = {
			isa = XCRemoteSwiftPackageReference;
			repositoryURL = "https://github.com/hyperoslo/Cache";
			requirement = {
				kind = revision;
				revision = d048bf404a5c8362c6cf840c2096d5777975cd27;
			};
		};
		72F2EE202B2D605A002AFCEA /* XCRemoteSwiftPackageReference "wishkit-ios" */ = {
			isa = XCRemoteSwiftPackageReference;
			repositoryURL = "https://github.com/wishkit/wishkit-ios.git";
			requirement = {
				kind = upToNextMajorVersion;
				minimumVersion = 4.0.5;
			};
		};
/* End XCRemoteSwiftPackageReference section */

/* Begin XCSwiftPackageProductDependency section */
		722E2E842B65F86B00E4832E /* Mixpanel */ = {
			isa = XCSwiftPackageProductDependency;
			package = 722E2E832B65F86B00E4832E /* XCRemoteSwiftPackageReference "mixpanel-swift" */;
			productName = Mixpanel;
		};
		722E2E8B2B65FDFC00E4832E /* Mixpanel */ = {
			isa = XCSwiftPackageProductDependency;
			package = 722E2E832B65F86B00E4832E /* XCRemoteSwiftPackageReference "mixpanel-swift" */;
			productName = Mixpanel;
		};
		722E2E8D2B65FE0400E4832E /* Mixpanel */ = {
			isa = XCSwiftPackageProductDependency;
			package = 722E2E832B65F86B00E4832E /* XCRemoteSwiftPackageReference "mixpanel-swift" */;
			productName = Mixpanel;
		};
		724BD9292AB4063A008C1DB2 /* Cache */ = {
			isa = XCSwiftPackageProductDependency;
			package = 724BD9282AB4063A008C1DB2 /* XCRemoteSwiftPackageReference "Cache" */;
			productName = Cache;
		};
		72B936F72AB40BC500997D20 /* Cache */ = {
			isa = XCSwiftPackageProductDependency;
			package = 724BD9282AB4063A008C1DB2 /* XCRemoteSwiftPackageReference "Cache" */;
			productName = Cache;
		};
		72B936F92AB40BC900997D20 /* Cache */ = {
			isa = XCSwiftPackageProductDependency;
			package = 724BD9282AB4063A008C1DB2 /* XCRemoteSwiftPackageReference "Cache" */;
			productName = Cache;
		};
		72F2EE212B2D6128002AFCEA /* WishKit */ = {
			isa = XCSwiftPackageProductDependency;
			package = 72F2EE202B2D605A002AFCEA /* XCRemoteSwiftPackageReference "wishkit-ios" */;
			productName = WishKit;
		};
/* End XCSwiftPackageProductDependency section */
	};
	rootObject = 7292FFFA251D1F3D0050194B /* Project object */;
}
