{
  "originHash" : "69ee392c433a947b87ff1025bdabae6360ae0821038723e6ffce6bb404d56859",
  "pins" : [
    {
      "identity" : "cache",
      "kind" : "remoteSourceControl",
      "location" : "https://github.com/hyperoslo/Cache",
      "state" : {
        "revision" : "d048bf404a5c8362c6cf840c2096d5777975cd27"
      }
    },
    {
      "identity" : "mixpanel-swift",
      "kind" : "remoteSourceControl",
      "location" : "https://github.com/mixpanel/mixpanel-swift",
      "state" : {
        "branch" : "master",
        "revision" : "ffd0d35510b81d64761ce9f15109670d0bb90f71"
      }
    },
    {
      "identity" : "wishkit-ios",
      "kind" : "remoteSourceControl",
      "location" : "https://github.com/wishkit/wishkit-ios.git",
      "state" : {
        "revision" : "430a2da77108aef193091772b8323fc773220b34",
        "version" : "4.3.1"
      }
    },
    {
      "identity" : "wishkit-ios-shared",
      "kind" : "remoteSourceControl",
      "location" : "https://github.com/wishkit/wishkit-ios-shared.git",
      "state" : {
        "revision" : "118c9c482e4ad57c65d664283516425b98616483",
        "version" : "1.4.3"
      }
    }
  ],
  "version" : 3
}
